
Microsoft Visual Studio Solution File, Format Version 12.00
# Visual Studio Version 17
VisualStudioVersion = 17.0.31903.59
MinimumVisualStudioVersion = 10.0.40219.1
Project("{2150E333-8FDC-42A3-9474-1A3956D46DE8}") = "Mesh", "Mesh", "{48D11EA1-D00D-54A3-933B-B338C7EA6595}"
EndProject
Project("{FAE04EC0-301F-11D3-BF4B-00C04F79EFBC}") = "Benzene.Examples.AzureMesh.Mesh", "Mesh\Benzene.Examples.AzureMesh.Mesh.csproj", "{586EC687-134D-5BA2-A62F-7BDBD2A204B1}"
EndProject
Project("{FAE04EC0-301F-11D3-BF4B-00C04F79EFBC}") = "Benzene.AspNet.Core", "..\..\src\Benzene.AspNet.Core\Benzene.AspNet.Core.csproj", "{4F14D5C2-B6CD-5AE4-89FF-340BD5DDD233}"
EndProject
Project("{FAE04EC0-301F-11D3-BF4B-00C04F79EFBC}") = "Benzene.Core.MessageHandlers", "..\..\src\Benzene.Core.MessageHandlers\Benzene.Core.MessageHandlers.csproj", "{93268D64-34D4-5A49-832F-03861ACCA4DD}"
EndProject
Project("{FAE04EC0-301F-11D3-BF4B-00C04F79EFBC}") = "Benzene.Abstractions.MessageHandlers", "..\..\src\Benzene.Abstractions.MessageHandlers\Benzene.Abstractions.MessageHandlers.csproj", "{434EFA21-44DA-5F48-8E1D-47A7EED10398}"
EndProject
Project("{FAE04EC0-301F-11D3-BF4B-00C04F79EFBC}") = "Benzene.Abstractions.Messages", "..\..\src\Benzene.Abstractions.Messages\Benzene.Abstractions.Messages.csproj", "{11B20822-7158-5C5F-BDC6-30F2DE5837C8}"
EndProject
Project("{FAE04EC0-301F-11D3-BF4B-00C04F79EFBC}") = "Benzene.Abstractions.Middleware", "..\..\src\Benzene.Abstractions.Middleware\Benzene.Abstractions.Middleware.csproj", "{9DE901F4-F603-54E1-B569-9585481DED63}"
EndProject
Project("{FAE04EC0-301F-11D3-BF4B-00C04F79EFBC}") = "Benzene.Abstractions", "..\..\src\Benzene.Abstractions\Benzene.Abstractions.csproj", "{B7545DBA-B835-5FDE-87BB-088D60277026}"
EndProject
Project("{FAE04EC0-301F-11D3-BF4B-00C04F79EFBC}") = "Benzene.Results", "..\..\src\Benzene.Results\Benzene.Results.csproj", "{7EA129F2-698B-553C-BF41-836F52A088D6}"
EndProject
Project("{FAE04EC0-301F-11D3-BF4B-00C04F79EFBC}") = "Benzene.Core.Messages", "..\..\src\Benzene.Core.Messages\Benzene.Core.Messages.csproj", "{EF82EB74-BB42-5A3E-B9B4-B1CAA033144C}"
EndProject
Project("{FAE04EC0-301F-11D3-BF4B-00C04F79EFBC}") = "Benzene.Core.Middleware", "..\..\src\Benzene.Core.Middleware\Benzene.Core.Middleware.csproj", "{D40B8FE9-5E6F-5C14-B93C-69004B95A72A}"
EndProject
Project("{FAE04EC0-301F-11D3-BF4B-00C04F79EFBC}") = "Benzene.Abstractions.Pipelines", "..\..\src\Benzene.Abstractions.Pipelines\Benzene.Abstractions.Pipelines.csproj", "{58290098-4812-5F51-A261-177DCA33EDDC}"
EndProject
Project("{FAE04EC0-301F-11D3-BF4B-00C04F79EFBC}") = "Benzene.Core", "..\..\src\Benzene.Core\Benzene.Core.csproj", "{60698286-E1AB-5191-A705-3C19DC2457F9}"
EndProject
Project("{FAE04EC0-301F-11D3-BF4B-00C04F79EFBC}") = "Benzene.CodeGen.SourceGenerators", "..\..\src\Benzene.CodeGen.SourceGenerators\Benzene.CodeGen.SourceGenerators.csproj", "{683C0A44-700A-5BB0-BA2F-8D1AB6BEFE8F}"
EndProject
Project("{FAE04EC0-301F-11D3-BF4B-00C04F79EFBC}") = "Benzene.Http", "..\..\src\Benzene.Http\Benzene.Http.csproj", "{FAF2731F-F943-566E-9F19-52E00AAFA187}"
EndProject
Project("{FAE04EC0-301F-11D3-BF4B-00C04F79EFBC}") = "Benzene.Microsoft.Dependencies", "..\..\src\Benzene.Microsoft.Dependencies\Benzene.Microsoft.Dependencies.csproj", "{CC75F6F9-63A5-54B9-9B8A-80DA92FE9361}"
EndProject
Project("{FAE04EC0-301F-11D3-BF4B-00C04F79EFBC}") = "Benzene.SelfHost", "..\..\src\Benzene.SelfHost\Benzene.SelfHost.csproj", "{8F817C1F-8D4A-52E7-81C2-8E3872FD8824}"
EndProject
Project("{FAE04EC0-301F-11D3-BF4B-00C04F79EFBC}") = "Benzene.HealthChecks", "..\..\src\Benzene.HealthChecks\Benzene.HealthChecks.csproj", "{016CD98A-CB1B-56A6-8744-F85F9FA88501}"
EndProject
Project("{FAE04EC0-301F-11D3-BF4B-00C04F79EFBC}") = "Benzene.HealthChecks.Core", "..\..\src\Benzene.HealthChecks.Core\Benzene.HealthChecks.Core.csproj", "{C225BD08-3254-5E31-9110-1A10920BC906}"
EndProject
Project("{FAE04EC0-301F-11D3-BF4B-00C04F79EFBC}") = "Benzene.Diagnostics", "..\..\src\Benzene.Diagnostics\Benzene.Diagnostics.csproj", "{025D82F4-953B-58EA-8DE2-9CCE7A477AB4}"
EndProject
Project("{FAE04EC0-301F-11D3-BF4B-00C04F79EFBC}") = "Benzene.OpenTelemetry", "..\..\src\Benzene.OpenTelemetry\Benzene.OpenTelemetry.csproj", "{C07C056B-2433-5881-93BD-2344B9221529}"
EndProject
Project("{FAE04EC0-301F-11D3-BF4B-00C04F79EFBC}") = "Benzene.Mesh.Aggregator", "..\..\src\Benzene.Mesh.Aggregator\Benzene.Mesh.Aggregator.csproj", "{A143EBBA-912A-581C-B5BB-1BBD40DD3913}"
EndProject
Project("{FAE04EC0-301F-11D3-BF4B-00C04F79EFBC}") = "Benzene.Mesh.Contracts", "..\..\src\Benzene.Mesh.Contracts\Benzene.Mesh.Contracts.csproj", "{E2C894E5-4A48-5384-878F-E30B98052B2E}"
EndProject
Project("{FAE04EC0-301F-11D3-BF4B-00C04F79EFBC}") = "Benzene.Schema.Compatibility", "..\..\src\Benzene.Schema.Compatibility\Benzene.Schema.Compatibility.csproj", "{04AAB355-78E8-50C5-844E-15C3F64848A6}"
EndProject
Project("{FAE04EC0-301F-11D3-BF4B-00C04F79EFBC}") = "Benzene.Mesh.Discovery.Azure", "..\..\src\Benzene.Mesh.Discovery.Azure\Benzene.Mesh.Discovery.Azure.csproj", "{24EB3079-232B-5154-ACEB-67DE37D3EEA7}"
EndProject
Project("{FAE04EC0-301F-11D3-BF4B-00C04F79EFBC}") = "Benzene.Mesh.Azure.Blob", "..\..\src\Benzene.Mesh.Azure.Blob\Benzene.Mesh.Azure.Blob.csproj", "{8B3DAFD0-D0F0-5C5D-9E34-F2F976FCBECA}"
EndProject
Project("{FAE04EC0-301F-11D3-BF4B-00C04F79EFBC}") = "Benzene.Mesh.Artifacts", "..\..\src\Benzene.Mesh.Artifacts\Benzene.Mesh.Artifacts.csproj", "{498562ED-B442-5FAD-B6A3-30526A317E03}"
EndProject
Project("{FAE04EC0-301F-11D3-BF4B-00C04F79EFBC}") = "Benzene.Mesh.Dispatch", "..\..\src\Benzene.Mesh.Dispatch\Benzene.Mesh.Dispatch.csproj", "{F438B27B-99B5-549F-B073-6A40D6C41207}"
EndProject
Project("{FAE04EC0-301F-11D3-BF4B-00C04F79EFBC}") = "Benzene.Mesh.Ui", "..\..\src\Benzene.Mesh.Ui\Benzene.Mesh.Ui.csproj", "{461AD81A-FFFC-5C53-B0D8-40335F4F4210}"
EndProject
Project("{FAE04EC0-301F-11D3-BF4B-00C04F79EFBC}") = "Benzene.Mesh.Usage.ApplicationInsights", "..\..\src\Benzene.Mesh.Usage.ApplicationInsights\Benzene.Mesh.Usage.ApplicationInsights.csproj", "{67DEC188-CF4D-5444-9B97-A59573D813C2}"
EndProject
Global
	GlobalSection(SolutionConfigurationPlatforms) = preSolution
		Debug|Any CPU = Debug|Any CPU
		Debug|x64 = Debug|x64
		Debug|x86 = Debug|x86
		Release|Any CPU = Release|Any CPU
		Release|x64 = Release|x64
		Release|x86 = Release|x86
	EndGlobalSection
	GlobalSection(ProjectConfigurationPlatforms) = postSolution
		{586EC687-134D-5BA2-A62F-7BDBD2A204B1}.Debug|Any CPU.ActiveCfg = Debug|Any CPU
		{586EC687-134D-5BA2-A62F-7BDBD2A204B1}.Debug|Any CPU.Build.0 = Debug|Any CPU
		{586EC687-134D-5BA2-A62F-7BDBD2A204B1}.Debug|x64.ActiveCfg = Debug|Any CPU
		{586EC687-134D-5BA2-A62F-7BDBD2A204B1}.Debug|x64.Build.0 = Debug|Any CPU
		{586EC687-134D-5BA2-A62F-7BDBD2A204B1}.Debug|x86.ActiveCfg = Debug|Any CPU
		{586EC687-134D-5BA2-A62F-7BDBD2A204B1}.Debug|x86.Build.0 = Debug|Any CPU
		{586EC687-134D-5BA2-A62F-7BDBD2A204B1}.Release|Any CPU.ActiveCfg = Release|Any CPU
		{586EC687-134D-5BA2-A62F-7BDBD2A204B1}.Release|Any CPU.Build.0 = Release|Any CPU
		{586EC687-134D-5BA2-A62F-7BDBD2A204B1}.Release|x64.ActiveCfg = Release|Any CPU
		{586EC687-134D-5BA2-A62F-7BDBD2A204B1}.Release|x64.Build.0 = Release|Any CPU
		{586EC687-134D-5BA2-A62F-7BDBD2A204B1}.Release|x86.ActiveCfg = Release|Any CPU
		{586EC687-134D-5BA2-A62F-7BDBD2A204B1}.Release|x86.Build.0 = Release|Any CPU
		{4F14D5C2-B6CD-5AE4-89FF-340BD5DDD233}.Debug|Any CPU.ActiveCfg = Debug|Any CPU
		{4F14D5C2-B6CD-5AE4-89FF-340BD5DDD233}.Debug|Any CPU.Build.0 = Debug|Any CPU
		{4F14D5C2-B6CD-5AE4-89FF-340BD5DDD233}.Debug|x64.ActiveCfg = Debug|Any CPU
		{4F14D5C2-B6CD-5AE4-89FF-340BD5DDD233}.Debug|x64.Build.0 = Debug|Any CPU
		{4F14D5C2-B6CD-5AE4-89FF-340BD5DDD233}.Debug|x86.ActiveCfg = Debug|Any CPU
		{4F14D5C2-B6CD-5AE4-89FF-340BD5DDD233}.Debug|x86.Build.0 = Debug|Any CPU
		{4F14D5C2-B6CD-5AE4-89FF-340BD5DDD233}.Release|Any CPU.ActiveCfg = Release|Any CPU
		{4F14D5C2-B6CD-5AE4-89FF-340BD5DDD233}.Release|Any CPU.Build.0 = Release|Any CPU
		{4F14D5C2-B6CD-5AE4-89FF-340BD5DDD233}.Release|x64.ActiveCfg = Release|Any CPU
		{4F14D5C2-B6CD-5AE4-89FF-340BD5DDD233}.Release|x64.Build.0 = Release|Any CPU
		{4F14D5C2-B6CD-5AE4-89FF-340BD5DDD233}.Release|x86.ActiveCfg = Release|Any CPU
		{4F14D5C2-B6CD-5AE4-89FF-340BD5DDD233}.Release|x86.Build.0 = Release|Any CPU
		{93268D64-34D4-5A49-832F-03861ACCA4DD}.Debug|Any CPU.ActiveCfg = Debug|Any CPU
		{93268D64-34D4-5A49-832F-03861ACCA4DD}.Debug|Any CPU.Build.0 = Debug|Any CPU
		{93268D64-34D4-5A49-832F-03861ACCA4DD}.Debug|x64.ActiveCfg = Debug|Any CPU
		{93268D64-34D4-5A49-832F-03861ACCA4DD}.Debug|x64.Build.0 = Debug|Any CPU
		{93268D64-34D4-5A49-832F-03861ACCA4DD}.Debug|x86.ActiveCfg = Debug|Any CPU
		{93268D64-34D4-5A49-832F-03861ACCA4DD}.Debug|x86.Build.0 = Debug|Any CPU
		{93268D64-34D4-5A49-832F-03861ACCA4DD}.Release|Any CPU.ActiveCfg = Release|Any CPU
		{93268D64-34D4-5A49-832F-03861ACCA4DD}.Release|Any CPU.Build.0 = Release|Any CPU
		{93268D64-34D4-5A49-832F-03861ACCA4DD}.Release|x64.ActiveCfg = Release|Any CPU
		{93268D64-34D4-5A49-832F-03861ACCA4DD}.Release|x64.Build.0 = Release|Any CPU
		{93268D64-34D4-5A49-832F-03861ACCA4DD}.Release|x86.ActiveCfg = Release|Any CPU
		{93268D64-34D4-5A49-832F-03861ACCA4DD}.Release|x86.Build.0 = Release|Any CPU
		{434EFA21-44DA-5F48-8E1D-47A7EED10398}.Debug|Any CPU.ActiveCfg = Debug|Any CPU
		{434EFA21-44DA-5F48-8E1D-47A7EED10398}.Debug|Any CPU.Build.0 = Debug|Any CPU
		{434EFA21-44DA-5F48-8E1D-47A7EED10398}.Debug|x64.ActiveCfg = Debug|Any CPU
		{434EFA21-44DA-5F48-8E1D-47A7EED10398}.Debug|x64.Build.0 = Debug|Any CPU
		{434EFA21-44DA-5F48-8E1D-47A7EED10398}.Debug|x86.ActiveCfg = Debug|Any CPU
		{434EFA21-44DA-5F48-8E1D-47A7EED10398}.Debug|x86.Build.0 = Debug|Any CPU
		{434EFA21-44DA-5F48-8E1D-47A7EED10398}.Release|Any CPU.ActiveCfg = Release|Any CPU
		{434EFA21-44DA-5F48-8E1D-47A7EED10398}.Release|Any CPU.Build.0 = Release|Any CPU
		{434EFA21-44DA-5F48-8E1D-47A7EED10398}.Release|x64.ActiveCfg = Release|Any CPU
		{434EFA21-44DA-5F48-8E1D-47A7EED10398}.Release|x64.Build.0 = Release|Any CPU
		{434EFA21-44DA-5F48-8E1D-47A7EED10398}.Release|x86.ActiveCfg = Release|Any CPU
		{434EFA21-44DA-5F48-8E1D-47A7EED10398}.Release|x86.Build.0 = Release|Any CPU
		{11B20822-7158-5C5F-BDC6-30F2DE5837C8}.Debug|Any CPU.ActiveCfg = Debug|Any CPU
		{11B20822-7158-5C5F-BDC6-30F2DE5837C8}.Debug|Any CPU.Build.0 = Debug|Any CPU
		{11B20822-7158-5C5F-BDC6-30F2DE5837C8}.Debug|x64.ActiveCfg = Debug|Any CPU
		{11B20822-7158-5C5F-BDC6-30F2DE5837C8}.Debug|x64.Build.0 = Debug|Any CPU
		{11B20822-7158-5C5F-BDC6-30F2DE5837C8}.Debug|x86.ActiveCfg = Debug|Any CPU
		{11B20822-7158-5C5F-BDC6-30F2DE5837C8}.Debug|x86.Build.0 = Debug|Any CPU
		{11B20822-7158-5C5F-BDC6-30F2DE5837C8}.Release|Any CPU.ActiveCfg = Release|Any CPU
		{11B20822-7158-5C5F-BDC6-30F2DE5837C8}.Release|Any CPU.Build.0 = Release|Any CPU
		{11B20822-7158-5C5F-BDC6-30F2DE5837C8}.Release|x64.ActiveCfg = Release|Any CPU
		{11B20822-7158-5C5F-BDC6-30F2DE5837C8}.Release|x64.Build.0 = Release|Any CPU
		{11B20822-7158-5C5F-BDC6-30F2DE5837C8}.Release|x86.ActiveCfg = Release|Any CPU
		{11B20822-7158-5C5F-BDC6-30F2DE5837C8}.Release|x86.Build.0 = Release|Any CPU
		{9DE901F4-F603-54E1-B569-9585481DED63}.Debug|Any CPU.ActiveCfg = Debug|Any CPU
		{9DE901F4-F603-54E1-B569-9585481DED63}.Debug|Any CPU.Build.0 = Debug|Any CPU
		{9DE901F4-F603-54E1-B569-9585481DED63}.Debug|x64.ActiveCfg = Debug|Any CPU
		{9DE901F4-F603-54E1-B569-9585481DED63}.Debug|x64.Build.0 = Debug|Any CPU
		{9DE901F4-F603-54E1-B569-9585481DED63}.Debug|x86.ActiveCfg = Debug|Any CPU
		{9DE901F4-F603-54E1-B569-9585481DED63}.Debug|x86.Build.0 = Debug|Any CPU
		{9DE901F4-F603-54E1-B569-9585481DED63}.Release|Any CPU.ActiveCfg = Release|Any CPU
		{9DE901F4-F603-54E1-B569-9585481DED63}.Release|Any CPU.Build.0 = Release|Any CPU
		{9DE901F4-F603-54E1-B569-9585481DED63}.Release|x64.ActiveCfg = Release|Any CPU
		{9DE901F4-F603-54E1-B569-9585481DED63}.Release|x64.Build.0 = Release|Any CPU
		{9DE901F4-F603-54E1-B569-9585481DED63}.Release|x86.ActiveCfg = Release|Any CPU
		{9DE901F4-F603-54E1-B569-9585481DED63}.Release|x86.Build.0 = Release|Any CPU
		{B7545DBA-B835-5FDE-87BB-088D60277026}.Debug|Any CPU.ActiveCfg = Debug|Any CPU
		{B7545DBA-B835-5FDE-87BB-088D60277026}.Debug|Any CPU.Build.0 = Debug|Any CPU
		{B7545DBA-B835-5FDE-87BB-088D60277026}.Debug|x64.ActiveCfg = Debug|Any CPU
		{B7545DBA-B835-5FDE-87BB-088D60277026}.Debug|x64.Build.0 = Debug|Any CPU
		{B7545DBA-B835-5FDE-87BB-088D60277026}.Debug|x86.ActiveCfg = Debug|Any CPU
		{B7545DBA-B835-5FDE-87BB-088D60277026}.Debug|x86.Build.0 = Debug|Any CPU
		{B7545DBA-B835-5FDE-87BB-088D60277026}.Release|Any CPU.ActiveCfg = Release|Any CPU
		{B7545DBA-B835-5FDE-87BB-088D60277026}.Release|Any CPU.Build.0 = Release|Any CPU
		{B7545DBA-B835-5FDE-87BB-088D60277026}.Release|x64.ActiveCfg = Release|Any CPU
		{B7545DBA-B835-5FDE-87BB-088D60277026}.Release|x64.Build.0 = Release|Any CPU
		{B7545DBA-B835-5FDE-87BB-088D60277026}.Release|x86.ActiveCfg = Release|Any CPU
		{B7545DBA-B835-5FDE-87BB-088D60277026}.Release|x86.Build.0 = Release|Any CPU
		{7EA129F2-698B-553C-BF41-836F52A088D6}.Debug|Any CPU.ActiveCfg = Debug|Any CPU
		{7EA129F2-698B-553C-BF41-836F52A088D6}.Debug|Any CPU.Build.0 = Debug|Any CPU
		{7EA129F2-698B-553C-BF41-836F52A088D6}.Debug|x64.ActiveCfg = Debug|Any CPU
		{7EA129F2-698B-553C-BF41-836F52A088D6}.Debug|x64.Build.0 = Debug|Any CPU
		{7EA129F2-698B-553C-BF41-836F52A088D6}.Debug|x86.ActiveCfg = Debug|Any CPU
		{7EA129F2-698B-553C-BF41-836F52A088D6}.Debug|x86.Build.0 = Debug|Any CPU
		{7EA129F2-698B-553C-BF41-836F52A088D6}.Release|Any CPU.ActiveCfg = Release|Any CPU
		{7EA129F2-698B-553C-BF41-836F52A088D6}.Release|Any CPU.Build.0 = Release|Any CPU
		{7EA129F2-698B-553C-BF41-836F52A088D6}.Release|x64.ActiveCfg = Release|Any CPU
		{7EA129F2-698B-553C-BF41-836F52A088D6}.Release|x64.Build.0 = Release|Any CPU
		{7EA129F2-698B-553C-BF41-836F52A088D6}.Release|x86.ActiveCfg = Release|Any CPU
		{7EA129F2-698B-553C-BF41-836F52A088D6}.Release|x86.Build.0 = Release|Any CPU
		{EF82EB74-BB42-5A3E-B9B4-B1CAA033144C}.Debug|Any CPU.ActiveCfg = Debug|Any CPU
		{EF82EB74-BB42-5A3E-B9B4-B1CAA033144C}.Debug|Any CPU.Build.0 = Debug|Any CPU
		{EF82EB74-BB42-5A3E-B9B4-B1CAA033144C}.Debug|x64.ActiveCfg = Debug|Any CPU
		{EF82EB74-BB42-5A3E-B9B4-B1CAA033144C}.Debug|x64.Build.0 = Debug|Any CPU
		{EF82EB74-BB42-5A3E-B9B4-B1CAA033144C}.Debug|x86.ActiveCfg = Debug|Any CPU
		{EF82EB74-BB42-5A3E-B9B4-B1CAA033144C}.Debug|x86.Build.0 = Debug|Any CPU
		{EF82EB74-BB42-5A3E-B9B4-B1CAA033144C}.Release|Any CPU.ActiveCfg = Release|Any CPU
		{EF82EB74-BB42-5A3E-B9B4-B1CAA033144C}.Release|Any CPU.Build.0 = Release|Any CPU
		{EF82EB74-BB42-5A3E-B9B4-B1CAA033144C}.Release|x64.ActiveCfg = Release|Any CPU
		{EF82EB74-BB42-5A3E-B9B4-B1CAA033144C}.Release|x64.Build.0 = Release|Any CPU
		{EF82EB74-BB42-5A3E-B9B4-B1CAA033144C}.Release|x86.ActiveCfg = Release|Any CPU
		{EF82EB74-BB42-5A3E-B9B4-B1CAA033144C}.Release|x86.Build.0 = Release|Any CPU
		{D40B8FE9-5E6F-5C14-B93C-69004B95A72A}.Debug|Any CPU.ActiveCfg = Debug|Any CPU
		{D40B8FE9-5E6F-5C14-B93C-69004B95A72A}.Debug|Any CPU.Build.0 = Debug|Any CPU
		{D40B8FE9-5E6F-5C14-B93C-69004B95A72A}.Debug|x64.ActiveCfg = Debug|Any CPU
		{D40B8FE9-5E6F-5C14-B93C-69004B95A72A}.Debug|x64.Build.0 = Debug|Any CPU
		{D40B8FE9-5E6F-5C14-B93C-69004B95A72A}.Debug|x86.ActiveCfg = Debug|Any CPU
		{D40B8FE9-5E6F-5C14-B93C-69004B95A72A}.Debug|x86.Build.0 = Debug|Any CPU
		{D40B8FE9-5E6F-5C14-B93C-69004B95A72A}.Release|Any CPU.ActiveCfg = Release|Any CPU
		{D40B8FE9-5E6F-5C14-B93C-69004B95A72A}.Release|Any CPU.Build.0 = Release|Any CPU
		{D40B8FE9-5E6F-5C14-B93C-69004B95A72A}.Release|x64.ActiveCfg = Release|Any CPU
		{D40B8FE9-5E6F-5C14-B93C-69004B95A72A}.Release|x64.Build.0 = Release|Any CPU
		{D40B8FE9-5E6F-5C14-B93C-69004B95A72A}.Release|x86.ActiveCfg = Release|Any CPU
		{D40B8FE9-5E6F-5C14-B93C-69004B95A72A}.Release|x86.Build.0 = Release|Any CPU
		{58290098-4812-5F51-A261-177DCA33EDDC}.Debug|Any CPU.ActiveCfg = Debug|Any CPU
		{58290098-4812-5F51-A261-177DCA33EDDC}.Debug|Any CPU.Build.0 = Debug|Any CPU
		{58290098-4812-5F51-A261-177DCA33EDDC}.Debug|x64.ActiveCfg = Debug|Any CPU
		{58290098-4812-5F51-A261-177DCA33EDDC}.Debug|x64.Build.0 = Debug|Any CPU
		{58290098-4812-5F51-A261-177DCA33EDDC}.Debug|x86.ActiveCfg = Debug|Any CPU
		{58290098-4812-5F51-A261-177DCA33EDDC}.Debug|x86.Build.0 = Debug|Any CPU
		{58290098-4812-5F51-A261-177DCA33EDDC}.Release|Any CPU.ActiveCfg = Release|Any CPU
		{58290098-4812-5F51-A261-177DCA33EDDC}.Release|Any CPU.Build.0 = Release|Any CPU
		{58290098-4812-5F51-A261-177DCA33EDDC}.Release|x64.ActiveCfg = Release|Any CPU
		{58290098-4812-5F51-A261-177DCA33EDDC}.Release|x64.Build.0 = Release|Any CPU
		{58290098-4812-5F51-A261-177DCA33EDDC}.Release|x86.ActiveCfg = Release|Any CPU
		{58290098-4812-5F51-A261-177DCA33EDDC}.Release|x86.Build.0 = Release|Any CPU
		{60698286-E1AB-5191-A705-3C19DC2457F9}.Debug|Any CPU.ActiveCfg = Debug|Any CPU
		{60698286-E1AB-5191-A705-3C19DC2457F9}.Debug|Any CPU.Build.0 = Debug|Any CPU
		{60698286-E1AB-5191-A705-3C19DC2457F9}.Debug|x64.ActiveCfg = Debug|Any CPU
		{60698286-E1AB-5191-A705-3C19DC2457F9}.Debug|x64.Build.0 = Debug|Any CPU
		{60698286-E1AB-5191-A705-3C19DC2457F9}.Debug|x86.ActiveCfg = Debug|Any CPU
		{60698286-E1AB-5191-A705-3C19DC2457F9}.Debug|x86.Build.0 = Debug|Any CPU
		{60698286-E1AB-5191-A705-3C19DC2457F9}.Release|Any CPU.ActiveCfg = Release|Any CPU
		{60698286-E1AB-5191-A705-3C19DC2457F9}.Release|Any CPU.Build.0 = Release|Any CPU
		{60698286-E1AB-5191-A705-3C19DC2457F9}.Release|x64.ActiveCfg = Release|Any CPU
		{60698286-E1AB-5191-A705-3C19DC2457F9}.Release|x64.Build.0 = Release|Any CPU
		{60698286-E1AB-5191-A705-3C19DC2457F9}.Release|x86.ActiveCfg = Release|Any CPU
		{60698286-E1AB-5191-A705-3C19DC2457F9}.Release|x86.Build.0 = Release|Any CPU
		{683C0A44-700A-5BB0-BA2F-8D1AB6BEFE8F}.Debug|Any CPU.ActiveCfg = Debug|Any CPU
		{683C0A44-700A-5BB0-BA2F-8D1AB6BEFE8F}.Debug|Any CPU.Build.0 = Debug|Any CPU
		{683C0A44-700A-5BB0-BA2F-8D1AB6BEFE8F}.Debug|x64.ActiveCfg = Debug|Any CPU
		{683C0A44-700A-5BB0-BA2F-8D1AB6BEFE8F}.Debug|x64.Build.0 = Debug|Any CPU
		{683C0A44-700A-5BB0-BA2F-8D1AB6BEFE8F}.Debug|x86.ActiveCfg = Debug|Any CPU
		{683C0A44-700A-5BB0-BA2F-8D1AB6BEFE8F}.Debug|x86.Build.0 = Debug|Any CPU
		{683C0A44-700A-5BB0-BA2F-8D1AB6BEFE8F}.Release|Any CPU.ActiveCfg = Release|Any CPU
		{683C0A44-700A-5BB0-BA2F-8D1AB6BEFE8F}.Release|Any CPU.Build.0 = Release|Any CPU
		{683C0A44-700A-5BB0-BA2F-8D1AB6BEFE8F}.Release|x64.ActiveCfg = Release|Any CPU
		{683C0A44-700A-5BB0-BA2F-8D1AB6BEFE8F}.Release|x64.Build.0 = Release|Any CPU
		{683C0A44-700A-5BB0-BA2F-8D1AB6BEFE8F}.Release|x86.ActiveCfg = Release|Any CPU
		{683C0A44-700A-5BB0-BA2F-8D1AB6BEFE8F}.Release|x86.Build.0 = Release|Any CPU
		{FAF2731F-F943-566E-9F19-52E00AAFA187}.Debug|Any CPU.ActiveCfg = Debug|Any CPU
		{FAF2731F-F943-566E-9F19-52E00AAFA187}.Debug|Any CPU.Build.0 = Debug|Any CPU
		{FAF2731F-F943-566E-9F19-52E00AAFA187}.Debug|x64.ActiveCfg = Debug|Any CPU
		{FAF2731F-F943-566E-9F19-52E00AAFA187}.Debug|x64.Build.0 = Debug|Any CPU
		{FAF2731F-F943-566E-9F19-52E00AAFA187}.Debug|x86.ActiveCfg = Debug|Any CPU
		{FAF2731F-F943-566E-9F19-52E00AAFA187}.Debug|x86.Build.0 = Debug|Any CPU
		{FAF2731F-F943-566E-9F19-52E00AAFA187}.Release|Any CPU.ActiveCfg = Release|Any CPU
		{FAF2731F-F943-566E-9F19-52E00AAFA187}.Release|Any CPU.Build.0 = Release|Any CPU
		{FAF2731F-F943-566E-9F19-52E00AAFA187}.Release|x64.ActiveCfg = Release|Any CPU
		{FAF2731F-F943-566E-9F19-52E00AAFA187}.Release|x64.Build.0 = Release|Any CPU
		{FAF2731F-F943-566E-9F19-52E00AAFA187}.Release|x86.ActiveCfg = Release|Any CPU
		{FAF2731F-F943-566E-9F19-52E00AAFA187}.Release|x86.Build.0 = Release|Any CPU
		{CC75F6F9-63A5-54B9-9B8A-80DA92FE9361}.Debug|Any CPU.ActiveCfg = Debug|Any CPU
		{CC75F6F9-63A5-54B9-9B8A-80DA92FE9361}.Debug|Any CPU.Build.0 = Debug|Any CPU
		{CC75F6F9-63A5-54B9-9B8A-80DA92FE9361}.Debug|x64.ActiveCfg = Debug|Any CPU
		{CC75F6F9-63A5-54B9-9B8A-80DA92FE9361}.Debug|x64.Build.0 = Debug|Any CPU
		{CC75F6F9-63A5-54B9-9B8A-80DA92FE9361}.Debug|x86.ActiveCfg = Debug|Any CPU
		{CC75F6F9-63A5-54B9-9B8A-80DA92FE9361}.Debug|x86.Build.0 = Debug|Any CPU
		{CC75F6F9-63A5-54B9-9B8A-80DA92FE9361}.Release|Any CPU.ActiveCfg = Release|Any CPU
		{CC75F6F9-63A5-54B9-9B8A-80DA92FE9361}.Release|Any CPU.Build.0 = Release|Any CPU
		{CC75F6F9-63A5-54B9-9B8A-80DA92FE9361}.Release|x64.ActiveCfg = Release|Any CPU
		{CC75F6F9-63A5-54B9-9B8A-80DA92FE9361}.Release|x64.Build.0 = Release|Any CPU
		{CC75F6F9-63A5-54B9-9B8A-80DA92FE9361}.Release|x86.ActiveCfg = Release|Any CPU
		{CC75F6F9-63A5-54B9-9B8A-80DA92FE9361}.Release|x86.Build.0 = Release|Any CPU
		{8F817C1F-8D4A-52E7-81C2-8E3872FD8824}.Debug|Any CPU.ActiveCfg = Debug|Any CPU
		{8F817C1F-8D4A-52E7-81C2-8E3872FD8824}.Debug|Any CPU.Build.0 = Debug|Any CPU
		{8F817C1F-8D4A-52E7-81C2-8E3872FD8824}.Debug|x64.ActiveCfg = Debug|Any CPU
		{8F817C1F-8D4A-52E7-81C2-8E3872FD8824}.Debug|x64.Build.0 = Debug|Any CPU
		{8F817C1F-8D4A-52E7-81C2-8E3872FD8824}.Debug|x86.ActiveCfg = Debug|Any CPU
		{8F817C1F-8D4A-52E7-81C2-8E3872FD8824}.Debug|x86.Build.0 = Debug|Any CPU
		{8F817C1F-8D4A-52E7-81C2-8E3872FD8824}.Release|Any CPU.ActiveCfg = Release|Any CPU
		{8F817C1F-8D4A-52E7-81C2-8E3872FD8824}.Release|Any CPU.Build.0 = Release|Any CPU
		{8F817C1F-8D4A-52E7-81C2-8E3872FD8824}.Release|x64.ActiveCfg = Release|Any CPU
		{8F817C1F-8D4A-52E7-81C2-8E3872FD8824}.Release|x64.Build.0 = Release|Any CPU
		{8F817C1F-8D4A-52E7-81C2-8E3872FD8824}.Release|x86.ActiveCfg = Release|Any CPU
		{8F817C1F-8D4A-52E7-81C2-8E3872FD8824}.Release|x86.Build.0 = Release|Any CPU
		{016CD98A-CB1B-56A6-8744-F85F9FA88501}.Debug|Any CPU.ActiveCfg = Debug|Any CPU
		{016CD98A-CB1B-56A6-8744-F85F9FA88501}.Debug|Any CPU.Build.0 = Debug|Any CPU
		{016CD98A-CB1B-56A6-8744-F85F9FA88501}.Debug|x64.ActiveCfg = Debug|Any CPU
		{016CD98A-CB1B-56A6-8744-F85F9FA88501}.Debug|x64.Build.0 = Debug|Any CPU
		{016CD98A-CB1B-56A6-8744-F85F9FA88501}.Debug|x86.ActiveCfg = Debug|Any CPU
		{016CD98A-CB1B-56A6-8744-F85F9FA88501}.Debug|x86.Build.0 = Debug|Any CPU
		{016CD98A-CB1B-56A6-8744-F85F9FA88501}.Release|Any CPU.ActiveCfg = Release|Any CPU
		{016CD98A-CB1B-56A6-8744-F85F9FA88501}.Release|Any CPU.Build.0 = Release|Any CPU
		{016CD98A-CB1B-56A6-8744-F85F9FA88501}.Release|x64.ActiveCfg = Release|Any CPU
		{016CD98A-CB1B-56A6-8744-F85F9FA88501}.Release|x64.Build.0 = Release|Any CPU
		{016CD98A-CB1B-56A6-8744-F85F9FA88501}.Release|x86.ActiveCfg = Release|Any CPU
		{016CD98A-CB1B-56A6-8744-F85F9FA88501}.Release|x86.Build.0 = Release|Any CPU
		{C225BD08-3254-5E31-9110-1A10920BC906}.Debug|Any CPU.ActiveCfg = Debug|Any CPU
		{C225BD08-3254-5E31-9110-1A10920BC906}.Debug|Any CPU.Build.0 = Debug|Any CPU
		{C225BD08-3254-5E31-9110-1A10920BC906}.Debug|x64.ActiveCfg = Debug|Any CPU
		{C225BD08-3254-5E31-9110-1A10920BC906}.Debug|x64.Build.0 = Debug|Any CPU
		{C225BD08-3254-5E31-9110-1A10920BC906}.Debug|x86.ActiveCfg = Debug|Any CPU
		{C225BD08-3254-5E31-9110-1A10920BC906}.Debug|x86.Build.0 = Debug|Any CPU
		{C225BD08-3254-5E31-9110-1A10920BC906}.Release|Any CPU.ActiveCfg = Release|Any CPU
		{C225BD08-3254-5E31-9110-1A10920BC906}.Release|Any CPU.Build.0 = Release|Any CPU
		{C225BD08-3254-5E31-9110-1A10920BC906}.Release|x64.ActiveCfg = Release|Any CPU
		{C225BD08-3254-5E31-9110-1A10920BC906}.Release|x64.Build.0 = Release|Any CPU
		{C225BD08-3254-5E31-9110-1A10920BC906}.Release|x86.ActiveCfg = Release|Any CPU
		{C225BD08-3254-5E31-9110-1A10920BC906}.Release|x86.Build.0 = Release|Any CPU
		{025D82F4-953B-58EA-8DE2-9CCE7A477AB4}.Debug|Any CPU.ActiveCfg = Debug|Any CPU
		{025D82F4-953B-58EA-8DE2-9CCE7A477AB4}.Debug|Any CPU.Build.0 = Debug|Any CPU
		{025D82F4-953B-58EA-8DE2-9CCE7A477AB4}.Debug|x64.ActiveCfg = Debug|Any CPU
		{025D82F4-953B-58EA-8DE2-9CCE7A477AB4}.Debug|x64.Build.0 = Debug|Any CPU
		{025D82F4-953B-58EA-8DE2-9CCE7A477AB4}.Debug|x86.ActiveCfg = Debug|Any CPU
		{025D82F4-953B-58EA-8DE2-9CCE7A477AB4}.Debug|x86.Build.0 = Debug|Any CPU
		{025D82F4-953B-58EA-8DE2-9CCE7A477AB4}.Release|Any CPU.ActiveCfg = Release|Any CPU
		{025D82F4-953B-58EA-8DE2-9CCE7A477AB4}.Release|Any CPU.Build.0 = Release|Any CPU
		{025D82F4-953B-58EA-8DE2-9CCE7A477AB4}.Release|x64.ActiveCfg = Release|Any CPU
		{025D82F4-953B-58EA-8DE2-9CCE7A477AB4}.Release|x64.Build.0 = Release|Any CPU
		{025D82F4-953B-58EA-8DE2-9CCE7A477AB4}.Release|x86.ActiveCfg = Release|Any CPU
		{025D82F4-953B-58EA-8DE2-9CCE7A477AB4}.Release|x86.Build.0 = Release|Any CPU
		{C07C056B-2433-5881-93BD-2344B9221529}.Debug|Any CPU.ActiveCfg = Debug|Any CPU
		{C07C056B-2433-5881-93BD-2344B9221529}.Debug|Any CPU.Build.0 = Debug|Any CPU
		{C07C056B-2433-5881-93BD-2344B9221529}.Debug|x64.ActiveCfg = Debug|Any CPU
		{C07C056B-2433-5881-93BD-2344B9221529}.Debug|x64.Build.0 = Debug|Any CPU
		{C07C056B-2433-5881-93BD-2344B9221529}.Debug|x86.ActiveCfg = Debug|Any CPU
		{C07C056B-2433-5881-93BD-2344B9221529}.Debug|x86.Build.0 = Debug|Any CPU
		{C07C056B-2433-5881-93BD-2344B9221529}.Release|Any CPU.ActiveCfg = Release|Any CPU
		{C07C056B-2433-5881-93BD-2344B9221529}.Release|Any CPU.Build.0 = Release|Any CPU
		{C07C056B-2433-5881-93BD-2344B9221529}.Release|x64.ActiveCfg = Release|Any CPU
		{C07C056B-2433-5881-93BD-2344B9221529}.Release|x64.Build.0 = Release|Any CPU
		{C07C056B-2433-5881-93BD-2344B9221529}.Release|x86.ActiveCfg = Release|Any CPU
		{C07C056B-2433-5881-93BD-2344B9221529}.Release|x86.Build.0 = Release|Any CPU
		{A143EBBA-912A-581C-B5BB-1BBD40DD3913}.Debug|Any CPU.ActiveCfg = Debug|Any CPU
		{A143EBBA-912A-581C-B5BB-1BBD40DD3913}.Debug|Any CPU.Build.0 = Debug|Any CPU
		{A143EBBA-912A-581C-B5BB-1BBD40DD3913}.Debug|x64.ActiveCfg = Debug|Any CPU
		{A143EBBA-912A-581C-B5BB-1BBD40DD3913}.Debug|x64.Build.0 = Debug|Any CPU
		{A143EBBA-912A-581C-B5BB-1BBD40DD3913}.Debug|x86.ActiveCfg = Debug|Any CPU
		{A143EBBA-912A-581C-B5BB-1BBD40DD3913}.Debug|x86.Build.0 = Debug|Any CPU
		{A143EBBA-912A-581C-B5BB-1BBD40DD3913}.Release|Any CPU.ActiveCfg = Release|Any CPU
		{A143EBBA-912A-581C-B5BB-1BBD40DD3913}.Release|Any CPU.Build.0 = Release|Any CPU
		{A143EBBA-912A-581C-B5BB-1BBD40DD3913}.Release|x64.ActiveCfg = Release|Any CPU
		{A143EBBA-912A-581C-B5BB-1BBD40DD3913}.Release|x64.Build.0 = Release|Any CPU
		{A143EBBA-912A-581C-B5BB-1BBD40DD3913}.Release|x86.ActiveCfg = Release|Any CPU
		{A143EBBA-912A-581C-B5BB-1BBD40DD3913}.Release|x86.Build.0 = Release|Any CPU
		{E2C894E5-4A48-5384-878F-E30B98052B2E}.Debug|Any CPU.ActiveCfg = Debug|Any CPU
		{E2C894E5-4A48-5384-878F-E30B98052B2E}.Debug|Any CPU.Build.0 = Debug|Any CPU
		{E2C894E5-4A48-5384-878F-E30B98052B2E}.Debug|x64.ActiveCfg = Debug|Any CPU
		{E2C894E5-4A48-5384-878F-E30B98052B2E}.Debug|x64.Build.0 = Debug|Any CPU
		{E2C894E5-4A48-5384-878F-E30B98052B2E}.Debug|x86.ActiveCfg = Debug|Any CPU
		{E2C894E5-4A48-5384-878F-E30B98052B2E}.Debug|x86.Build.0 = Debug|Any CPU
		{E2C894E5-4A48-5384-878F-E30B98052B2E}.Release|Any CPU.ActiveCfg = Release|Any CPU
		{E2C894E5-4A48-5384-878F-E30B98052B2E}.Release|Any CPU.Build.0 = Release|Any CPU
		{E2C894E5-4A48-5384-878F-E30B98052B2E}.Release|x64.ActiveCfg = Release|Any CPU
		{E2C894E5-4A48-5384-878F-E30B98052B2E}.Release|x64.Build.0 = Release|Any CPU
		{E2C894E5-4A48-5384-878F-E30B98052B2E}.Release|x86.ActiveCfg = Release|Any CPU
		{E2C894E5-4A48-5384-878F-E30B98052B2E}.Release|x86.Build.0 = Release|Any CPU
		{04AAB355-78E8-50C5-844E-15C3F64848A6}.Debug|Any CPU.ActiveCfg = Debug|Any CPU
		{04AAB355-78E8-50C5-844E-15C3F64848A6}.Debug|Any CPU.Build.0 = Debug|Any CPU
		{04AAB355-78E8-50C5-844E-15C3F64848A6}.Debug|x64.ActiveCfg = Debug|Any CPU
		{04AAB355-78E8-50C5-844E-15C3F64848A6}.Debug|x64.Build.0 = Debug|Any CPU
		{04AAB355-78E8-50C5-844E-15C3F64848A6}.Debug|x86.ActiveCfg = Debug|Any CPU
		{04AAB355-78E8-50C5-844E-15C3F64848A6}.Debug|x86.Build.0 = Debug|Any CPU
		{04AAB355-78E8-50C5-844E-15C3F64848A6}.Release|Any CPU.ActiveCfg = Release|Any CPU
		{04AAB355-78E8-50C5-844E-15C3F64848A6}.Release|Any CPU.Build.0 = Release|Any CPU
		{04AAB355-78E8-50C5-844E-15C3F64848A6}.Release|x64.ActiveCfg = Release|Any CPU
		{04AAB355-78E8-50C5-844E-15C3F64848A6}.Release|x64.Build.0 = Release|Any CPU
		{04AAB355-78E8-50C5-844E-15C3F64848A6}.Release|x86.ActiveCfg = Release|Any CPU
		{04AAB355-78E8-50C5-844E-15C3F64848A6}.Release|x86.Build.0 = Release|Any CPU
		{24EB3079-232B-5154-ACEB-67DE37D3EEA7}.Debug|Any CPU.ActiveCfg = Debug|Any CPU
		{24EB3079-232B-5154-ACEB-67DE37D3EEA7}.Debug|Any CPU.Build.0 = Debug|Any CPU
		{24EB3079-232B-5154-ACEB-67DE37D3EEA7}.Debug|x64.ActiveCfg = Debug|Any CPU
		{24EB3079-232B-5154-ACEB-67DE37D3EEA7}.Debug|x64.Build.0 = Debug|Any CPU
		{24EB3079-232B-5154-ACEB-67DE37D3EEA7}.Debug|x86.ActiveCfg = Debug|Any CPU
		{24EB3079-232B-5154-ACEB-67DE37D3EEA7}.Debug|x86.Build.0 = Debug|Any CPU
		{24EB3079-232B-5154-ACEB-67DE37D3EEA7}.Release|Any CPU.ActiveCfg = Release|Any CPU
		{24EB3079-232B-5154-ACEB-67DE37D3EEA7}.Release|Any CPU.Build.0 = Release|Any CPU
		{24EB3079-232B-5154-ACEB-67DE37D3EEA7}.Release|x64.ActiveCfg = Release|Any CPU
		{24EB3079-232B-5154-ACEB-67DE37D3EEA7}.Release|x64.Build.0 = Release|Any CPU
		{24EB3079-232B-5154-ACEB-67DE37D3EEA7}.Release|x86.ActiveCfg = Release|Any CPU
		{24EB3079-232B-5154-ACEB-67DE37D3EEA7}.Release|x86.Build.0 = Release|Any CPU
		{8B3DAFD0-D0F0-5C5D-9E34-F2F976FCBECA}.Debug|Any CPU.ActiveCfg = Debug|Any CPU
		{8B3DAFD0-D0F0-5C5D-9E34-F2F976FCBECA}.Debug|Any CPU.Build.0 = Debug|Any CPU
		{8B3DAFD0-D0F0-5C5D-9E34-F2F976FCBECA}.Debug|x64.ActiveCfg = Debug|Any CPU
		{8B3DAFD0-D0F0-5C5D-9E34-F2F976FCBECA}.Debug|x64.Build.0 = Debug|Any CPU
		{8B3DAFD0-D0F0-5C5D-9E34-F2F976FCBECA}.Debug|x86.ActiveCfg = Debug|Any CPU
		{8B3DAFD0-D0F0-5C5D-9E34-F2F976FCBECA}.Debug|x86.Build.0 = Debug|Any CPU
		{8B3DAFD0-D0F0-5C5D-9E34-F2F976FCBECA}.Release|Any CPU.ActiveCfg = Release|Any CPU
		{8B3DAFD0-D0F0-5C5D-9E34-F2F976FCBECA}.Release|Any CPU.Build.0 = Release|Any CPU
		{8B3DAFD0-D0F0-5C5D-9E34-F2F976FCBECA}.Release|x64.ActiveCfg = Release|Any CPU
		{8B3DAFD0-D0F0-5C5D-9E34-F2F976FCBECA}.Release|x64.Build.0 = Release|Any CPU
		{8B3DAFD0-D0F0-5C5D-9E34-F2F976FCBECA}.Release|x86.ActiveCfg = Release|Any CPU
		{8B3DAFD0-D0F0-5C5D-9E34-F2F976FCBECA}.Release|x86.Build.0 = Release|Any CPU
		{498562ED-B442-5FAD-B6A3-30526A317E03}.Debug|Any CPU.ActiveCfg = Debug|Any CPU
		{498562ED-B442-5FAD-B6A3-30526A317E03}.Debug|Any CPU.Build.0 = Debug|Any CPU
		{498562ED-B442-5FAD-B6A3-30526A317E03}.Debug|x64.ActiveCfg = Debug|Any CPU
		{498562ED-B442-5FAD-B6A3-30526A317E03}.Debug|x64.Build.0 = Debug|Any CPU
		{498562ED-B442-5FAD-B6A3-30526A317E03}.Debug|x86.ActiveCfg = Debug|Any CPU
		{498562ED-B442-5FAD-B6A3-30526A317E03}.Debug|x86.Build.0 = Debug|Any CPU
		{498562ED-B442-5FAD-B6A3-30526A317E03}.Release|Any CPU.ActiveCfg = Release|Any CPU
		{498562ED-B442-5FAD-B6A3-30526A317E03}.Release|Any CPU.Build.0 = Release|Any CPU
		{498562ED-B442-5FAD-B6A3-30526A317E03}.Release|x64.ActiveCfg = Release|Any CPU
		{498562ED-B442-5FAD-B6A3-30526A317E03}.Release|x64.Build.0 = Release|Any CPU
		{498562ED-B442-5FAD-B6A3-30526A317E03}.Release|x86.ActiveCfg = Release|Any CPU
		{498562ED-B442-5FAD-B6A3-30526A317E03}.Release|x86.Build.0 = Release|Any CPU
		{F438B27B-99B5-549F-B073-6A40D6C41207}.Debug|Any CPU.ActiveCfg = Debug|Any CPU
		{F438B27B-99B5-549F-B073-6A40D6C41207}.Debug|Any CPU.Build.0 = Debug|Any CPU
		{F438B27B-99B5-549F-B073-6A40D6C41207}.Debug|x64.ActiveCfg = Debug|Any CPU
		{F438B27B-99B5-549F-B073-6A40D6C41207}.Debug|x64.Build.0 = Debug|Any CPU
		{F438B27B-99B5-549F-B073-6A40D6C41207}.Debug|x86.ActiveCfg = Debug|Any CPU
		{F438B27B-99B5-549F-B073-6A40D6C41207}.Debug|x86.Build.0 = Debug|Any CPU
		{F438B27B-99B5-549F-B073-6A40D6C41207}.Release|Any CPU.ActiveCfg = Release|Any CPU
		{F438B27B-99B5-549F-B073-6A40D6C41207}.Release|Any CPU.Build.0 = Release|Any CPU
		{F438B27B-99B5-549F-B073-6A40D6C41207}.Release|x64.ActiveCfg = Release|Any CPU
		{F438B27B-99B5-549F-B073-6A40D6C41207}.Release|x64.Build.0 = Release|Any CPU
		{F438B27B-99B5-549F-B073-6A40D6C41207}.Release|x86.ActiveCfg = Release|Any CPU
		{F438B27B-99B5-549F-B073-6A40D6C41207}.Release|x86.Build.0 = Release|Any CPU
		{461AD81A-FFFC-5C53-B0D8-40335F4F4210}.Debug|Any CPU.ActiveCfg = Debug|Any CPU
		{461AD81A-FFFC-5C53-B0D8-40335F4F4210}.Debug|Any CPU.Build.0 = Debug|Any CPU
		{461AD81A-FFFC-5C53-B0D8-40335F4F4210}.Debug|x64.ActiveCfg = Debug|Any CPU
		{461AD81A-FFFC-5C53-B0D8-40335F4F4210}.Debug|x64.Build.0 = Debug|Any CPU
		{461AD81A-FFFC-5C53-B0D8-40335F4F4210}.Debug|x86.ActiveCfg = Debug|Any CPU
		{461AD81A-FFFC-5C53-B0D8-40335F4F4210}.Debug|x86.Build.0 = Debug|Any CPU
		{461AD81A-FFFC-5C53-B0D8-40335F4F4210}.Release|Any CPU.ActiveCfg = Release|Any CPU
		{461AD81A-FFFC-5C53-B0D8-40335F4F4210}.Release|Any CPU.Build.0 = Release|Any CPU
		{461AD81A-FFFC-5C53-B0D8-40335F4F4210}.Release|x64.ActiveCfg = Release|Any CPU
		{461AD81A-FFFC-5C53-B0D8-40335F4F4210}.Release|x64.Build.0 = Release|Any CPU
		{461AD81A-FFFC-5C53-B0D8-40335F4F4210}.Release|x86.ActiveCfg = Release|Any CPU
		{461AD81A-FFFC-5C53-B0D8-40335F4F4210}.Release|x86.Build.0 = Release|Any CPU
		{67DEC188-CF4D-5444-9B97-A59573D813C2}.Debug|Any CPU.ActiveCfg = Debug|Any CPU
		{67DEC188-CF4D-5444-9B97-A59573D813C2}.Debug|Any CPU.Build.0 = Debug|Any CPU
		{67DEC188-CF4D-5444-9B97-A59573D813C2}.Debug|x64.ActiveCfg = Debug|Any CPU
		{67DEC188-CF4D-5444-9B97-A59573D813C2}.Debug|x64.Build.0 = Debug|Any CPU
		{67DEC188-CF4D-5444-9B97-A59573D813C2}.Debug|x86.ActiveCfg = Debug|Any CPU
		{67DEC188-CF4D-5444-9B97-A59573D813C2}.Debug|x86.Build.0 = Debug|Any CPU
		{67DEC188-CF4D-5444-9B97-A59573D813C2}.Release|Any CPU.ActiveCfg = Release|Any CPU
		{67DEC188-CF4D-5444-9B97-A59573D813C2}.Release|Any CPU.Build.0 = Release|Any CPU
		{67DEC188-CF4D-5444-9B97-A59573D813C2}.Release|x64.ActiveCfg = Release|Any CPU
		{67DEC188-CF4D-5444-9B97-A59573D813C2}.Release|x64.Build.0 = Release|Any CPU
		{67DEC188-CF4D-5444-9B97-A59573D813C2}.Release|x86.ActiveCfg = Release|Any CPU
		{67DEC188-CF4D-5444-9B97-A59573D813C2}.Release|x86.Build.0 = Release|Any CPU
	EndGlobalSection
	GlobalSection(SolutionProperties) = preSolution
		HideSolutionNode = FALSE
	EndGlobalSection
	GlobalSection(NestedProjects) = preSolution
		{586EC687-134D-5BA2-A62F-7BDBD2A204B1} = {48D11EA1-D00D-54A3-933B-B338C7EA6595}
	EndGlobalSection
EndGlobal
