
Microsoft Visual Studio Solution File, Format Version 12.00
# Visual Studio Version 17
VisualStudioVersion = 17.0.31903.59
MinimumVisualStudioVersion = 10.0.40219.1
Project("{FAE04EC0-301F-11D3-BF4B-00C04F79EFBC}") = "Benzene.Azure.Function.AspNet", "..\..\src\Benzene.Azure.Function.AspNet\Benzene.Azure.Function.AspNet.csproj", "{6613B50F-FA9D-4033-ADB9-78EE9E54B131}"
EndProject
Project("{FAE04EC0-301F-11D3-BF4B-00C04F79EFBC}") = "Benzene.Azure.Function.Core", "..\..\src\Benzene.Azure.Function.Core\Benzene.Azure.Function.Core.csproj", "{FF108076-DD2F-4C3D-B58F-BEB5A3C0469D}"
EndProject
Project("{FAE04EC0-301F-11D3-BF4B-00C04F79EFBC}") = "Benzene.Abstractions.Pipelines", "..\..\src\Benzene.Abstractions.Pipelines\Benzene.Abstractions.Pipelines.csproj", "{2B23A88A-A3AD-4271-9B15-315F6064CE55}"
EndProject
Project("{FAE04EC0-301F-11D3-BF4B-00C04F79EFBC}") = "Benzene.Abstractions.MessageHandlers", "..\..\src\Benzene.Abstractions.MessageHandlers\Benzene.Abstractions.MessageHandlers.csproj", "{6C5A00C6-AD79-4549-88EA-8D0A59001990}"
EndProject
Project("{FAE04EC0-301F-11D3-BF4B-00C04F79EFBC}") = "Benzene.Abstractions.Messages", "..\..\src\Benzene.Abstractions.Messages\Benzene.Abstractions.Messages.csproj", "{F5F13171-A25F-4655-BF9D-EFD474C041C4}"
EndProject
Project("{FAE04EC0-301F-11D3-BF4B-00C04F79EFBC}") = "Benzene.Abstractions.Middleware", "..\..\src\Benzene.Abstractions.Middleware\Benzene.Abstractions.Middleware.csproj", "{63F8EB73-DA6B-414F-9235-D8108717769C}"
EndProject
Project("{FAE04EC0-301F-11D3-BF4B-00C04F79EFBC}") = "Benzene.Abstractions", "..\..\src\Benzene.Abstractions\Benzene.Abstractions.csproj", "{8B5F9790-76B2-42F3-9714-510C5FB1F65D}"
EndProject
Project("{FAE04EC0-301F-11D3-BF4B-00C04F79EFBC}") = "Benzene.Results", "..\..\src\Benzene.Results\Benzene.Results.csproj", "{049AE86D-14F3-41EA-BD27-6B202F3DD83F}"
EndProject
Project("{FAE04EC0-301F-11D3-BF4B-00C04F79EFBC}") = "Benzene.Core", "..\..\src\Benzene.Core\Benzene.Core.csproj", "{8798B08D-49C7-4E76-8353-9301E2F680D6}"
EndProject
Project("{FAE04EC0-301F-11D3-BF4B-00C04F79EFBC}") = "Benzene.HealthChecks", "..\..\src\Benzene.HealthChecks\Benzene.HealthChecks.csproj", "{7518AD14-583D-4D42-B361-A8DFF2D14EAA}"
EndProject
Project("{FAE04EC0-301F-11D3-BF4B-00C04F79EFBC}") = "Benzene.Core.MessageHandlers", "..\..\src\Benzene.Core.MessageHandlers\Benzene.Core.MessageHandlers.csproj", "{22E1AFA1-AF14-4878-AB2F-F413A3C9C30B}"
EndProject
Project("{FAE04EC0-301F-11D3-BF4B-00C04F79EFBC}") = "Benzene.Core.Messages", "..\..\src\Benzene.Core.Messages\Benzene.Core.Messages.csproj", "{ADBD7D1A-DD63-474E-98EC-677D8DEACBF6}"
EndProject
Project("{FAE04EC0-301F-11D3-BF4B-00C04F79EFBC}") = "Benzene.Core.Middleware", "..\..\src\Benzene.Core.Middleware\Benzene.Core.Middleware.csproj", "{60C10D00-4B8F-45BC-AC69-8C48A490990F}"
EndProject
Project("{FAE04EC0-301F-11D3-BF4B-00C04F79EFBC}") = "Benzene.HealthChecks.Core", "..\..\src\Benzene.HealthChecks.Core\Benzene.HealthChecks.Core.csproj", "{83EF0632-54E6-47C4-B262-8739AB67BB23}"
EndProject
Project("{FAE04EC0-301F-11D3-BF4B-00C04F79EFBC}") = "Benzene.Http", "..\..\src\Benzene.Http\Benzene.Http.csproj", "{5CF77913-CCBB-4259-8625-6D192EB05621}"
EndProject
Project("{FAE04EC0-301F-11D3-BF4B-00C04F79EFBC}") = "Benzene.Microsoft.Dependencies", "..\..\src\Benzene.Microsoft.Dependencies\Benzene.Microsoft.Dependencies.csproj", "{AE6BFFDA-4685-445A-AF1C-A035A624E0CB}"
EndProject
Project("{FAE04EC0-301F-11D3-BF4B-00C04F79EFBC}") = "Benzene.CloudService", "..\..\src\Benzene.CloudService\Benzene.CloudService.csproj", "{22A3577F-6E44-4E04-9EB1-5EE824D39BA7}"
EndProject
Project("{FAE04EC0-301F-11D3-BF4B-00C04F79EFBC}") = "Benzene.Mesh.Wire", "..\..\src\Benzene.Mesh.Wire\Benzene.Mesh.Wire.csproj", "{839A741A-9FA1-40FF-B058-7AD90EEC4DFF}"
EndProject
Project("{FAE04EC0-301F-11D3-BF4B-00C04F79EFBC}") = "Benzene.Schema.OpenApi", "..\..\src\Benzene.Schema.OpenApi\Benzene.Schema.OpenApi.csproj", "{FBF38910-3132-49FF-95F2-FFB4C9CD9020}"
EndProject
Project("{FAE04EC0-301F-11D3-BF4B-00C04F79EFBC}") = "Benzene.Abstractions.Validation", "..\..\src\Benzene.Abstractions.Validation\Benzene.Abstractions.Validation.csproj", "{FD47A7B2-980D-4620-8AD5-FEAEBE479CCC}"
EndProject
Project("{FAE04EC0-301F-11D3-BF4B-00C04F79EFBC}") = "Benzene.Spec.Ui", "..\..\src\Benzene.Spec.Ui\Benzene.Spec.Ui.csproj", "{1A8F27DC-E560-4A62-8EC8-5214D3B61210}"
EndProject
Project("{FAE04EC0-301F-11D3-BF4B-00C04F79EFBC}") = "Benzene.Diagnostics", "..\..\src\Benzene.Diagnostics\Benzene.Diagnostics.csproj", "{ED155050-85B1-4860-AE2F-F6ADF721279A}"
EndProject
Project("{2150E333-8FDC-42A3-9474-1A3956D46DE8}") = "Mesh", "Mesh", "{E05196B5-551D-5AD7-3BC0-DC228B104E4D}"
EndProject
Project("{FAE04EC0-301F-11D3-BF4B-00C04F79EFBC}") = "Benzene.Examples.AzureFunctionsMesh.Mesh", "Mesh\Benzene.Examples.AzureFunctionsMesh.Mesh.csproj", "{0043C08C-DADB-46F3-86AB-C16192E81615}"
EndProject
Project("{FAE04EC0-301F-11D3-BF4B-00C04F79EFBC}") = "Benzene.Azure.Function.Timer", "..\..\src\Benzene.Azure.Function.Timer\Benzene.Azure.Function.Timer.csproj", "{DF2EDBEE-42F6-40B6-994A-6CDBCBB358A9}"
EndProject
Project("{FAE04EC0-301F-11D3-BF4B-00C04F79EFBC}") = "Benzene.Mesh.Aggregator", "..\..\src\Benzene.Mesh.Aggregator\Benzene.Mesh.Aggregator.csproj", "{F5F2F241-1D50-4D5F-9C3A-BC07D1868B02}"
EndProject
Project("{FAE04EC0-301F-11D3-BF4B-00C04F79EFBC}") = "Benzene.Mesh.Contracts", "..\..\src\Benzene.Mesh.Contracts\Benzene.Mesh.Contracts.csproj", "{1F57F483-28C5-44D8-BA50-4F67C30E6A44}"
EndProject
Project("{FAE04EC0-301F-11D3-BF4B-00C04F79EFBC}") = "Benzene.Mesh.Discovery.Azure", "..\..\src\Benzene.Mesh.Discovery.Azure\Benzene.Mesh.Discovery.Azure.csproj", "{4D6EDA30-B2AB-4DD8-A875-416BA33A427B}"
EndProject
Project("{FAE04EC0-301F-11D3-BF4B-00C04F79EFBC}") = "Benzene.Mesh.Azure.Blob", "..\..\src\Benzene.Mesh.Azure.Blob\Benzene.Mesh.Azure.Blob.csproj", "{C4C210D9-29A8-45BC-80B0-99501903D115}"
EndProject
Project("{FAE04EC0-301F-11D3-BF4B-00C04F79EFBC}") = "Benzene.Mesh.Ui", "..\..\src\Benzene.Mesh.Ui\Benzene.Mesh.Ui.csproj", "{2099FA05-BBE1-4DBD-BE00-D5A57F4CD08F}"
EndProject
Project("{2150E333-8FDC-42A3-9474-1A3956D46DE8}") = "Shared", "Shared", "{4F52FD11-658E-A102-6CD3-7D7C16FFA15B}"
EndProject
Project("{FAE04EC0-301F-11D3-BF4B-00C04F79EFBC}") = "Benzene.Examples.AzureFunctionsMesh.Shared", "Shared\Benzene.Examples.AzureFunctionsMesh.Shared.csproj", "{2CDCC049-F9A5-460E-9593-6EB076DB4113}"
EndProject
Project("{FAE04EC0-301F-11D3-BF4B-00C04F79EFBC}") = "Benzene.Azure.Function.ServiceBus", "..\..\src\Benzene.Azure.Function.ServiceBus\Benzene.Azure.Function.ServiceBus.csproj", "{0186886E-7369-4ECE-8B89-28AAA4A45E8D}"
EndProject
Project("{FAE04EC0-301F-11D3-BF4B-00C04F79EFBC}") = "Benzene.Clients", "..\..\src\Benzene.Clients\Benzene.Clients.csproj", "{A0B63BAA-9E6F-45E5-AD00-D91E6D5C7DF0}"
EndProject
Project("{FAE04EC0-301F-11D3-BF4B-00C04F79EFBC}") = "Benzene.ResponseEvents", "..\..\src\Benzene.ResponseEvents\Benzene.ResponseEvents.csproj", "{1A56B883-3DAF-4BDC-BE8D-4DE9D0C9C14E}"
EndProject
Project("{FAE04EC0-301F-11D3-BF4B-00C04F79EFBC}") = "Benzene.Clients.Azure.ServiceBus", "..\..\src\Benzene.Clients.Azure.ServiceBus\Benzene.Clients.Azure.ServiceBus.csproj", "{08AEEC99-D8BA-4719-BA36-C02EFFFCEC1D}"
EndProject
Project("{2150E333-8FDC-42A3-9474-1A3956D46DE8}") = "Orders", "Orders", "{C1E8875C-D70B-9A5C-543D-852EF2502BBD}"
EndProject
Project("{FAE04EC0-301F-11D3-BF4B-00C04F79EFBC}") = "Benzene.Examples.AzureFunctionsMesh.Orders", "Orders\Benzene.Examples.AzureFunctionsMesh.Orders.csproj", "{FF7E5F53-78D5-457C-871D-7F8C17CDA030}"
EndProject
Project("{FAE04EC0-301F-11D3-BF4B-00C04F79EFBC}") = "Benzene.Azure.Function.SourceGenerators", "..\..\src\Benzene.Azure.Function.SourceGenerators\Benzene.Azure.Function.SourceGenerators.csproj", "{1954A45E-90CE-47EB-A63A-B0AC6298D532}"
EndProject
Project("{2150E333-8FDC-42A3-9474-1A3956D46DE8}") = "Payments", "Payments", "{F2892F7D-49D2-0969-2635-C4CE9CCFB03E}"
EndProject
Project("{FAE04EC0-301F-11D3-BF4B-00C04F79EFBC}") = "Benzene.Examples.AzureFunctionsMesh.Payments", "Payments\Benzene.Examples.AzureFunctionsMesh.Payments.csproj", "{0670A3A7-4E59-4F03-A6D0-9493E9082D8A}"
EndProject
Project("{2150E333-8FDC-42A3-9474-1A3956D46DE8}") = "Shipping", "Shipping", "{59E94403-2D99-750A-1EA4-0C1FA3AC95B2}"
EndProject
Project("{FAE04EC0-301F-11D3-BF4B-00C04F79EFBC}") = "Benzene.Examples.AzureFunctionsMesh.Shipping", "Shipping\Benzene.Examples.AzureFunctionsMesh.Shipping.csproj", "{77BD3ADC-5A85-49E7-9FF4-709D1DA6A172}"
EndProject
Project("{2150E333-8FDC-42A3-9474-1A3956D46DE8}") = "Inventory", "Inventory", "{6B6A9D20-1EA0-9357-3B09-C6BC2B90364F}"
EndProject
Project("{FAE04EC0-301F-11D3-BF4B-00C04F79EFBC}") = "Benzene.Examples.AzureFunctionsMesh.Inventory", "Inventory\Benzene.Examples.AzureFunctionsMesh.Inventory.csproj", "{82A199B1-1A82-42BF-BC55-536DE17A45C8}"
EndProject
Project("{FAE04EC0-301F-11D3-BF4B-00C04F79EFBC}") = "Benzene.Azure.Function.EventHub", "..\..\src\Benzene.Azure.Function.EventHub\Benzene.Azure.Function.EventHub.csproj", "{B9862969-5B01-4CF2-994F-9988D1F5A541}"
EndProject
Project("{FAE04EC0-301F-11D3-BF4B-00C04F79EFBC}") = "Benzene.Azure.Function.EventGrid", "..\..\src\Benzene.Azure.Function.EventGrid\Benzene.Azure.Function.EventGrid.csproj", "{21FC0B0C-AC2D-4A3C-9EA7-4CBF91DD0DFC}"
EndProject
Project("{2150E333-8FDC-42A3-9474-1A3956D46DE8}") = "Notifications", "Notifications", "{C30EA34C-96E3-EEAB-A84E-085AED71DD06}"
EndProject
Project("{FAE04EC0-301F-11D3-BF4B-00C04F79EFBC}") = "Benzene.Examples.AzureFunctionsMesh.Notifications", "Notifications\Benzene.Examples.AzureFunctionsMesh.Notifications.csproj", "{B87F6881-4102-4516-98BB-80A153A89DF3}"
EndProject
Project("{2150E333-8FDC-42A3-9474-1A3956D46DE8}") = "Analytics", "Analytics", "{617AE927-A5CE-9280-A225-278160591262}"
EndProject
Project("{FAE04EC0-301F-11D3-BF4B-00C04F79EFBC}") = "Benzene.Examples.AzureFunctionsMesh.Analytics", "Analytics\Benzene.Examples.AzureFunctionsMesh.Analytics.csproj", "{19807AEB-17BE-4D9E-A15E-A71431B63B3C}"
EndProject
Global
	GlobalSection(SolutionConfigurationPlatforms) = preSolution
		Debug|Any CPU = Debug|Any CPU
		Debug|x64 = Debug|x64
		Debug|x86 = Debug|x86
		Release|Any CPU = Release|Any CPU
		Release|x64 = Release|x64
		Release|x86 = Release|x86
	EndGlobalSection
	GlobalSection(ProjectConfigurationPlatforms) = postSolution
		{6613B50F-FA9D-4033-ADB9-78EE9E54B131}.Debug|Any CPU.ActiveCfg = Debug|Any CPU
		{6613B50F-FA9D-4033-ADB9-78EE9E54B131}.Debug|Any CPU.Build.0 = Debug|Any CPU
		{6613B50F-FA9D-4033-ADB9-78EE9E54B131}.Debug|x64.ActiveCfg = Debug|Any CPU
		{6613B50F-FA9D-4033-ADB9-78EE9E54B131}.Debug|x64.Build.0 = Debug|Any CPU
		{6613B50F-FA9D-4033-ADB9-78EE9E54B131}.Debug|x86.ActiveCfg = Debug|Any CPU
		{6613B50F-FA9D-4033-ADB9-78EE9E54B131}.Debug|x86.Build.0 = Debug|Any CPU
		{6613B50F-FA9D-4033-ADB9-78EE9E54B131}.Release|Any CPU.ActiveCfg = Release|Any CPU
		{6613B50F-FA9D-4033-ADB9-78EE9E54B131}.Release|Any CPU.Build.0 = Release|Any CPU
		{6613B50F-FA9D-4033-ADB9-78EE9E54B131}.Release|x64.ActiveCfg = Release|Any CPU
		{6613B50F-FA9D-4033-ADB9-78EE9E54B131}.Release|x64.Build.0 = Release|Any CPU
		{6613B50F-FA9D-4033-ADB9-78EE9E54B131}.Release|x86.ActiveCfg = Release|Any CPU
		{6613B50F-FA9D-4033-ADB9-78EE9E54B131}.Release|x86.Build.0 = Release|Any CPU
		{FF108076-DD2F-4C3D-B58F-BEB5A3C0469D}.Debug|Any CPU.ActiveCfg = Debug|Any CPU
		{FF108076-DD2F-4C3D-B58F-BEB5A3C0469D}.Debug|Any CPU.Build.0 = Debug|Any CPU
		{FF108076-DD2F-4C3D-B58F-BEB5A3C0469D}.Debug|x64.ActiveCfg = Debug|Any CPU
		{FF108076-DD2F-4C3D-B58F-BEB5A3C0469D}.Debug|x64.Build.0 = Debug|Any CPU
		{FF108076-DD2F-4C3D-B58F-BEB5A3C0469D}.Debug|x86.ActiveCfg = Debug|Any CPU
		{FF108076-DD2F-4C3D-B58F-BEB5A3C0469D}.Debug|x86.Build.0 = Debug|Any CPU
		{FF108076-DD2F-4C3D-B58F-BEB5A3C0469D}.Release|Any CPU.ActiveCfg = Release|Any CPU
		{FF108076-DD2F-4C3D-B58F-BEB5A3C0469D}.Release|Any CPU.Build.0 = Release|Any CPU
		{FF108076-DD2F-4C3D-B58F-BEB5A3C0469D}.Release|x64.ActiveCfg = Release|Any CPU
		{FF108076-DD2F-4C3D-B58F-BEB5A3C0469D}.Release|x64.Build.0 = Release|Any CPU
		{FF108076-DD2F-4C3D-B58F-BEB5A3C0469D}.Release|x86.ActiveCfg = Release|Any CPU
		{FF108076-DD2F-4C3D-B58F-BEB5A3C0469D}.Release|x86.Build.0 = Release|Any CPU
		{2B23A88A-A3AD-4271-9B15-315F6064CE55}.Debug|Any CPU.ActiveCfg = Debug|Any CPU
		{2B23A88A-A3AD-4271-9B15-315F6064CE55}.Debug|Any CPU.Build.0 = Debug|Any CPU
		{2B23A88A-A3AD-4271-9B15-315F6064CE55}.Debug|x64.ActiveCfg = Debug|Any CPU
		{2B23A88A-A3AD-4271-9B15-315F6064CE55}.Debug|x64.Build.0 = Debug|Any CPU
		{2B23A88A-A3AD-4271-9B15-315F6064CE55}.Debug|x86.ActiveCfg = Debug|Any CPU
		{2B23A88A-A3AD-4271-9B15-315F6064CE55}.Debug|x86.Build.0 = Debug|Any CPU
		{2B23A88A-A3AD-4271-9B15-315F6064CE55}.Release|Any CPU.ActiveCfg = Release|Any CPU
		{2B23A88A-A3AD-4271-9B15-315F6064CE55}.Release|Any CPU.Build.0 = Release|Any CPU
		{2B23A88A-A3AD-4271-9B15-315F6064CE55}.Release|x64.ActiveCfg = Release|Any CPU
		{2B23A88A-A3AD-4271-9B15-315F6064CE55}.Release|x64.Build.0 = Release|Any CPU
		{2B23A88A-A3AD-4271-9B15-315F6064CE55}.Release|x86.ActiveCfg = Release|Any CPU
		{2B23A88A-A3AD-4271-9B15-315F6064CE55}.Release|x86.Build.0 = Release|Any CPU
		{6C5A00C6-AD79-4549-88EA-8D0A59001990}.Debug|Any CPU.ActiveCfg = Debug|Any CPU
		{6C5A00C6-AD79-4549-88EA-8D0A59001990}.Debug|Any CPU.Build.0 = Debug|Any CPU
		{6C5A00C6-AD79-4549-88EA-8D0A59001990}.Debug|x64.ActiveCfg = Debug|Any CPU
		{6C5A00C6-AD79-4549-88EA-8D0A59001990}.Debug|x64.Build.0 = Debug|Any CPU
		{6C5A00C6-AD79-4549-88EA-8D0A59001990}.Debug|x86.ActiveCfg = Debug|Any CPU
		{6C5A00C6-AD79-4549-88EA-8D0A59001990}.Debug|x86.Build.0 = Debug|Any CPU
		{6C5A00C6-AD79-4549-88EA-8D0A59001990}.Release|Any CPU.ActiveCfg = Release|Any CPU
		{6C5A00C6-AD79-4549-88EA-8D0A59001990}.Release|Any CPU.Build.0 = Release|Any CPU
		{6C5A00C6-AD79-4549-88EA-8D0A59001990}.Release|x64.ActiveCfg = Release|Any CPU
		{6C5A00C6-AD79-4549-88EA-8D0A59001990}.Release|x64.Build.0 = Release|Any CPU
		{6C5A00C6-AD79-4549-88EA-8D0A59001990}.Release|x86.ActiveCfg = Release|Any CPU
		{6C5A00C6-AD79-4549-88EA-8D0A59001990}.Release|x86.Build.0 = Release|Any CPU
		{F5F13171-A25F-4655-BF9D-EFD474C041C4}.Debug|Any CPU.ActiveCfg = Debug|Any CPU
		{F5F13171-A25F-4655-BF9D-EFD474C041C4}.Debug|Any CPU.Build.0 = Debug|Any CPU
		{F5F13171-A25F-4655-BF9D-EFD474C041C4}.Debug|x64.ActiveCfg = Debug|Any CPU
		{F5F13171-A25F-4655-BF9D-EFD474C041C4}.Debug|x64.Build.0 = Debug|Any CPU
		{F5F13171-A25F-4655-BF9D-EFD474C041C4}.Debug|x86.ActiveCfg = Debug|Any CPU
		{F5F13171-A25F-4655-BF9D-EFD474C041C4}.Debug|x86.Build.0 = Debug|Any CPU
		{F5F13171-A25F-4655-BF9D-EFD474C041C4}.Release|Any CPU.ActiveCfg = Release|Any CPU
		{F5F13171-A25F-4655-BF9D-EFD474C041C4}.Release|Any CPU.Build.0 = Release|Any CPU
		{F5F13171-A25F-4655-BF9D-EFD474C041C4}.Release|x64.ActiveCfg = Release|Any CPU
		{F5F13171-A25F-4655-BF9D-EFD474C041C4}.Release|x64.Build.0 = Release|Any CPU
		{F5F13171-A25F-4655-BF9D-EFD474C041C4}.Release|x86.ActiveCfg = Release|Any CPU
		{F5F13171-A25F-4655-BF9D-EFD474C041C4}.Release|x86.Build.0 = Release|Any CPU
		{63F8EB73-DA6B-414F-9235-D8108717769C}.Debug|Any CPU.ActiveCfg = Debug|Any CPU
		{63F8EB73-DA6B-414F-9235-D8108717769C}.Debug|Any CPU.Build.0 = Debug|Any CPU
		{63F8EB73-DA6B-414F-9235-D8108717769C}.Debug|x64.ActiveCfg = Debug|Any CPU
		{63F8EB73-DA6B-414F-9235-D8108717769C}.Debug|x64.Build.0 = Debug|Any CPU
		{63F8EB73-DA6B-414F-9235-D8108717769C}.Debug|x86.ActiveCfg = Debug|Any CPU
		{63F8EB73-DA6B-414F-9235-D8108717769C}.Debug|x86.Build.0 = Debug|Any CPU
		{63F8EB73-DA6B-414F-9235-D8108717769C}.Release|Any CPU.ActiveCfg = Release|Any CPU
		{63F8EB73-DA6B-414F-9235-D8108717769C}.Release|Any CPU.Build.0 = Release|Any CPU
		{63F8EB73-DA6B-414F-9235-D8108717769C}.Release|x64.ActiveCfg = Release|Any CPU
		{63F8EB73-DA6B-414F-9235-D8108717769C}.Release|x64.Build.0 = Release|Any CPU
		{63F8EB73-DA6B-414F-9235-D8108717769C}.Release|x86.ActiveCfg = Release|Any CPU
		{63F8EB73-DA6B-414F-9235-D8108717769C}.Release|x86.Build.0 = Release|Any CPU
		{8B5F9790-76B2-42F3-9714-510C5FB1F65D}.Debug|Any CPU.ActiveCfg = Debug|Any CPU
		{8B5F9790-76B2-42F3-9714-510C5FB1F65D}.Debug|Any CPU.Build.0 = Debug|Any CPU
		{8B5F9790-76B2-42F3-9714-510C5FB1F65D}.Debug|x64.ActiveCfg = Debug|Any CPU
		{8B5F9790-76B2-42F3-9714-510C5FB1F65D}.Debug|x64.Build.0 = Debug|Any CPU
		{8B5F9790-76B2-42F3-9714-510C5FB1F65D}.Debug|x86.ActiveCfg = Debug|Any CPU
		{8B5F9790-76B2-42F3-9714-510C5FB1F65D}.Debug|x86.Build.0 = Debug|Any CPU
		{8B5F9790-76B2-42F3-9714-510C5FB1F65D}.Release|Any CPU.ActiveCfg = Release|Any CPU
		{8B5F9790-76B2-42F3-9714-510C5FB1F65D}.Release|Any CPU.Build.0 = Release|Any CPU
		{8B5F9790-76B2-42F3-9714-510C5FB1F65D}.Release|x64.ActiveCfg = Release|Any CPU
		{8B5F9790-76B2-42F3-9714-510C5FB1F65D}.Release|x64.Build.0 = Release|Any CPU
		{8B5F9790-76B2-42F3-9714-510C5FB1F65D}.Release|x86.ActiveCfg = Release|Any CPU
		{8B5F9790-76B2-42F3-9714-510C5FB1F65D}.Release|x86.Build.0 = Release|Any CPU
		{049AE86D-14F3-41EA-BD27-6B202F3DD83F}.Debug|Any CPU.ActiveCfg = Debug|Any CPU
		{049AE86D-14F3-41EA-BD27-6B202F3DD83F}.Debug|Any CPU.Build.0 = Debug|Any CPU
		{049AE86D-14F3-41EA-BD27-6B202F3DD83F}.Debug|x64.ActiveCfg = Debug|Any CPU
		{049AE86D-14F3-41EA-BD27-6B202F3DD83F}.Debug|x64.Build.0 = Debug|Any CPU
		{049AE86D-14F3-41EA-BD27-6B202F3DD83F}.Debug|x86.ActiveCfg = Debug|Any CPU
		{049AE86D-14F3-41EA-BD27-6B202F3DD83F}.Debug|x86.Build.0 = Debug|Any CPU
		{049AE86D-14F3-41EA-BD27-6B202F3DD83F}.Release|Any CPU.ActiveCfg = Release|Any CPU
		{049AE86D-14F3-41EA-BD27-6B202F3DD83F}.Release|Any CPU.Build.0 = Release|Any CPU
		{049AE86D-14F3-41EA-BD27-6B202F3DD83F}.Release|x64.ActiveCfg = Release|Any CPU
		{049AE86D-14F3-41EA-BD27-6B202F3DD83F}.Release|x64.Build.0 = Release|Any CPU
		{049AE86D-14F3-41EA-BD27-6B202F3DD83F}.Release|x86.ActiveCfg = Release|Any CPU
		{049AE86D-14F3-41EA-BD27-6B202F3DD83F}.Release|x86.Build.0 = Release|Any CPU
		{8798B08D-49C7-4E76-8353-9301E2F680D6}.Debug|Any CPU.ActiveCfg = Debug|Any CPU
		{8798B08D-49C7-4E76-8353-9301E2F680D6}.Debug|Any CPU.Build.0 = Debug|Any CPU
		{8798B08D-49C7-4E76-8353-9301E2F680D6}.Debug|x64.ActiveCfg = Debug|Any CPU
		{8798B08D-49C7-4E76-8353-9301E2F680D6}.Debug|x64.Build.0 = Debug|Any CPU
		{8798B08D-49C7-4E76-8353-9301E2F680D6}.Debug|x86.ActiveCfg = Debug|Any CPU
		{8798B08D-49C7-4E76-8353-9301E2F680D6}.Debug|x86.Build.0 = Debug|Any CPU
		{8798B08D-49C7-4E76-8353-9301E2F680D6}.Release|Any CPU.ActiveCfg = Release|Any CPU
		{8798B08D-49C7-4E76-8353-9301E2F680D6}.Release|Any CPU.Build.0 = Release|Any CPU
		{8798B08D-49C7-4E76-8353-9301E2F680D6}.Release|x64.ActiveCfg = Release|Any CPU
		{8798B08D-49C7-4E76-8353-9301E2F680D6}.Release|x64.Build.0 = Release|Any CPU
		{8798B08D-49C7-4E76-8353-9301E2F680D6}.Release|x86.ActiveCfg = Release|Any CPU
		{8798B08D-49C7-4E76-8353-9301E2F680D6}.Release|x86.Build.0 = Release|Any CPU
		{7518AD14-583D-4D42-B361-A8DFF2D14EAA}.Debug|Any CPU.ActiveCfg = Debug|Any CPU
		{7518AD14-583D-4D42-B361-A8DFF2D14EAA}.Debug|Any CPU.Build.0 = Debug|Any CPU
		{7518AD14-583D-4D42-B361-A8DFF2D14EAA}.Debug|x64.ActiveCfg = Debug|Any CPU
		{7518AD14-583D-4D42-B361-A8DFF2D14EAA}.Debug|x64.Build.0 = Debug|Any CPU
		{7518AD14-583D-4D42-B361-A8DFF2D14EAA}.Debug|x86.ActiveCfg = Debug|Any CPU
		{7518AD14-583D-4D42-B361-A8DFF2D14EAA}.Debug|x86.Build.0 = Debug|Any CPU
		{7518AD14-583D-4D42-B361-A8DFF2D14EAA}.Release|Any CPU.ActiveCfg = Release|Any CPU
		{7518AD14-583D-4D42-B361-A8DFF2D14EAA}.Release|Any CPU.Build.0 = Release|Any CPU
		{7518AD14-583D-4D42-B361-A8DFF2D14EAA}.Release|x64.ActiveCfg = Release|Any CPU
		{7518AD14-583D-4D42-B361-A8DFF2D14EAA}.Release|x64.Build.0 = Release|Any CPU
		{7518AD14-583D-4D42-B361-A8DFF2D14EAA}.Release|x86.ActiveCfg = Release|Any CPU
		{7518AD14-583D-4D42-B361-A8DFF2D14EAA}.Release|x86.Build.0 = Release|Any CPU
		{22E1AFA1-AF14-4878-AB2F-F413A3C9C30B}.Debug|Any CPU.ActiveCfg = Debug|Any CPU
		{22E1AFA1-AF14-4878-AB2F-F413A3C9C30B}.Debug|Any CPU.Build.0 = Debug|Any CPU
		{22E1AFA1-AF14-4878-AB2F-F413A3C9C30B}.Debug|x64.ActiveCfg = Debug|Any CPU
		{22E1AFA1-AF14-4878-AB2F-F413A3C9C30B}.Debug|x64.Build.0 = Debug|Any CPU
		{22E1AFA1-AF14-4878-AB2F-F413A3C9C30B}.Debug|x86.ActiveCfg = Debug|Any CPU
		{22E1AFA1-AF14-4878-AB2F-F413A3C9C30B}.Debug|x86.Build.0 = Debug|Any CPU
		{22E1AFA1-AF14-4878-AB2F-F413A3C9C30B}.Release|Any CPU.ActiveCfg = Release|Any CPU
		{22E1AFA1-AF14-4878-AB2F-F413A3C9C30B}.Release|Any CPU.Build.0 = Release|Any CPU
		{22E1AFA1-AF14-4878-AB2F-F413A3C9C30B}.Release|x64.ActiveCfg = Release|Any CPU
		{22E1AFA1-AF14-4878-AB2F-F413A3C9C30B}.Release|x64.Build.0 = Release|Any CPU
		{22E1AFA1-AF14-4878-AB2F-F413A3C9C30B}.Release|x86.ActiveCfg = Release|Any CPU
		{22E1AFA1-AF14-4878-AB2F-F413A3C9C30B}.Release|x86.Build.0 = Release|Any CPU
		{ADBD7D1A-DD63-474E-98EC-677D8DEACBF6}.Debug|Any CPU.ActiveCfg = Debug|Any CPU
		{ADBD7D1A-DD63-474E-98EC-677D8DEACBF6}.Debug|Any CPU.Build.0 = Debug|Any CPU
		{ADBD7D1A-DD63-474E-98EC-677D8DEACBF6}.Debug|x64.ActiveCfg = Debug|Any CPU
		{ADBD7D1A-DD63-474E-98EC-677D8DEACBF6}.Debug|x64.Build.0 = Debug|Any CPU
		{ADBD7D1A-DD63-474E-98EC-677D8DEACBF6}.Debug|x86.ActiveCfg = Debug|Any CPU
		{ADBD7D1A-DD63-474E-98EC-677D8DEACBF6}.Debug|x86.Build.0 = Debug|Any CPU
		{ADBD7D1A-DD63-474E-98EC-677D8DEACBF6}.Release|Any CPU.ActiveCfg = Release|Any CPU
		{ADBD7D1A-DD63-474E-98EC-677D8DEACBF6}.Release|Any CPU.Build.0 = Release|Any CPU
		{ADBD7D1A-DD63-474E-98EC-677D8DEACBF6}.Release|x64.ActiveCfg = Release|Any CPU
		{ADBD7D1A-DD63-474E-98EC-677D8DEACBF6}.Release|x64.Build.0 = Release|Any CPU
		{ADBD7D1A-DD63-474E-98EC-677D8DEACBF6}.Release|x86.ActiveCfg = Release|Any CPU
		{ADBD7D1A-DD63-474E-98EC-677D8DEACBF6}.Release|x86.Build.0 = Release|Any CPU
		{60C10D00-4B8F-45BC-AC69-8C48A490990F}.Debug|Any CPU.ActiveCfg = Debug|Any CPU
		{60C10D00-4B8F-45BC-AC69-8C48A490990F}.Debug|Any CPU.Build.0 = Debug|Any CPU
		{60C10D00-4B8F-45BC-AC69-8C48A490990F}.Debug|x64.ActiveCfg = Debug|Any CPU
		{60C10D00-4B8F-45BC-AC69-8C48A490990F}.Debug|x64.Build.0 = Debug|Any CPU
		{60C10D00-4B8F-45BC-AC69-8C48A490990F}.Debug|x86.ActiveCfg = Debug|Any CPU
		{60C10D00-4B8F-45BC-AC69-8C48A490990F}.Debug|x86.Build.0 = Debug|Any CPU
		{60C10D00-4B8F-45BC-AC69-8C48A490990F}.Release|Any CPU.ActiveCfg = Release|Any CPU
		{60C10D00-4B8F-45BC-AC69-8C48A490990F}.Release|Any CPU.Build.0 = Release|Any CPU
		{60C10D00-4B8F-45BC-AC69-8C48A490990F}.Release|x64.ActiveCfg = Release|Any CPU
		{60C10D00-4B8F-45BC-AC69-8C48A490990F}.Release|x64.Build.0 = Release|Any CPU
		{60C10D00-4B8F-45BC-AC69-8C48A490990F}.Release|x86.ActiveCfg = Release|Any CPU
		{60C10D00-4B8F-45BC-AC69-8C48A490990F}.Release|x86.Build.0 = Release|Any CPU
		{83EF0632-54E6-47C4-B262-8739AB67BB23}.Debug|Any CPU.ActiveCfg = Debug|Any CPU
		{83EF0632-54E6-47C4-B262-8739AB67BB23}.Debug|Any CPU.Build.0 = Debug|Any CPU
		{83EF0632-54E6-47C4-B262-8739AB67BB23}.Debug|x64.ActiveCfg = Debug|Any CPU
		{83EF0632-54E6-47C4-B262-8739AB67BB23}.Debug|x64.Build.0 = Debug|Any CPU
		{83EF0632-54E6-47C4-B262-8739AB67BB23}.Debug|x86.ActiveCfg = Debug|Any CPU
		{83EF0632-54E6-47C4-B262-8739AB67BB23}.Debug|x86.Build.0 = Debug|Any CPU
		{83EF0632-54E6-47C4-B262-8739AB67BB23}.Release|Any CPU.ActiveCfg = Release|Any CPU
		{83EF0632-54E6-47C4-B262-8739AB67BB23}.Release|Any CPU.Build.0 = Release|Any CPU
		{83EF0632-54E6-47C4-B262-8739AB67BB23}.Release|x64.ActiveCfg = Release|Any CPU
		{83EF0632-54E6-47C4-B262-8739AB67BB23}.Release|x64.Build.0 = Release|Any CPU
		{83EF0632-54E6-47C4-B262-8739AB67BB23}.Release|x86.ActiveCfg = Release|Any CPU
		{83EF0632-54E6-47C4-B262-8739AB67BB23}.Release|x86.Build.0 = Release|Any CPU
		{5CF77913-CCBB-4259-8625-6D192EB05621}.Debug|Any CPU.ActiveCfg = Debug|Any CPU
		{5CF77913-CCBB-4259-8625-6D192EB05621}.Debug|Any CPU.Build.0 = Debug|Any CPU
		{5CF77913-CCBB-4259-8625-6D192EB05621}.Debug|x64.ActiveCfg = Debug|Any CPU
		{5CF77913-CCBB-4259-8625-6D192EB05621}.Debug|x64.Build.0 = Debug|Any CPU
		{5CF77913-CCBB-4259-8625-6D192EB05621}.Debug|x86.ActiveCfg = Debug|Any CPU
		{5CF77913-CCBB-4259-8625-6D192EB05621}.Debug|x86.Build.0 = Debug|Any CPU
		{5CF77913-CCBB-4259-8625-6D192EB05621}.Release|Any CPU.ActiveCfg = Release|Any CPU
		{5CF77913-CCBB-4259-8625-6D192EB05621}.Release|Any CPU.Build.0 = Release|Any CPU
		{5CF77913-CCBB-4259-8625-6D192EB05621}.Release|x64.ActiveCfg = Release|Any CPU
		{5CF77913-CCBB-4259-8625-6D192EB05621}.Release|x64.Build.0 = Release|Any CPU
		{5CF77913-CCBB-4259-8625-6D192EB05621}.Release|x86.ActiveCfg = Release|Any CPU
		{5CF77913-CCBB-4259-8625-6D192EB05621}.Release|x86.Build.0 = Release|Any CPU
		{AE6BFFDA-4685-445A-AF1C-A035A624E0CB}.Debug|Any CPU.ActiveCfg = Debug|Any CPU
		{AE6BFFDA-4685-445A-AF1C-A035A624E0CB}.Debug|Any CPU.Build.0 = Debug|Any CPU
		{AE6BFFDA-4685-445A-AF1C-A035A624E0CB}.Debug|x64.ActiveCfg = Debug|Any CPU
		{AE6BFFDA-4685-445A-AF1C-A035A624E0CB}.Debug|x64.Build.0 = Debug|Any CPU
		{AE6BFFDA-4685-445A-AF1C-A035A624E0CB}.Debug|x86.ActiveCfg = Debug|Any CPU
		{AE6BFFDA-4685-445A-AF1C-A035A624E0CB}.Debug|x86.Build.0 = Debug|Any CPU
		{AE6BFFDA-4685-445A-AF1C-A035A624E0CB}.Release|Any CPU.ActiveCfg = Release|Any CPU
		{AE6BFFDA-4685-445A-AF1C-A035A624E0CB}.Release|Any CPU.Build.0 = Release|Any CPU
		{AE6BFFDA-4685-445A-AF1C-A035A624E0CB}.Release|x64.ActiveCfg = Release|Any CPU
		{AE6BFFDA-4685-445A-AF1C-A035A624E0CB}.Release|x64.Build.0 = Release|Any CPU
		{AE6BFFDA-4685-445A-AF1C-A035A624E0CB}.Release|x86.ActiveCfg = Release|Any CPU
		{AE6BFFDA-4685-445A-AF1C-A035A624E0CB}.Release|x86.Build.0 = Release|Any CPU
		{22A3577F-6E44-4E04-9EB1-5EE824D39BA7}.Debug|Any CPU.ActiveCfg = Debug|Any CPU
		{22A3577F-6E44-4E04-9EB1-5EE824D39BA7}.Debug|Any CPU.Build.0 = Debug|Any CPU
		{22A3577F-6E44-4E04-9EB1-5EE824D39BA7}.Debug|x64.ActiveCfg = Debug|Any CPU
		{22A3577F-6E44-4E04-9EB1-5EE824D39BA7}.Debug|x64.Build.0 = Debug|Any CPU
		{22A3577F-6E44-4E04-9EB1-5EE824D39BA7}.Debug|x86.ActiveCfg = Debug|Any CPU
		{22A3577F-6E44-4E04-9EB1-5EE824D39BA7}.Debug|x86.Build.0 = Debug|Any CPU
		{22A3577F-6E44-4E04-9EB1-5EE824D39BA7}.Release|Any CPU.ActiveCfg = Release|Any CPU
		{22A3577F-6E44-4E04-9EB1-5EE824D39BA7}.Release|Any CPU.Build.0 = Release|Any CPU
		{22A3577F-6E44-4E04-9EB1-5EE824D39BA7}.Release|x64.ActiveCfg = Release|Any CPU
		{22A3577F-6E44-4E04-9EB1-5EE824D39BA7}.Release|x64.Build.0 = Release|Any CPU
		{22A3577F-6E44-4E04-9EB1-5EE824D39BA7}.Release|x86.ActiveCfg = Release|Any CPU
		{22A3577F-6E44-4E04-9EB1-5EE824D39BA7}.Release|x86.Build.0 = Release|Any CPU
		{839A741A-9FA1-40FF-B058-7AD90EEC4DFF}.Debug|Any CPU.ActiveCfg = Debug|Any CPU
		{839A741A-9FA1-40FF-B058-7AD90EEC4DFF}.Debug|Any CPU.Build.0 = Debug|Any CPU
		{839A741A-9FA1-40FF-B058-7AD90EEC4DFF}.Debug|x64.ActiveCfg = Debug|Any CPU
		{839A741A-9FA1-40FF-B058-7AD90EEC4DFF}.Debug|x64.Build.0 = Debug|Any CPU
		{839A741A-9FA1-40FF-B058-7AD90EEC4DFF}.Debug|x86.ActiveCfg = Debug|Any CPU
		{839A741A-9FA1-40FF-B058-7AD90EEC4DFF}.Debug|x86.Build.0 = Debug|Any CPU
		{839A741A-9FA1-40FF-B058-7AD90EEC4DFF}.Release|Any CPU.ActiveCfg = Release|Any CPU
		{839A741A-9FA1-40FF-B058-7AD90EEC4DFF}.Release|Any CPU.Build.0 = Release|Any CPU
		{839A741A-9FA1-40FF-B058-7AD90EEC4DFF}.Release|x64.ActiveCfg = Release|Any CPU
		{839A741A-9FA1-40FF-B058-7AD90EEC4DFF}.Release|x64.Build.0 = Release|Any CPU
		{839A741A-9FA1-40FF-B058-7AD90EEC4DFF}.Release|x86.ActiveCfg = Release|Any CPU
		{839A741A-9FA1-40FF-B058-7AD90EEC4DFF}.Release|x86.Build.0 = Release|Any CPU
		{FBF38910-3132-49FF-95F2-FFB4C9CD9020}.Debug|Any CPU.ActiveCfg = Debug|Any CPU
		{FBF38910-3132-49FF-95F2-FFB4C9CD9020}.Debug|Any CPU.Build.0 = Debug|Any CPU
		{FBF38910-3132-49FF-95F2-FFB4C9CD9020}.Debug|x64.ActiveCfg = Debug|Any CPU
		{FBF38910-3132-49FF-95F2-FFB4C9CD9020}.Debug|x64.Build.0 = Debug|Any CPU
		{FBF38910-3132-49FF-95F2-FFB4C9CD9020}.Debug|x86.ActiveCfg = Debug|Any CPU
		{FBF38910-3132-49FF-95F2-FFB4C9CD9020}.Debug|x86.Build.0 = Debug|Any CPU
		{FBF38910-3132-49FF-95F2-FFB4C9CD9020}.Release|Any CPU.ActiveCfg = Release|Any CPU
		{FBF38910-3132-49FF-95F2-FFB4C9CD9020}.Release|Any CPU.Build.0 = Release|Any CPU
		{FBF38910-3132-49FF-95F2-FFB4C9CD9020}.Release|x64.ActiveCfg = Release|Any CPU
		{FBF38910-3132-49FF-95F2-FFB4C9CD9020}.Release|x64.Build.0 = Release|Any CPU
		{FBF38910-3132-49FF-95F2-FFB4C9CD9020}.Release|x86.ActiveCfg = Release|Any CPU
		{FBF38910-3132-49FF-95F2-FFB4C9CD9020}.Release|x86.Build.0 = Release|Any CPU
		{FD47A7B2-980D-4620-8AD5-FEAEBE479CCC}.Debug|Any CPU.ActiveCfg = Debug|Any CPU
		{FD47A7B2-980D-4620-8AD5-FEAEBE479CCC}.Debug|Any CPU.Build.0 = Debug|Any CPU
		{FD47A7B2-980D-4620-8AD5-FEAEBE479CCC}.Debug|x64.ActiveCfg = Debug|Any CPU
		{FD47A7B2-980D-4620-8AD5-FEAEBE479CCC}.Debug|x64.Build.0 = Debug|Any CPU
		{FD47A7B2-980D-4620-8AD5-FEAEBE479CCC}.Debug|x86.ActiveCfg = Debug|Any CPU
		{FD47A7B2-980D-4620-8AD5-FEAEBE479CCC}.Debug|x86.Build.0 = Debug|Any CPU
		{FD47A7B2-980D-4620-8AD5-FEAEBE479CCC}.Release|Any CPU.ActiveCfg = Release|Any CPU
		{FD47A7B2-980D-4620-8AD5-FEAEBE479CCC}.Release|Any CPU.Build.0 = Release|Any CPU
		{FD47A7B2-980D-4620-8AD5-FEAEBE479CCC}.Release|x64.ActiveCfg = Release|Any CPU
		{FD47A7B2-980D-4620-8AD5-FEAEBE479CCC}.Release|x64.Build.0 = Release|Any CPU
		{FD47A7B2-980D-4620-8AD5-FEAEBE479CCC}.Release|x86.ActiveCfg = Release|Any CPU
		{FD47A7B2-980D-4620-8AD5-FEAEBE479CCC}.Release|x86.Build.0 = Release|Any CPU
		{1A8F27DC-E560-4A62-8EC8-5214D3B61210}.Debug|Any CPU.ActiveCfg = Debug|Any CPU
		{1A8F27DC-E560-4A62-8EC8-5214D3B61210}.Debug|Any CPU.Build.0 = Debug|Any CPU
		{1A8F27DC-E560-4A62-8EC8-5214D3B61210}.Debug|x64.ActiveCfg = Debug|Any CPU
		{1A8F27DC-E560-4A62-8EC8-5214D3B61210}.Debug|x64.Build.0 = Debug|Any CPU
		{1A8F27DC-E560-4A62-8EC8-5214D3B61210}.Debug|x86.ActiveCfg = Debug|Any CPU
		{1A8F27DC-E560-4A62-8EC8-5214D3B61210}.Debug|x86.Build.0 = Debug|Any CPU
		{1A8F27DC-E560-4A62-8EC8-5214D3B61210}.Release|Any CPU.ActiveCfg = Release|Any CPU
		{1A8F27DC-E560-4A62-8EC8-5214D3B61210}.Release|Any CPU.Build.0 = Release|Any CPU
		{1A8F27DC-E560-4A62-8EC8-5214D3B61210}.Release|x64.ActiveCfg = Release|Any CPU
		{1A8F27DC-E560-4A62-8EC8-5214D3B61210}.Release|x64.Build.0 = Release|Any CPU
		{1A8F27DC-E560-4A62-8EC8-5214D3B61210}.Release|x86.ActiveCfg = Release|Any CPU
		{1A8F27DC-E560-4A62-8EC8-5214D3B61210}.Release|x86.Build.0 = Release|Any CPU
		{ED155050-85B1-4860-AE2F-F6ADF721279A}.Debug|Any CPU.ActiveCfg = Debug|Any CPU
		{ED155050-85B1-4860-AE2F-F6ADF721279A}.Debug|Any CPU.Build.0 = Debug|Any CPU
		{ED155050-85B1-4860-AE2F-F6ADF721279A}.Debug|x64.ActiveCfg = Debug|Any CPU
		{ED155050-85B1-4860-AE2F-F6ADF721279A}.Debug|x64.Build.0 = Debug|Any CPU
		{ED155050-85B1-4860-AE2F-F6ADF721279A}.Debug|x86.ActiveCfg = Debug|Any CPU
		{ED155050-85B1-4860-AE2F-F6ADF721279A}.Debug|x86.Build.0 = Debug|Any CPU
		{ED155050-85B1-4860-AE2F-F6ADF721279A}.Release|Any CPU.ActiveCfg = Release|Any CPU
		{ED155050-85B1-4860-AE2F-F6ADF721279A}.Release|Any CPU.Build.0 = Release|Any CPU
		{ED155050-85B1-4860-AE2F-F6ADF721279A}.Release|x64.ActiveCfg = Release|Any CPU
		{ED155050-85B1-4860-AE2F-F6ADF721279A}.Release|x64.Build.0 = Release|Any CPU
		{ED155050-85B1-4860-AE2F-F6ADF721279A}.Release|x86.ActiveCfg = Release|Any CPU
		{ED155050-85B1-4860-AE2F-F6ADF721279A}.Release|x86.Build.0 = Release|Any CPU
		{0043C08C-DADB-46F3-86AB-C16192E81615}.Debug|Any CPU.ActiveCfg = Debug|Any CPU
		{0043C08C-DADB-46F3-86AB-C16192E81615}.Debug|Any CPU.Build.0 = Debug|Any CPU
		{0043C08C-DADB-46F3-86AB-C16192E81615}.Debug|x64.ActiveCfg = Debug|Any CPU
		{0043C08C-DADB-46F3-86AB-C16192E81615}.Debug|x64.Build.0 = Debug|Any CPU
		{0043C08C-DADB-46F3-86AB-C16192E81615}.Debug|x86.ActiveCfg = Debug|Any CPU
		{0043C08C-DADB-46F3-86AB-C16192E81615}.Debug|x86.Build.0 = Debug|Any CPU
		{0043C08C-DADB-46F3-86AB-C16192E81615}.Release|Any CPU.ActiveCfg = Release|Any CPU
		{0043C08C-DADB-46F3-86AB-C16192E81615}.Release|Any CPU.Build.0 = Release|Any CPU
		{0043C08C-DADB-46F3-86AB-C16192E81615}.Release|x64.ActiveCfg = Release|Any CPU
		{0043C08C-DADB-46F3-86AB-C16192E81615}.Release|x64.Build.0 = Release|Any CPU
		{0043C08C-DADB-46F3-86AB-C16192E81615}.Release|x86.ActiveCfg = Release|Any CPU
		{0043C08C-DADB-46F3-86AB-C16192E81615}.Release|x86.Build.0 = Release|Any CPU
		{DF2EDBEE-42F6-40B6-994A-6CDBCBB358A9}.Debug|Any CPU.ActiveCfg = Debug|Any CPU
		{DF2EDBEE-42F6-40B6-994A-6CDBCBB358A9}.Debug|Any CPU.Build.0 = Debug|Any CPU
		{DF2EDBEE-42F6-40B6-994A-6CDBCBB358A9}.Debug|x64.ActiveCfg = Debug|Any CPU
		{DF2EDBEE-42F6-40B6-994A-6CDBCBB358A9}.Debug|x64.Build.0 = Debug|Any CPU
		{DF2EDBEE-42F6-40B6-994A-6CDBCBB358A9}.Debug|x86.ActiveCfg = Debug|Any CPU
		{DF2EDBEE-42F6-40B6-994A-6CDBCBB358A9}.Debug|x86.Build.0 = Debug|Any CPU
		{DF2EDBEE-42F6-40B6-994A-6CDBCBB358A9}.Release|Any CPU.ActiveCfg = Release|Any CPU
		{DF2EDBEE-42F6-40B6-994A-6CDBCBB358A9}.Release|Any CPU.Build.0 = Release|Any CPU
		{DF2EDBEE-42F6-40B6-994A-6CDBCBB358A9}.Release|x64.ActiveCfg = Release|Any CPU
		{DF2EDBEE-42F6-40B6-994A-6CDBCBB358A9}.Release|x64.Build.0 = Release|Any CPU
		{DF2EDBEE-42F6-40B6-994A-6CDBCBB358A9}.Release|x86.ActiveCfg = Release|Any CPU
		{DF2EDBEE-42F6-40B6-994A-6CDBCBB358A9}.Release|x86.Build.0 = Release|Any CPU
		{F5F2F241-1D50-4D5F-9C3A-BC07D1868B02}.Debug|Any CPU.ActiveCfg = Debug|Any CPU
		{F5F2F241-1D50-4D5F-9C3A-BC07D1868B02}.Debug|Any CPU.Build.0 = Debug|Any CPU
		{F5F2F241-1D50-4D5F-9C3A-BC07D1868B02}.Debug|x64.ActiveCfg = Debug|Any CPU
		{F5F2F241-1D50-4D5F-9C3A-BC07D1868B02}.Debug|x64.Build.0 = Debug|Any CPU
		{F5F2F241-1D50-4D5F-9C3A-BC07D1868B02}.Debug|x86.ActiveCfg = Debug|Any CPU
		{F5F2F241-1D50-4D5F-9C3A-BC07D1868B02}.Debug|x86.Build.0 = Debug|Any CPU
		{F5F2F241-1D50-4D5F-9C3A-BC07D1868B02}.Release|Any CPU.ActiveCfg = Release|Any CPU
		{F5F2F241-1D50-4D5F-9C3A-BC07D1868B02}.Release|Any CPU.Build.0 = Release|Any CPU
		{F5F2F241-1D50-4D5F-9C3A-BC07D1868B02}.Release|x64.ActiveCfg = Release|Any CPU
		{F5F2F241-1D50-4D5F-9C3A-BC07D1868B02}.Release|x64.Build.0 = Release|Any CPU
		{F5F2F241-1D50-4D5F-9C3A-BC07D1868B02}.Release|x86.ActiveCfg = Release|Any CPU
		{F5F2F241-1D50-4D5F-9C3A-BC07D1868B02}.Release|x86.Build.0 = Release|Any CPU
		{1F57F483-28C5-44D8-BA50-4F67C30E6A44}.Debug|Any CPU.ActiveCfg = Debug|Any CPU
		{1F57F483-28C5-44D8-BA50-4F67C30E6A44}.Debug|Any CPU.Build.0 = Debug|Any CPU
		{1F57F483-28C5-44D8-BA50-4F67C30E6A44}.Debug|x64.ActiveCfg = Debug|Any CPU
		{1F57F483-28C5-44D8-BA50-4F67C30E6A44}.Debug|x64.Build.0 = Debug|Any CPU
		{1F57F483-28C5-44D8-BA50-4F67C30E6A44}.Debug|x86.ActiveCfg = Debug|Any CPU
		{1F57F483-28C5-44D8-BA50-4F67C30E6A44}.Debug|x86.Build.0 = Debug|Any CPU
		{1F57F483-28C5-44D8-BA50-4F67C30E6A44}.Release|Any CPU.ActiveCfg = Release|Any CPU
		{1F57F483-28C5-44D8-BA50-4F67C30E6A44}.Release|Any CPU.Build.0 = Release|Any CPU
		{1F57F483-28C5-44D8-BA50-4F67C30E6A44}.Release|x64.ActiveCfg = Release|Any CPU
		{1F57F483-28C5-44D8-BA50-4F67C30E6A44}.Release|x64.Build.0 = Release|Any CPU
		{1F57F483-28C5-44D8-BA50-4F67C30E6A44}.Release|x86.ActiveCfg = Release|Any CPU
		{1F57F483-28C5-44D8-BA50-4F67C30E6A44}.Release|x86.Build.0 = Release|Any CPU
		{4D6EDA30-B2AB-4DD8-A875-416BA33A427B}.Debug|Any CPU.ActiveCfg = Debug|Any CPU
		{4D6EDA30-B2AB-4DD8-A875-416BA33A427B}.Debug|Any CPU.Build.0 = Debug|Any CPU
		{4D6EDA30-B2AB-4DD8-A875-416BA33A427B}.Debug|x64.ActiveCfg = Debug|Any CPU
		{4D6EDA30-B2AB-4DD8-A875-416BA33A427B}.Debug|x64.Build.0 = Debug|Any CPU
		{4D6EDA30-B2AB-4DD8-A875-416BA33A427B}.Debug|x86.ActiveCfg = Debug|Any CPU
		{4D6EDA30-B2AB-4DD8-A875-416BA33A427B}.Debug|x86.Build.0 = Debug|Any CPU
		{4D6EDA30-B2AB-4DD8-A875-416BA33A427B}.Release|Any CPU.ActiveCfg = Release|Any CPU
		{4D6EDA30-B2AB-4DD8-A875-416BA33A427B}.Release|Any CPU.Build.0 = Release|Any CPU
		{4D6EDA30-B2AB-4DD8-A875-416BA33A427B}.Release|x64.ActiveCfg = Release|Any CPU
		{4D6EDA30-B2AB-4DD8-A875-416BA33A427B}.Release|x64.Build.0 = Release|Any CPU
		{4D6EDA30-B2AB-4DD8-A875-416BA33A427B}.Release|x86.ActiveCfg = Release|Any CPU
		{4D6EDA30-B2AB-4DD8-A875-416BA33A427B}.Release|x86.Build.0 = Release|Any CPU
		{C4C210D9-29A8-45BC-80B0-99501903D115}.Debug|Any CPU.ActiveCfg = Debug|Any CPU
		{C4C210D9-29A8-45BC-80B0-99501903D115}.Debug|Any CPU.Build.0 = Debug|Any CPU
		{C4C210D9-29A8-45BC-80B0-99501903D115}.Debug|x64.ActiveCfg = Debug|Any CPU
		{C4C210D9-29A8-45BC-80B0-99501903D115}.Debug|x64.Build.0 = Debug|Any CPU
		{C4C210D9-29A8-45BC-80B0-99501903D115}.Debug|x86.ActiveCfg = Debug|Any CPU
		{C4C210D9-29A8-45BC-80B0-99501903D115}.Debug|x86.Build.0 = Debug|Any CPU
		{C4C210D9-29A8-45BC-80B0-99501903D115}.Release|Any CPU.ActiveCfg = Release|Any CPU
		{C4C210D9-29A8-45BC-80B0-99501903D115}.Release|Any CPU.Build.0 = Release|Any CPU
		{C4C210D9-29A8-45BC-80B0-99501903D115}.Release|x64.ActiveCfg = Release|Any CPU
		{C4C210D9-29A8-45BC-80B0-99501903D115}.Release|x64.Build.0 = Release|Any CPU
		{C4C210D9-29A8-45BC-80B0-99501903D115}.Release|x86.ActiveCfg = Release|Any CPU
		{C4C210D9-29A8-45BC-80B0-99501903D115}.Release|x86.Build.0 = Release|Any CPU
		{2099FA05-BBE1-4DBD-BE00-D5A57F4CD08F}.Debug|Any CPU.ActiveCfg = Debug|Any CPU
		{2099FA05-BBE1-4DBD-BE00-D5A57F4CD08F}.Debug|Any CPU.Build.0 = Debug|Any CPU
		{2099FA05-BBE1-4DBD-BE00-D5A57F4CD08F}.Debug|x64.ActiveCfg = Debug|Any CPU
		{2099FA05-BBE1-4DBD-BE00-D5A57F4CD08F}.Debug|x64.Build.0 = Debug|Any CPU
		{2099FA05-BBE1-4DBD-BE00-D5A57F4CD08F}.Debug|x86.ActiveCfg = Debug|Any CPU
		{2099FA05-BBE1-4DBD-BE00-D5A57F4CD08F}.Debug|x86.Build.0 = Debug|Any CPU
		{2099FA05-BBE1-4DBD-BE00-D5A57F4CD08F}.Release|Any CPU.ActiveCfg = Release|Any CPU
		{2099FA05-BBE1-4DBD-BE00-D5A57F4CD08F}.Release|Any CPU.Build.0 = Release|Any CPU
		{2099FA05-BBE1-4DBD-BE00-D5A57F4CD08F}.Release|x64.ActiveCfg = Release|Any CPU
		{2099FA05-BBE1-4DBD-BE00-D5A57F4CD08F}.Release|x64.Build.0 = Release|Any CPU
		{2099FA05-BBE1-4DBD-BE00-D5A57F4CD08F}.Release|x86.ActiveCfg = Release|Any CPU
		{2099FA05-BBE1-4DBD-BE00-D5A57F4CD08F}.Release|x86.Build.0 = Release|Any CPU
		{2CDCC049-F9A5-460E-9593-6EB076DB4113}.Debug|Any CPU.ActiveCfg = Debug|Any CPU
		{2CDCC049-F9A5-460E-9593-6EB076DB4113}.Debug|Any CPU.Build.0 = Debug|Any CPU
		{2CDCC049-F9A5-460E-9593-6EB076DB4113}.Debug|x64.ActiveCfg = Debug|Any CPU
		{2CDCC049-F9A5-460E-9593-6EB076DB4113}.Debug|x64.Build.0 = Debug|Any CPU
		{2CDCC049-F9A5-460E-9593-6EB076DB4113}.Debug|x86.ActiveCfg = Debug|Any CPU
		{2CDCC049-F9A5-460E-9593-6EB076DB4113}.Debug|x86.Build.0 = Debug|Any CPU
		{2CDCC049-F9A5-460E-9593-6EB076DB4113}.Release|Any CPU.ActiveCfg = Release|Any CPU
		{2CDCC049-F9A5-460E-9593-6EB076DB4113}.Release|Any CPU.Build.0 = Release|Any CPU
		{2CDCC049-F9A5-460E-9593-6EB076DB4113}.Release|x64.ActiveCfg = Release|Any CPU
		{2CDCC049-F9A5-460E-9593-6EB076DB4113}.Release|x64.Build.0 = Release|Any CPU
		{2CDCC049-F9A5-460E-9593-6EB076DB4113}.Release|x86.ActiveCfg = Release|Any CPU
		{2CDCC049-F9A5-460E-9593-6EB076DB4113}.Release|x86.Build.0 = Release|Any CPU
		{0186886E-7369-4ECE-8B89-28AAA4A45E8D}.Debug|Any CPU.ActiveCfg = Debug|Any CPU
		{0186886E-7369-4ECE-8B89-28AAA4A45E8D}.Debug|Any CPU.Build.0 = Debug|Any CPU
		{0186886E-7369-4ECE-8B89-28AAA4A45E8D}.Debug|x64.ActiveCfg = Debug|Any CPU
		{0186886E-7369-4ECE-8B89-28AAA4A45E8D}.Debug|x64.Build.0 = Debug|Any CPU
		{0186886E-7369-4ECE-8B89-28AAA4A45E8D}.Debug|x86.ActiveCfg = Debug|Any CPU
		{0186886E-7369-4ECE-8B89-28AAA4A45E8D}.Debug|x86.Build.0 = Debug|Any CPU
		{0186886E-7369-4ECE-8B89-28AAA4A45E8D}.Release|Any CPU.ActiveCfg = Release|Any CPU
		{0186886E-7369-4ECE-8B89-28AAA4A45E8D}.Release|Any CPU.Build.0 = Release|Any CPU
		{0186886E-7369-4ECE-8B89-28AAA4A45E8D}.Release|x64.ActiveCfg = Release|Any CPU
		{0186886E-7369-4ECE-8B89-28AAA4A45E8D}.Release|x64.Build.0 = Release|Any CPU
		{0186886E-7369-4ECE-8B89-28AAA4A45E8D}.Release|x86.ActiveCfg = Release|Any CPU
		{0186886E-7369-4ECE-8B89-28AAA4A45E8D}.Release|x86.Build.0 = Release|Any CPU
		{A0B63BAA-9E6F-45E5-AD00-D91E6D5C7DF0}.Debug|Any CPU.ActiveCfg = Debug|Any CPU
		{A0B63BAA-9E6F-45E5-AD00-D91E6D5C7DF0}.Debug|Any CPU.Build.0 = Debug|Any CPU
		{A0B63BAA-9E6F-45E5-AD00-D91E6D5C7DF0}.Debug|x64.ActiveCfg = Debug|Any CPU
		{A0B63BAA-9E6F-45E5-AD00-D91E6D5C7DF0}.Debug|x64.Build.0 = Debug|Any CPU
		{A0B63BAA-9E6F-45E5-AD00-D91E6D5C7DF0}.Debug|x86.ActiveCfg = Debug|Any CPU
		{A0B63BAA-9E6F-45E5-AD00-D91E6D5C7DF0}.Debug|x86.Build.0 = Debug|Any CPU
		{A0B63BAA-9E6F-45E5-AD00-D91E6D5C7DF0}.Release|Any CPU.ActiveCfg = Release|Any CPU
		{A0B63BAA-9E6F-45E5-AD00-D91E6D5C7DF0}.Release|Any CPU.Build.0 = Release|Any CPU
		{A0B63BAA-9E6F-45E5-AD00-D91E6D5C7DF0}.Release|x64.ActiveCfg = Release|Any CPU
		{A0B63BAA-9E6F-45E5-AD00-D91E6D5C7DF0}.Release|x64.Build.0 = Release|Any CPU
		{A0B63BAA-9E6F-45E5-AD00-D91E6D5C7DF0}.Release|x86.ActiveCfg = Release|Any CPU
		{A0B63BAA-9E6F-45E5-AD00-D91E6D5C7DF0}.Release|x86.Build.0 = Release|Any CPU
		{1A56B883-3DAF-4BDC-BE8D-4DE9D0C9C14E}.Debug|Any CPU.ActiveCfg = Debug|Any CPU
		{1A56B883-3DAF-4BDC-BE8D-4DE9D0C9C14E}.Debug|Any CPU.Build.0 = Debug|Any CPU
		{1A56B883-3DAF-4BDC-BE8D-4DE9D0C9C14E}.Debug|x64.ActiveCfg = Debug|Any CPU
		{1A56B883-3DAF-4BDC-BE8D-4DE9D0C9C14E}.Debug|x64.Build.0 = Debug|Any CPU
		{1A56B883-3DAF-4BDC-BE8D-4DE9D0C9C14E}.Debug|x86.ActiveCfg = Debug|Any CPU
		{1A56B883-3DAF-4BDC-BE8D-4DE9D0C9C14E}.Debug|x86.Build.0 = Debug|Any CPU
		{1A56B883-3DAF-4BDC-BE8D-4DE9D0C9C14E}.Release|Any CPU.ActiveCfg = Release|Any CPU
		{1A56B883-3DAF-4BDC-BE8D-4DE9D0C9C14E}.Release|Any CPU.Build.0 = Release|Any CPU
		{1A56B883-3DAF-4BDC-BE8D-4DE9D0C9C14E}.Release|x64.ActiveCfg = Release|Any CPU
		{1A56B883-3DAF-4BDC-BE8D-4DE9D0C9C14E}.Release|x64.Build.0 = Release|Any CPU
		{1A56B883-3DAF-4BDC-BE8D-4DE9D0C9C14E}.Release|x86.ActiveCfg = Release|Any CPU
		{1A56B883-3DAF-4BDC-BE8D-4DE9D0C9C14E}.Release|x86.Build.0 = Release|Any CPU
		{08AEEC99-D8BA-4719-BA36-C02EFFFCEC1D}.Debug|Any CPU.ActiveCfg = Debug|Any CPU
		{08AEEC99-D8BA-4719-BA36-C02EFFFCEC1D}.Debug|Any CPU.Build.0 = Debug|Any CPU
		{08AEEC99-D8BA-4719-BA36-C02EFFFCEC1D}.Debug|x64.ActiveCfg = Debug|Any CPU
		{08AEEC99-D8BA-4719-BA36-C02EFFFCEC1D}.Debug|x64.Build.0 = Debug|Any CPU
		{08AEEC99-D8BA-4719-BA36-C02EFFFCEC1D}.Debug|x86.ActiveCfg = Debug|Any CPU
		{08AEEC99-D8BA-4719-BA36-C02EFFFCEC1D}.Debug|x86.Build.0 = Debug|Any CPU
		{08AEEC99-D8BA-4719-BA36-C02EFFFCEC1D}.Release|Any CPU.ActiveCfg = Release|Any CPU
		{08AEEC99-D8BA-4719-BA36-C02EFFFCEC1D}.Release|Any CPU.Build.0 = Release|Any CPU
		{08AEEC99-D8BA-4719-BA36-C02EFFFCEC1D}.Release|x64.ActiveCfg = Release|Any CPU
		{08AEEC99-D8BA-4719-BA36-C02EFFFCEC1D}.Release|x64.Build.0 = Release|Any CPU
		{08AEEC99-D8BA-4719-BA36-C02EFFFCEC1D}.Release|x86.ActiveCfg = Release|Any CPU
		{08AEEC99-D8BA-4719-BA36-C02EFFFCEC1D}.Release|x86.Build.0 = Release|Any CPU
		{FF7E5F53-78D5-457C-871D-7F8C17CDA030}.Debug|Any CPU.ActiveCfg = Debug|Any CPU
		{FF7E5F53-78D5-457C-871D-7F8C17CDA030}.Debug|Any CPU.Build.0 = Debug|Any CPU
		{FF7E5F53-78D5-457C-871D-7F8C17CDA030}.Debug|x64.ActiveCfg = Debug|Any CPU
		{FF7E5F53-78D5-457C-871D-7F8C17CDA030}.Debug|x64.Build.0 = Debug|Any CPU
		{FF7E5F53-78D5-457C-871D-7F8C17CDA030}.Debug|x86.ActiveCfg = Debug|Any CPU
		{FF7E5F53-78D5-457C-871D-7F8C17CDA030}.Debug|x86.Build.0 = Debug|Any CPU
		{FF7E5F53-78D5-457C-871D-7F8C17CDA030}.Release|Any CPU.ActiveCfg = Release|Any CPU
		{FF7E5F53-78D5-457C-871D-7F8C17CDA030}.Release|Any CPU.Build.0 = Release|Any CPU
		{FF7E5F53-78D5-457C-871D-7F8C17CDA030}.Release|x64.ActiveCfg = Release|Any CPU
		{FF7E5F53-78D5-457C-871D-7F8C17CDA030}.Release|x64.Build.0 = Release|Any CPU
		{FF7E5F53-78D5-457C-871D-7F8C17CDA030}.Release|x86.ActiveCfg = Release|Any CPU
		{FF7E5F53-78D5-457C-871D-7F8C17CDA030}.Release|x86.Build.0 = Release|Any CPU
		{1954A45E-90CE-47EB-A63A-B0AC6298D532}.Debug|Any CPU.ActiveCfg = Debug|Any CPU
		{1954A45E-90CE-47EB-A63A-B0AC6298D532}.Debug|Any CPU.Build.0 = Debug|Any CPU
		{1954A45E-90CE-47EB-A63A-B0AC6298D532}.Debug|x64.ActiveCfg = Debug|Any CPU
		{1954A45E-90CE-47EB-A63A-B0AC6298D532}.Debug|x64.Build.0 = Debug|Any CPU
		{1954A45E-90CE-47EB-A63A-B0AC6298D532}.Debug|x86.ActiveCfg = Debug|Any CPU
		{1954A45E-90CE-47EB-A63A-B0AC6298D532}.Debug|x86.Build.0 = Debug|Any CPU
		{1954A45E-90CE-47EB-A63A-B0AC6298D532}.Release|Any CPU.ActiveCfg = Release|Any CPU
		{1954A45E-90CE-47EB-A63A-B0AC6298D532}.Release|Any CPU.Build.0 = Release|Any CPU
		{1954A45E-90CE-47EB-A63A-B0AC6298D532}.Release|x64.ActiveCfg = Release|Any CPU
		{1954A45E-90CE-47EB-A63A-B0AC6298D532}.Release|x64.Build.0 = Release|Any CPU
		{1954A45E-90CE-47EB-A63A-B0AC6298D532}.Release|x86.ActiveCfg = Release|Any CPU
		{1954A45E-90CE-47EB-A63A-B0AC6298D532}.Release|x86.Build.0 = Release|Any CPU
		{0670A3A7-4E59-4F03-A6D0-9493E9082D8A}.Debug|Any CPU.ActiveCfg = Debug|Any CPU
		{0670A3A7-4E59-4F03-A6D0-9493E9082D8A}.Debug|Any CPU.Build.0 = Debug|Any CPU
		{0670A3A7-4E59-4F03-A6D0-9493E9082D8A}.Debug|x64.ActiveCfg = Debug|Any CPU
		{0670A3A7-4E59-4F03-A6D0-9493E9082D8A}.Debug|x64.Build.0 = Debug|Any CPU
		{0670A3A7-4E59-4F03-A6D0-9493E9082D8A}.Debug|x86.ActiveCfg = Debug|Any CPU
		{0670A3A7-4E59-4F03-A6D0-9493E9082D8A}.Debug|x86.Build.0 = Debug|Any CPU
		{0670A3A7-4E59-4F03-A6D0-9493E9082D8A}.Release|Any CPU.ActiveCfg = Release|Any CPU
		{0670A3A7-4E59-4F03-A6D0-9493E9082D8A}.Release|Any CPU.Build.0 = Release|Any CPU
		{0670A3A7-4E59-4F03-A6D0-9493E9082D8A}.Release|x64.ActiveCfg = Release|Any CPU
		{0670A3A7-4E59-4F03-A6D0-9493E9082D8A}.Release|x64.Build.0 = Release|Any CPU
		{0670A3A7-4E59-4F03-A6D0-9493E9082D8A}.Release|x86.ActiveCfg = Release|Any CPU
		{0670A3A7-4E59-4F03-A6D0-9493E9082D8A}.Release|x86.Build.0 = Release|Any CPU
		{77BD3ADC-5A85-49E7-9FF4-709D1DA6A172}.Debug|Any CPU.ActiveCfg = Debug|Any CPU
		{77BD3ADC-5A85-49E7-9FF4-709D1DA6A172}.Debug|Any CPU.Build.0 = Debug|Any CPU
		{77BD3ADC-5A85-49E7-9FF4-709D1DA6A172}.Debug|x64.ActiveCfg = Debug|Any CPU
		{77BD3ADC-5A85-49E7-9FF4-709D1DA6A172}.Debug|x64.Build.0 = Debug|Any CPU
		{77BD3ADC-5A85-49E7-9FF4-709D1DA6A172}.Debug|x86.ActiveCfg = Debug|Any CPU
		{77BD3ADC-5A85-49E7-9FF4-709D1DA6A172}.Debug|x86.Build.0 = Debug|Any CPU
		{77BD3ADC-5A85-49E7-9FF4-709D1DA6A172}.Release|Any CPU.ActiveCfg = Release|Any CPU
		{77BD3ADC-5A85-49E7-9FF4-709D1DA6A172}.Release|Any CPU.Build.0 = Release|Any CPU
		{77BD3ADC-5A85-49E7-9FF4-709D1DA6A172}.Release|x64.ActiveCfg = Release|Any CPU
		{77BD3ADC-5A85-49E7-9FF4-709D1DA6A172}.Release|x64.Build.0 = Release|Any CPU
		{77BD3ADC-5A85-49E7-9FF4-709D1DA6A172}.Release|x86.ActiveCfg = Release|Any CPU
		{77BD3ADC-5A85-49E7-9FF4-709D1DA6A172}.Release|x86.Build.0 = Release|Any CPU
		{82A199B1-1A82-42BF-BC55-536DE17A45C8}.Debug|Any CPU.ActiveCfg = Debug|Any CPU
		{82A199B1-1A82-42BF-BC55-536DE17A45C8}.Debug|Any CPU.Build.0 = Debug|Any CPU
		{82A199B1-1A82-42BF-BC55-536DE17A45C8}.Debug|x64.ActiveCfg = Debug|Any CPU
		{82A199B1-1A82-42BF-BC55-536DE17A45C8}.Debug|x64.Build.0 = Debug|Any CPU
		{82A199B1-1A82-42BF-BC55-536DE17A45C8}.Debug|x86.ActiveCfg = Debug|Any CPU
		{82A199B1-1A82-42BF-BC55-536DE17A45C8}.Debug|x86.Build.0 = Debug|Any CPU
		{82A199B1-1A82-42BF-BC55-536DE17A45C8}.Release|Any CPU.ActiveCfg = Release|Any CPU
		{82A199B1-1A82-42BF-BC55-536DE17A45C8}.Release|Any CPU.Build.0 = Release|Any CPU
		{82A199B1-1A82-42BF-BC55-536DE17A45C8}.Release|x64.ActiveCfg = Release|Any CPU
		{82A199B1-1A82-42BF-BC55-536DE17A45C8}.Release|x64.Build.0 = Release|Any CPU
		{82A199B1-1A82-42BF-BC55-536DE17A45C8}.Release|x86.ActiveCfg = Release|Any CPU
		{82A199B1-1A82-42BF-BC55-536DE17A45C8}.Release|x86.Build.0 = Release|Any CPU
		{B9862969-5B01-4CF2-994F-9988D1F5A541}.Debug|Any CPU.ActiveCfg = Debug|Any CPU
		{B9862969-5B01-4CF2-994F-9988D1F5A541}.Debug|Any CPU.Build.0 = Debug|Any CPU
		{B9862969-5B01-4CF2-994F-9988D1F5A541}.Debug|x64.ActiveCfg = Debug|Any CPU
		{B9862969-5B01-4CF2-994F-9988D1F5A541}.Debug|x64.Build.0 = Debug|Any CPU
		{B9862969-5B01-4CF2-994F-9988D1F5A541}.Debug|x86.ActiveCfg = Debug|Any CPU
		{B9862969-5B01-4CF2-994F-9988D1F5A541}.Debug|x86.Build.0 = Debug|Any CPU
		{B9862969-5B01-4CF2-994F-9988D1F5A541}.Release|Any CPU.ActiveCfg = Release|Any CPU
		{B9862969-5B01-4CF2-994F-9988D1F5A541}.Release|Any CPU.Build.0 = Release|Any CPU
		{B9862969-5B01-4CF2-994F-9988D1F5A541}.Release|x64.ActiveCfg = Release|Any CPU
		{B9862969-5B01-4CF2-994F-9988D1F5A541}.Release|x64.Build.0 = Release|Any CPU
		{B9862969-5B01-4CF2-994F-9988D1F5A541}.Release|x86.ActiveCfg = Release|Any CPU
		{B9862969-5B01-4CF2-994F-9988D1F5A541}.Release|x86.Build.0 = Release|Any CPU
		{21FC0B0C-AC2D-4A3C-9EA7-4CBF91DD0DFC}.Debug|Any CPU.ActiveCfg = Debug|Any CPU
		{21FC0B0C-AC2D-4A3C-9EA7-4CBF91DD0DFC}.Debug|Any CPU.Build.0 = Debug|Any CPU
		{21FC0B0C-AC2D-4A3C-9EA7-4CBF91DD0DFC}.Debug|x64.ActiveCfg = Debug|Any CPU
		{21FC0B0C-AC2D-4A3C-9EA7-4CBF91DD0DFC}.Debug|x64.Build.0 = Debug|Any CPU
		{21FC0B0C-AC2D-4A3C-9EA7-4CBF91DD0DFC}.Debug|x86.ActiveCfg = Debug|Any CPU
		{21FC0B0C-AC2D-4A3C-9EA7-4CBF91DD0DFC}.Debug|x86.Build.0 = Debug|Any CPU
		{21FC0B0C-AC2D-4A3C-9EA7-4CBF91DD0DFC}.Release|Any CPU.ActiveCfg = Release|Any CPU
		{21FC0B0C-AC2D-4A3C-9EA7-4CBF91DD0DFC}.Release|Any CPU.Build.0 = Release|Any CPU
		{21FC0B0C-AC2D-4A3C-9EA7-4CBF91DD0DFC}.Release|x64.ActiveCfg = Release|Any CPU
		{21FC0B0C-AC2D-4A3C-9EA7-4CBF91DD0DFC}.Release|x64.Build.0 = Release|Any CPU
		{21FC0B0C-AC2D-4A3C-9EA7-4CBF91DD0DFC}.Release|x86.ActiveCfg = Release|Any CPU
		{21FC0B0C-AC2D-4A3C-9EA7-4CBF91DD0DFC}.Release|x86.Build.0 = Release|Any CPU
		{B87F6881-4102-4516-98BB-80A153A89DF3}.Debug|Any CPU.ActiveCfg = Debug|Any CPU
		{B87F6881-4102-4516-98BB-80A153A89DF3}.Debug|Any CPU.Build.0 = Debug|Any CPU
		{B87F6881-4102-4516-98BB-80A153A89DF3}.Debug|x64.ActiveCfg = Debug|Any CPU
		{B87F6881-4102-4516-98BB-80A153A89DF3}.Debug|x64.Build.0 = Debug|Any CPU
		{B87F6881-4102-4516-98BB-80A153A89DF3}.Debug|x86.ActiveCfg = Debug|Any CPU
		{B87F6881-4102-4516-98BB-80A153A89DF3}.Debug|x86.Build.0 = Debug|Any CPU
		{B87F6881-4102-4516-98BB-80A153A89DF3}.Release|Any CPU.ActiveCfg = Release|Any CPU
		{B87F6881-4102-4516-98BB-80A153A89DF3}.Release|Any CPU.Build.0 = Release|Any CPU
		{B87F6881-4102-4516-98BB-80A153A89DF3}.Release|x64.ActiveCfg = Release|Any CPU
		{B87F6881-4102-4516-98BB-80A153A89DF3}.Release|x64.Build.0 = Release|Any CPU
		{B87F6881-4102-4516-98BB-80A153A89DF3}.Release|x86.ActiveCfg = Release|Any CPU
		{B87F6881-4102-4516-98BB-80A153A89DF3}.Release|x86.Build.0 = Release|Any CPU
		{19807AEB-17BE-4D9E-A15E-A71431B63B3C}.Debug|Any CPU.ActiveCfg = Debug|Any CPU
		{19807AEB-17BE-4D9E-A15E-A71431B63B3C}.Debug|Any CPU.Build.0 = Debug|Any CPU
		{19807AEB-17BE-4D9E-A15E-A71431B63B3C}.Debug|x64.ActiveCfg = Debug|Any CPU
		{19807AEB-17BE-4D9E-A15E-A71431B63B3C}.Debug|x64.Build.0 = Debug|Any CPU
		{19807AEB-17BE-4D9E-A15E-A71431B63B3C}.Debug|x86.ActiveCfg = Debug|Any CPU
		{19807AEB-17BE-4D9E-A15E-A71431B63B3C}.Debug|x86.Build.0 = Debug|Any CPU
		{19807AEB-17BE-4D9E-A15E-A71431B63B3C}.Release|Any CPU.ActiveCfg = Release|Any CPU
		{19807AEB-17BE-4D9E-A15E-A71431B63B3C}.Release|Any CPU.Build.0 = Release|Any CPU
		{19807AEB-17BE-4D9E-A15E-A71431B63B3C}.Release|x64.ActiveCfg = Release|Any CPU
		{19807AEB-17BE-4D9E-A15E-A71431B63B3C}.Release|x64.Build.0 = Release|Any CPU
		{19807AEB-17BE-4D9E-A15E-A71431B63B3C}.Release|x86.ActiveCfg = Release|Any CPU
		{19807AEB-17BE-4D9E-A15E-A71431B63B3C}.Release|x86.Build.0 = Release|Any CPU
	EndGlobalSection
	GlobalSection(SolutionProperties) = preSolution
		HideSolutionNode = FALSE
	EndGlobalSection
	GlobalSection(NestedProjects) = preSolution
		{0043C08C-DADB-46F3-86AB-C16192E81615} = {E05196B5-551D-5AD7-3BC0-DC228B104E4D}
		{2CDCC049-F9A5-460E-9593-6EB076DB4113} = {4F52FD11-658E-A102-6CD3-7D7C16FFA15B}
		{FF7E5F53-78D5-457C-871D-7F8C17CDA030} = {C1E8875C-D70B-9A5C-543D-852EF2502BBD}
		{0670A3A7-4E59-4F03-A6D0-9493E9082D8A} = {F2892F7D-49D2-0969-2635-C4CE9CCFB03E}
		{77BD3ADC-5A85-49E7-9FF4-709D1DA6A172} = {59E94403-2D99-750A-1EA4-0C1FA3AC95B2}
		{82A199B1-1A82-42BF-BC55-536DE17A45C8} = {6B6A9D20-1EA0-9357-3B09-C6BC2B90364F}
		{B87F6881-4102-4516-98BB-80A153A89DF3} = {C30EA34C-96E3-EEAB-A84E-085AED71DD06}
		{19807AEB-17BE-4D9E-A15E-A71431B63B3C} = {617AE927-A5CE-9280-A225-278160591262}
	EndGlobalSection
EndGlobal
