
Microsoft Visual Studio Solution File, Format Version 12.00
# Visual Studio Version 17
VisualStudioVersion = 17.0.31903.59
MinimumVisualStudioVersion = 10.0.40219.1
Project("{2150E333-8FDC-42A3-9474-1A3956D46DE8}") = "Shared", "Shared", "{4F52FD11-658E-A102-6CD3-7D7C16FFA15B}"
EndProject
Project("{FAE04EC0-301F-11D3-BF4B-00C04F79EFBC}") = "Benzene.Examples.GoogleCloudMesh.Shared", "Shared\Benzene.Examples.GoogleCloudMesh.Shared.csproj", "{F177EDE6-C5F9-4D92-B904-F7DE4A2156B9}"
EndProject
Project("{FAE04EC0-301F-11D3-BF4B-00C04F79EFBC}") = "Benzene.GoogleCloud.Functions.Core", "..\..\src\Benzene.GoogleCloud.Functions.Core\Benzene.GoogleCloud.Functions.Core.csproj", "{E49993D2-87E9-4E22-A702-D94527697078}"
EndProject
Project("{FAE04EC0-301F-11D3-BF4B-00C04F79EFBC}") = "Benzene.Abstractions.Pipelines", "..\..\src\Benzene.Abstractions.Pipelines\Benzene.Abstractions.Pipelines.csproj", "{59C7FA1C-8ABF-4FB3-BA15-FE6BEB5AC41F}"
EndProject
Project("{FAE04EC0-301F-11D3-BF4B-00C04F79EFBC}") = "Benzene.Abstractions.MessageHandlers", "..\..\src\Benzene.Abstractions.MessageHandlers\Benzene.Abstractions.MessageHandlers.csproj", "{45C0758F-8E5C-48B7-B867-A4E6FE532528}"
EndProject
Project("{FAE04EC0-301F-11D3-BF4B-00C04F79EFBC}") = "Benzene.Abstractions.Messages", "..\..\src\Benzene.Abstractions.Messages\Benzene.Abstractions.Messages.csproj", "{8F3FDEB1-C6BC-47DC-9AC9-524CE6137640}"
EndProject
Project("{FAE04EC0-301F-11D3-BF4B-00C04F79EFBC}") = "Benzene.Abstractions.Middleware", "..\..\src\Benzene.Abstractions.Middleware\Benzene.Abstractions.Middleware.csproj", "{69FE6954-BBF2-4935-9928-B68BD92E651F}"
EndProject
Project("{FAE04EC0-301F-11D3-BF4B-00C04F79EFBC}") = "Benzene.Abstractions", "..\..\src\Benzene.Abstractions\Benzene.Abstractions.csproj", "{3D85E464-5929-4173-9E9D-1DA29AA66FE6}"
EndProject
Project("{FAE04EC0-301F-11D3-BF4B-00C04F79EFBC}") = "Benzene.Results", "..\..\src\Benzene.Results\Benzene.Results.csproj", "{4AC24254-8703-41CB-878D-96624741B714}"
EndProject
Project("{FAE04EC0-301F-11D3-BF4B-00C04F79EFBC}") = "Benzene.Microsoft.Dependencies", "..\..\src\Benzene.Microsoft.Dependencies\Benzene.Microsoft.Dependencies.csproj", "{8F3335A7-2BFD-441E-973E-8E8D003558D1}"
EndProject
Project("{FAE04EC0-301F-11D3-BF4B-00C04F79EFBC}") = "Benzene.Core", "..\..\src\Benzene.Core\Benzene.Core.csproj", "{64542757-30E5-426F-B8CC-DE2CDB315DD2}"
EndProject
Project("{FAE04EC0-301F-11D3-BF4B-00C04F79EFBC}") = "Benzene.GoogleCloud.Functions.Http", "..\..\src\Benzene.GoogleCloud.Functions.Http\Benzene.GoogleCloud.Functions.Http.csproj", "{7E072E19-110F-471A-879B-5426F4922E8F}"
EndProject
Project("{FAE04EC0-301F-11D3-BF4B-00C04F79EFBC}") = "Benzene.AspNet.Core", "..\..\src\Benzene.AspNet.Core\Benzene.AspNet.Core.csproj", "{F31B8BE4-4594-4DF4-A834-60D817817152}"
EndProject
Project("{FAE04EC0-301F-11D3-BF4B-00C04F79EFBC}") = "Benzene.Core.MessageHandlers", "..\..\src\Benzene.Core.MessageHandlers\Benzene.Core.MessageHandlers.csproj", "{A5C5819E-038C-4CDE-B349-0D34D648A30F}"
EndProject
Project("{FAE04EC0-301F-11D3-BF4B-00C04F79EFBC}") = "Benzene.Core.Messages", "..\..\src\Benzene.Core.Messages\Benzene.Core.Messages.csproj", "{45DEA4F6-6775-4DBB-B9B1-6234ACD7634F}"
EndProject
Project("{FAE04EC0-301F-11D3-BF4B-00C04F79EFBC}") = "Benzene.Core.Middleware", "..\..\src\Benzene.Core.Middleware\Benzene.Core.Middleware.csproj", "{8F591432-CC5D-4563-9487-F087BAF5A54F}"
EndProject
Project("{FAE04EC0-301F-11D3-BF4B-00C04F79EFBC}") = "Benzene.Http", "..\..\src\Benzene.Http\Benzene.Http.csproj", "{E55E9D45-DF4F-4082-8747-2BB22CF4F01E}"
EndProject
Project("{FAE04EC0-301F-11D3-BF4B-00C04F79EFBC}") = "Benzene.GoogleCloud.Functions.PubSub", "..\..\src\Benzene.GoogleCloud.Functions.PubSub\Benzene.GoogleCloud.Functions.PubSub.csproj", "{3EEF1A0B-2129-40E2-90D4-0A8AB4B1173C}"
EndProject
Project("{FAE04EC0-301F-11D3-BF4B-00C04F79EFBC}") = "Benzene.Clients.GoogleCloud.PubSub", "..\..\src\Benzene.Clients.GoogleCloud.PubSub\Benzene.Clients.GoogleCloud.PubSub.csproj", "{C015E22A-DFC5-476F-9383-531DBC904F3A}"
EndProject
Project("{FAE04EC0-301F-11D3-BF4B-00C04F79EFBC}") = "Benzene.Clients", "..\..\src\Benzene.Clients\Benzene.Clients.csproj", "{C15D8D67-4F70-4C99-9B48-902EBC0F6F9C}"
EndProject
Project("{FAE04EC0-301F-11D3-BF4B-00C04F79EFBC}") = "Benzene.CloudService", "..\..\src\Benzene.CloudService\Benzene.CloudService.csproj", "{AE3B79D0-AEA6-4D4C-96F0-B6CA918AFF23}"
EndProject
Project("{FAE04EC0-301F-11D3-BF4B-00C04F79EFBC}") = "Benzene.HealthChecks", "..\..\src\Benzene.HealthChecks\Benzene.HealthChecks.csproj", "{BDB0AEC7-0841-427F-8CE1-6D1C3898A3A4}"
EndProject
Project("{FAE04EC0-301F-11D3-BF4B-00C04F79EFBC}") = "Benzene.HealthChecks.Core", "..\..\src\Benzene.HealthChecks.Core\Benzene.HealthChecks.Core.csproj", "{C13909D8-3925-458E-A630-0270BD7B474E}"
EndProject
Project("{FAE04EC0-301F-11D3-BF4B-00C04F79EFBC}") = "Benzene.Mesh.Wire", "..\..\src\Benzene.Mesh.Wire\Benzene.Mesh.Wire.csproj", "{5F047371-E095-4D3C-A226-FA0041E9612E}"
EndProject
Project("{FAE04EC0-301F-11D3-BF4B-00C04F79EFBC}") = "Benzene.Schema.OpenApi", "..\..\src\Benzene.Schema.OpenApi\Benzene.Schema.OpenApi.csproj", "{D0E079DB-8BEF-451D-AF69-A567B4873CEA}"
EndProject
Project("{FAE04EC0-301F-11D3-BF4B-00C04F79EFBC}") = "Benzene.Abstractions.Validation", "..\..\src\Benzene.Abstractions.Validation\Benzene.Abstractions.Validation.csproj", "{079E8C72-5044-4DBF-9A91-7C5B238A68F7}"
EndProject
Project("{FAE04EC0-301F-11D3-BF4B-00C04F79EFBC}") = "Benzene.Diagnostics", "..\..\src\Benzene.Diagnostics\Benzene.Diagnostics.csproj", "{CD1305B7-76F9-4B4B-A84C-15E7ADFC377B}"
EndProject
Project("{FAE04EC0-301F-11D3-BF4B-00C04F79EFBC}") = "Benzene.ResponseEvents", "..\..\src\Benzene.ResponseEvents\Benzene.ResponseEvents.csproj", "{652DE846-AA5B-4B33-9966-7AB4FC151943}"
EndProject
Project("{2150E333-8FDC-42A3-9474-1A3956D46DE8}") = "Orders", "Orders", "{C1E8875C-D70B-9A5C-543D-852EF2502BBD}"
EndProject
Project("{FAE04EC0-301F-11D3-BF4B-00C04F79EFBC}") = "Benzene.Examples.GoogleCloudMesh.Orders", "Orders\Benzene.Examples.GoogleCloudMesh.Orders.csproj", "{C4A0F0AD-E967-4088-8E89-7B9494CEE197}"
EndProject
Project("{2150E333-8FDC-42A3-9474-1A3956D46DE8}") = "Payments", "Payments", "{F2892F7D-49D2-0969-2635-C4CE9CCFB03E}"
EndProject
Project("{FAE04EC0-301F-11D3-BF4B-00C04F79EFBC}") = "Benzene.Examples.GoogleCloudMesh.Payments", "Payments\Benzene.Examples.GoogleCloudMesh.Payments.csproj", "{07C7A104-459A-486F-BBF6-9ADFCD35AE9B}"
EndProject
Project("{2150E333-8FDC-42A3-9474-1A3956D46DE8}") = "Shipping", "Shipping", "{59E94403-2D99-750A-1EA4-0C1FA3AC95B2}"
EndProject
Project("{FAE04EC0-301F-11D3-BF4B-00C04F79EFBC}") = "Benzene.Examples.GoogleCloudMesh.Shipping", "Shipping\Benzene.Examples.GoogleCloudMesh.Shipping.csproj", "{D195149D-5651-49CC-A95E-06CEE311FB52}"
EndProject
Project("{2150E333-8FDC-42A3-9474-1A3956D46DE8}") = "Notifications", "Notifications", "{C30EA34C-96E3-EEAB-A84E-085AED71DD06}"
EndProject
Project("{FAE04EC0-301F-11D3-BF4B-00C04F79EFBC}") = "Benzene.Examples.GoogleCloudMesh.Notifications", "Notifications\Benzene.Examples.GoogleCloudMesh.Notifications.csproj", "{DF970124-103D-4E24-A895-3F91FBD8E39C}"
EndProject
Project("{2150E333-8FDC-42A3-9474-1A3956D46DE8}") = "Mesh", "Mesh", "{E05196B5-551D-5AD7-3BC0-DC228B104E4D}"
EndProject
Project("{FAE04EC0-301F-11D3-BF4B-00C04F79EFBC}") = "Benzene.Examples.GoogleCloudMesh.Mesh", "Mesh\Benzene.Examples.GoogleCloudMesh.Mesh.csproj", "{286C5E07-BE74-4469-A24F-0C8BF39E8D68}"
EndProject
Project("{FAE04EC0-301F-11D3-BF4B-00C04F79EFBC}") = "Benzene.Mesh.Aggregator", "..\..\src\Benzene.Mesh.Aggregator\Benzene.Mesh.Aggregator.csproj", "{3808F673-3319-46FC-BB93-700D2CEEDF34}"
EndProject
Project("{FAE04EC0-301F-11D3-BF4B-00C04F79EFBC}") = "Benzene.Mesh.Contracts", "..\..\src\Benzene.Mesh.Contracts\Benzene.Mesh.Contracts.csproj", "{58FD43B6-BA4F-404C-A6AA-A611AEF60995}"
EndProject
Project("{FAE04EC0-301F-11D3-BF4B-00C04F79EFBC}") = "Benzene.Mesh.GoogleCloud.Storage", "..\..\src\Benzene.Mesh.GoogleCloud.Storage\Benzene.Mesh.GoogleCloud.Storage.csproj", "{F1391759-8E10-47EB-A897-7279CE4B4203}"
EndProject
Project("{FAE04EC0-301F-11D3-BF4B-00C04F79EFBC}") = "Benzene.Mesh.Ui", "..\..\src\Benzene.Mesh.Ui\Benzene.Mesh.Ui.csproj", "{D16E295A-5F21-4F2B-9B23-8B5FBC318B92}"
EndProject
Global
	GlobalSection(SolutionConfigurationPlatforms) = preSolution
		Debug|Any CPU = Debug|Any CPU
		Debug|x64 = Debug|x64
		Debug|x86 = Debug|x86
		Release|Any CPU = Release|Any CPU
		Release|x64 = Release|x64
		Release|x86 = Release|x86
	EndGlobalSection
	GlobalSection(ProjectConfigurationPlatforms) = postSolution
		{F177EDE6-C5F9-4D92-B904-F7DE4A2156B9}.Debug|Any CPU.ActiveCfg = Debug|Any CPU
		{F177EDE6-C5F9-4D92-B904-F7DE4A2156B9}.Debug|Any CPU.Build.0 = Debug|Any CPU
		{F177EDE6-C5F9-4D92-B904-F7DE4A2156B9}.Debug|x64.ActiveCfg = Debug|Any CPU
		{F177EDE6-C5F9-4D92-B904-F7DE4A2156B9}.Debug|x64.Build.0 = Debug|Any CPU
		{F177EDE6-C5F9-4D92-B904-F7DE4A2156B9}.Debug|x86.ActiveCfg = Debug|Any CPU
		{F177EDE6-C5F9-4D92-B904-F7DE4A2156B9}.Debug|x86.Build.0 = Debug|Any CPU
		{F177EDE6-C5F9-4D92-B904-F7DE4A2156B9}.Release|Any CPU.ActiveCfg = Release|Any CPU
		{F177EDE6-C5F9-4D92-B904-F7DE4A2156B9}.Release|Any CPU.Build.0 = Release|Any CPU
		{F177EDE6-C5F9-4D92-B904-F7DE4A2156B9}.Release|x64.ActiveCfg = Release|Any CPU
		{F177EDE6-C5F9-4D92-B904-F7DE4A2156B9}.Release|x64.Build.0 = Release|Any CPU
		{F177EDE6-C5F9-4D92-B904-F7DE4A2156B9}.Release|x86.ActiveCfg = Release|Any CPU
		{F177EDE6-C5F9-4D92-B904-F7DE4A2156B9}.Release|x86.Build.0 = Release|Any CPU
		{E49993D2-87E9-4E22-A702-D94527697078}.Debug|Any CPU.ActiveCfg = Debug|Any CPU
		{E49993D2-87E9-4E22-A702-D94527697078}.Debug|Any CPU.Build.0 = Debug|Any CPU
		{E49993D2-87E9-4E22-A702-D94527697078}.Debug|x64.ActiveCfg = Debug|Any CPU
		{E49993D2-87E9-4E22-A702-D94527697078}.Debug|x64.Build.0 = Debug|Any CPU
		{E49993D2-87E9-4E22-A702-D94527697078}.Debug|x86.ActiveCfg = Debug|Any CPU
		{E49993D2-87E9-4E22-A702-D94527697078}.Debug|x86.Build.0 = Debug|Any CPU
		{E49993D2-87E9-4E22-A702-D94527697078}.Release|Any CPU.ActiveCfg = Release|Any CPU
		{E49993D2-87E9-4E22-A702-D94527697078}.Release|Any CPU.Build.0 = Release|Any CPU
		{E49993D2-87E9-4E22-A702-D94527697078}.Release|x64.ActiveCfg = Release|Any CPU
		{E49993D2-87E9-4E22-A702-D94527697078}.Release|x64.Build.0 = Release|Any CPU
		{E49993D2-87E9-4E22-A702-D94527697078}.Release|x86.ActiveCfg = Release|Any CPU
		{E49993D2-87E9-4E22-A702-D94527697078}.Release|x86.Build.0 = Release|Any CPU
		{59C7FA1C-8ABF-4FB3-BA15-FE6BEB5AC41F}.Debug|Any CPU.ActiveCfg = Debug|Any CPU
		{59C7FA1C-8ABF-4FB3-BA15-FE6BEB5AC41F}.Debug|Any CPU.Build.0 = Debug|Any CPU
		{59C7FA1C-8ABF-4FB3-BA15-FE6BEB5AC41F}.Debug|x64.ActiveCfg = Debug|Any CPU
		{59C7FA1C-8ABF-4FB3-BA15-FE6BEB5AC41F}.Debug|x64.Build.0 = Debug|Any CPU
		{59C7FA1C-8ABF-4FB3-BA15-FE6BEB5AC41F}.Debug|x86.ActiveCfg = Debug|Any CPU
		{59C7FA1C-8ABF-4FB3-BA15-FE6BEB5AC41F}.Debug|x86.Build.0 = Debug|Any CPU
		{59C7FA1C-8ABF-4FB3-BA15-FE6BEB5AC41F}.Release|Any CPU.ActiveCfg = Release|Any CPU
		{59C7FA1C-8ABF-4FB3-BA15-FE6BEB5AC41F}.Release|Any CPU.Build.0 = Release|Any CPU
		{59C7FA1C-8ABF-4FB3-BA15-FE6BEB5AC41F}.Release|x64.ActiveCfg = Release|Any CPU
		{59C7FA1C-8ABF-4FB3-BA15-FE6BEB5AC41F}.Release|x64.Build.0 = Release|Any CPU
		{59C7FA1C-8ABF-4FB3-BA15-FE6BEB5AC41F}.Release|x86.ActiveCfg = Release|Any CPU
		{59C7FA1C-8ABF-4FB3-BA15-FE6BEB5AC41F}.Release|x86.Build.0 = Release|Any CPU
		{45C0758F-8E5C-48B7-B867-A4E6FE532528}.Debug|Any CPU.ActiveCfg = Debug|Any CPU
		{45C0758F-8E5C-48B7-B867-A4E6FE532528}.Debug|Any CPU.Build.0 = Debug|Any CPU
		{45C0758F-8E5C-48B7-B867-A4E6FE532528}.Debug|x64.ActiveCfg = Debug|Any CPU
		{45C0758F-8E5C-48B7-B867-A4E6FE532528}.Debug|x64.Build.0 = Debug|Any CPU
		{45C0758F-8E5C-48B7-B867-A4E6FE532528}.Debug|x86.ActiveCfg = Debug|Any CPU
		{45C0758F-8E5C-48B7-B867-A4E6FE532528}.Debug|x86.Build.0 = Debug|Any CPU
		{45C0758F-8E5C-48B7-B867-A4E6FE532528}.Release|Any CPU.ActiveCfg = Release|Any CPU
		{45C0758F-8E5C-48B7-B867-A4E6FE532528}.Release|Any CPU.Build.0 = Release|Any CPU
		{45C0758F-8E5C-48B7-B867-A4E6FE532528}.Release|x64.ActiveCfg = Release|Any CPU
		{45C0758F-8E5C-48B7-B867-A4E6FE532528}.Release|x64.Build.0 = Release|Any CPU
		{45C0758F-8E5C-48B7-B867-A4E6FE532528}.Release|x86.ActiveCfg = Release|Any CPU
		{45C0758F-8E5C-48B7-B867-A4E6FE532528}.Release|x86.Build.0 = Release|Any CPU
		{8F3FDEB1-C6BC-47DC-9AC9-524CE6137640}.Debug|Any CPU.ActiveCfg = Debug|Any CPU
		{8F3FDEB1-C6BC-47DC-9AC9-524CE6137640}.Debug|Any CPU.Build.0 = Debug|Any CPU
		{8F3FDEB1-C6BC-47DC-9AC9-524CE6137640}.Debug|x64.ActiveCfg = Debug|Any CPU
		{8F3FDEB1-C6BC-47DC-9AC9-524CE6137640}.Debug|x64.Build.0 = Debug|Any CPU
		{8F3FDEB1-C6BC-47DC-9AC9-524CE6137640}.Debug|x86.ActiveCfg = Debug|Any CPU
		{8F3FDEB1-C6BC-47DC-9AC9-524CE6137640}.Debug|x86.Build.0 = Debug|Any CPU
		{8F3FDEB1-C6BC-47DC-9AC9-524CE6137640}.Release|Any CPU.ActiveCfg = Release|Any CPU
		{8F3FDEB1-C6BC-47DC-9AC9-524CE6137640}.Release|Any CPU.Build.0 = Release|Any CPU
		{8F3FDEB1-C6BC-47DC-9AC9-524CE6137640}.Release|x64.ActiveCfg = Release|Any CPU
		{8F3FDEB1-C6BC-47DC-9AC9-524CE6137640}.Release|x64.Build.0 = Release|Any CPU
		{8F3FDEB1-C6BC-47DC-9AC9-524CE6137640}.Release|x86.ActiveCfg = Release|Any CPU
		{8F3FDEB1-C6BC-47DC-9AC9-524CE6137640}.Release|x86.Build.0 = Release|Any CPU
		{69FE6954-BBF2-4935-9928-B68BD92E651F}.Debug|Any CPU.ActiveCfg = Debug|Any CPU
		{69FE6954-BBF2-4935-9928-B68BD92E651F}.Debug|Any CPU.Build.0 = Debug|Any CPU
		{69FE6954-BBF2-4935-9928-B68BD92E651F}.Debug|x64.ActiveCfg = Debug|Any CPU
		{69FE6954-BBF2-4935-9928-B68BD92E651F}.Debug|x64.Build.0 = Debug|Any CPU
		{69FE6954-BBF2-4935-9928-B68BD92E651F}.Debug|x86.ActiveCfg = Debug|Any CPU
		{69FE6954-BBF2-4935-9928-B68BD92E651F}.Debug|x86.Build.0 = Debug|Any CPU
		{69FE6954-BBF2-4935-9928-B68BD92E651F}.Release|Any CPU.ActiveCfg = Release|Any CPU
		{69FE6954-BBF2-4935-9928-B68BD92E651F}.Release|Any CPU.Build.0 = Release|Any CPU
		{69FE6954-BBF2-4935-9928-B68BD92E651F}.Release|x64.ActiveCfg = Release|Any CPU
		{69FE6954-BBF2-4935-9928-B68BD92E651F}.Release|x64.Build.0 = Release|Any CPU
		{69FE6954-BBF2-4935-9928-B68BD92E651F}.Release|x86.ActiveCfg = Release|Any CPU
		{69FE6954-BBF2-4935-9928-B68BD92E651F}.Release|x86.Build.0 = Release|Any CPU
		{3D85E464-5929-4173-9E9D-1DA29AA66FE6}.Debug|Any CPU.ActiveCfg = Debug|Any CPU
		{3D85E464-5929-4173-9E9D-1DA29AA66FE6}.Debug|Any CPU.Build.0 = Debug|Any CPU
		{3D85E464-5929-4173-9E9D-1DA29AA66FE6}.Debug|x64.ActiveCfg = Debug|Any CPU
		{3D85E464-5929-4173-9E9D-1DA29AA66FE6}.Debug|x64.Build.0 = Debug|Any CPU
		{3D85E464-5929-4173-9E9D-1DA29AA66FE6}.Debug|x86.ActiveCfg = Debug|Any CPU
		{3D85E464-5929-4173-9E9D-1DA29AA66FE6}.Debug|x86.Build.0 = Debug|Any CPU
		{3D85E464-5929-4173-9E9D-1DA29AA66FE6}.Release|Any CPU.ActiveCfg = Release|Any CPU
		{3D85E464-5929-4173-9E9D-1DA29AA66FE6}.Release|Any CPU.Build.0 = Release|Any CPU
		{3D85E464-5929-4173-9E9D-1DA29AA66FE6}.Release|x64.ActiveCfg = Release|Any CPU
		{3D85E464-5929-4173-9E9D-1DA29AA66FE6}.Release|x64.Build.0 = Release|Any CPU
		{3D85E464-5929-4173-9E9D-1DA29AA66FE6}.Release|x86.ActiveCfg = Release|Any CPU
		{3D85E464-5929-4173-9E9D-1DA29AA66FE6}.Release|x86.Build.0 = Release|Any CPU
		{4AC24254-8703-41CB-878D-96624741B714}.Debug|Any CPU.ActiveCfg = Debug|Any CPU
		{4AC24254-8703-41CB-878D-96624741B714}.Debug|Any CPU.Build.0 = Debug|Any CPU
		{4AC24254-8703-41CB-878D-96624741B714}.Debug|x64.ActiveCfg = Debug|Any CPU
		{4AC24254-8703-41CB-878D-96624741B714}.Debug|x64.Build.0 = Debug|Any CPU
		{4AC24254-8703-41CB-878D-96624741B714}.Debug|x86.ActiveCfg = Debug|Any CPU
		{4AC24254-8703-41CB-878D-96624741B714}.Debug|x86.Build.0 = Debug|Any CPU
		{4AC24254-8703-41CB-878D-96624741B714}.Release|Any CPU.ActiveCfg = Release|Any CPU
		{4AC24254-8703-41CB-878D-96624741B714}.Release|Any CPU.Build.0 = Release|Any CPU
		{4AC24254-8703-41CB-878D-96624741B714}.Release|x64.ActiveCfg = Release|Any CPU
		{4AC24254-8703-41CB-878D-96624741B714}.Release|x64.Build.0 = Release|Any CPU
		{4AC24254-8703-41CB-878D-96624741B714}.Release|x86.ActiveCfg = Release|Any CPU
		{4AC24254-8703-41CB-878D-96624741B714}.Release|x86.Build.0 = Release|Any CPU
		{8F3335A7-2BFD-441E-973E-8E8D003558D1}.Debug|Any CPU.ActiveCfg = Debug|Any CPU
		{8F3335A7-2BFD-441E-973E-8E8D003558D1}.Debug|Any CPU.Build.0 = Debug|Any CPU
		{8F3335A7-2BFD-441E-973E-8E8D003558D1}.Debug|x64.ActiveCfg = Debug|Any CPU
		{8F3335A7-2BFD-441E-973E-8E8D003558D1}.Debug|x64.Build.0 = Debug|Any CPU
		{8F3335A7-2BFD-441E-973E-8E8D003558D1}.Debug|x86.ActiveCfg = Debug|Any CPU
		{8F3335A7-2BFD-441E-973E-8E8D003558D1}.Debug|x86.Build.0 = Debug|Any CPU
		{8F3335A7-2BFD-441E-973E-8E8D003558D1}.Release|Any CPU.ActiveCfg = Release|Any CPU
		{8F3335A7-2BFD-441E-973E-8E8D003558D1}.Release|Any CPU.Build.0 = Release|Any CPU
		{8F3335A7-2BFD-441E-973E-8E8D003558D1}.Release|x64.ActiveCfg = Release|Any CPU
		{8F3335A7-2BFD-441E-973E-8E8D003558D1}.Release|x64.Build.0 = Release|Any CPU
		{8F3335A7-2BFD-441E-973E-8E8D003558D1}.Release|x86.ActiveCfg = Release|Any CPU
		{8F3335A7-2BFD-441E-973E-8E8D003558D1}.Release|x86.Build.0 = Release|Any CPU
		{64542757-30E5-426F-B8CC-DE2CDB315DD2}.Debug|Any CPU.ActiveCfg = Debug|Any CPU
		{64542757-30E5-426F-B8CC-DE2CDB315DD2}.Debug|Any CPU.Build.0 = Debug|Any CPU
		{64542757-30E5-426F-B8CC-DE2CDB315DD2}.Debug|x64.ActiveCfg = Debug|Any CPU
		{64542757-30E5-426F-B8CC-DE2CDB315DD2}.Debug|x64.Build.0 = Debug|Any CPU
		{64542757-30E5-426F-B8CC-DE2CDB315DD2}.Debug|x86.ActiveCfg = Debug|Any CPU
		{64542757-30E5-426F-B8CC-DE2CDB315DD2}.Debug|x86.Build.0 = Debug|Any CPU
		{64542757-30E5-426F-B8CC-DE2CDB315DD2}.Release|Any CPU.ActiveCfg = Release|Any CPU
		{64542757-30E5-426F-B8CC-DE2CDB315DD2}.Release|Any CPU.Build.0 = Release|Any CPU
		{64542757-30E5-426F-B8CC-DE2CDB315DD2}.Release|x64.ActiveCfg = Release|Any CPU
		{64542757-30E5-426F-B8CC-DE2CDB315DD2}.Release|x64.Build.0 = Release|Any CPU
		{64542757-30E5-426F-B8CC-DE2CDB315DD2}.Release|x86.ActiveCfg = Release|Any CPU
		{64542757-30E5-426F-B8CC-DE2CDB315DD2}.Release|x86.Build.0 = Release|Any CPU
		{7E072E19-110F-471A-879B-5426F4922E8F}.Debug|Any CPU.ActiveCfg = Debug|Any CPU
		{7E072E19-110F-471A-879B-5426F4922E8F}.Debug|Any CPU.Build.0 = Debug|Any CPU
		{7E072E19-110F-471A-879B-5426F4922E8F}.Debug|x64.ActiveCfg = Debug|Any CPU
		{7E072E19-110F-471A-879B-5426F4922E8F}.Debug|x64.Build.0 = Debug|Any CPU
		{7E072E19-110F-471A-879B-5426F4922E8F}.Debug|x86.ActiveCfg = Debug|Any CPU
		{7E072E19-110F-471A-879B-5426F4922E8F}.Debug|x86.Build.0 = Debug|Any CPU
		{7E072E19-110F-471A-879B-5426F4922E8F}.Release|Any CPU.ActiveCfg = Release|Any CPU
		{7E072E19-110F-471A-879B-5426F4922E8F}.Release|Any CPU.Build.0 = Release|Any CPU
		{7E072E19-110F-471A-879B-5426F4922E8F}.Release|x64.ActiveCfg = Release|Any CPU
		{7E072E19-110F-471A-879B-5426F4922E8F}.Release|x64.Build.0 = Release|Any CPU
		{7E072E19-110F-471A-879B-5426F4922E8F}.Release|x86.ActiveCfg = Release|Any CPU
		{7E072E19-110F-471A-879B-5426F4922E8F}.Release|x86.Build.0 = Release|Any CPU
		{F31B8BE4-4594-4DF4-A834-60D817817152}.Debug|Any CPU.ActiveCfg = Debug|Any CPU
		{F31B8BE4-4594-4DF4-A834-60D817817152}.Debug|Any CPU.Build.0 = Debug|Any CPU
		{F31B8BE4-4594-4DF4-A834-60D817817152}.Debug|x64.ActiveCfg = Debug|Any CPU
		{F31B8BE4-4594-4DF4-A834-60D817817152}.Debug|x64.Build.0 = Debug|Any CPU
		{F31B8BE4-4594-4DF4-A834-60D817817152}.Debug|x86.ActiveCfg = Debug|Any CPU
		{F31B8BE4-4594-4DF4-A834-60D817817152}.Debug|x86.Build.0 = Debug|Any CPU
		{F31B8BE4-4594-4DF4-A834-60D817817152}.Release|Any CPU.ActiveCfg = Release|Any CPU
		{F31B8BE4-4594-4DF4-A834-60D817817152}.Release|Any CPU.Build.0 = Release|Any CPU
		{F31B8BE4-4594-4DF4-A834-60D817817152}.Release|x64.ActiveCfg = Release|Any CPU
		{F31B8BE4-4594-4DF4-A834-60D817817152}.Release|x64.Build.0 = Release|Any CPU
		{F31B8BE4-4594-4DF4-A834-60D817817152}.Release|x86.ActiveCfg = Release|Any CPU
		{F31B8BE4-4594-4DF4-A834-60D817817152}.Release|x86.Build.0 = Release|Any CPU
		{A5C5819E-038C-4CDE-B349-0D34D648A30F}.Debug|Any CPU.ActiveCfg = Debug|Any CPU
		{A5C5819E-038C-4CDE-B349-0D34D648A30F}.Debug|Any CPU.Build.0 = Debug|Any CPU
		{A5C5819E-038C-4CDE-B349-0D34D648A30F}.Debug|x64.ActiveCfg = Debug|Any CPU
		{A5C5819E-038C-4CDE-B349-0D34D648A30F}.Debug|x64.Build.0 = Debug|Any CPU
		{A5C5819E-038C-4CDE-B349-0D34D648A30F}.Debug|x86.ActiveCfg = Debug|Any CPU
		{A5C5819E-038C-4CDE-B349-0D34D648A30F}.Debug|x86.Build.0 = Debug|Any CPU
		{A5C5819E-038C-4CDE-B349-0D34D648A30F}.Release|Any CPU.ActiveCfg = Release|Any CPU
		{A5C5819E-038C-4CDE-B349-0D34D648A30F}.Release|Any CPU.Build.0 = Release|Any CPU
		{A5C5819E-038C-4CDE-B349-0D34D648A30F}.Release|x64.ActiveCfg = Release|Any CPU
		{A5C5819E-038C-4CDE-B349-0D34D648A30F}.Release|x64.Build.0 = Release|Any CPU
		{A5C5819E-038C-4CDE-B349-0D34D648A30F}.Release|x86.ActiveCfg = Release|Any CPU
		{A5C5819E-038C-4CDE-B349-0D34D648A30F}.Release|x86.Build.0 = Release|Any CPU
		{45DEA4F6-6775-4DBB-B9B1-6234ACD7634F}.Debug|Any CPU.ActiveCfg = Debug|Any CPU
		{45DEA4F6-6775-4DBB-B9B1-6234ACD7634F}.Debug|Any CPU.Build.0 = Debug|Any CPU
		{45DEA4F6-6775-4DBB-B9B1-6234ACD7634F}.Debug|x64.ActiveCfg = Debug|Any CPU
		{45DEA4F6-6775-4DBB-B9B1-6234ACD7634F}.Debug|x64.Build.0 = Debug|Any CPU
		{45DEA4F6-6775-4DBB-B9B1-6234ACD7634F}.Debug|x86.ActiveCfg = Debug|Any CPU
		{45DEA4F6-6775-4DBB-B9B1-6234ACD7634F}.Debug|x86.Build.0 = Debug|Any CPU
		{45DEA4F6-6775-4DBB-B9B1-6234ACD7634F}.Release|Any CPU.ActiveCfg = Release|Any CPU
		{45DEA4F6-6775-4DBB-B9B1-6234ACD7634F}.Release|Any CPU.Build.0 = Release|Any CPU
		{45DEA4F6-6775-4DBB-B9B1-6234ACD7634F}.Release|x64.ActiveCfg = Release|Any CPU
		{45DEA4F6-6775-4DBB-B9B1-6234ACD7634F}.Release|x64.Build.0 = Release|Any CPU
		{45DEA4F6-6775-4DBB-B9B1-6234ACD7634F}.Release|x86.ActiveCfg = Release|Any CPU
		{45DEA4F6-6775-4DBB-B9B1-6234ACD7634F}.Release|x86.Build.0 = Release|Any CPU
		{8F591432-CC5D-4563-9487-F087BAF5A54F}.Debug|Any CPU.ActiveCfg = Debug|Any CPU
		{8F591432-CC5D-4563-9487-F087BAF5A54F}.Debug|Any CPU.Build.0 = Debug|Any CPU
		{8F591432-CC5D-4563-9487-F087BAF5A54F}.Debug|x64.ActiveCfg = Debug|Any CPU
		{8F591432-CC5D-4563-9487-F087BAF5A54F}.Debug|x64.Build.0 = Debug|Any CPU
		{8F591432-CC5D-4563-9487-F087BAF5A54F}.Debug|x86.ActiveCfg = Debug|Any CPU
		{8F591432-CC5D-4563-9487-F087BAF5A54F}.Debug|x86.Build.0 = Debug|Any CPU
		{8F591432-CC5D-4563-9487-F087BAF5A54F}.Release|Any CPU.ActiveCfg = Release|Any CPU
		{8F591432-CC5D-4563-9487-F087BAF5A54F}.Release|Any CPU.Build.0 = Release|Any CPU
		{8F591432-CC5D-4563-9487-F087BAF5A54F}.Release|x64.ActiveCfg = Release|Any CPU
		{8F591432-CC5D-4563-9487-F087BAF5A54F}.Release|x64.Build.0 = Release|Any CPU
		{8F591432-CC5D-4563-9487-F087BAF5A54F}.Release|x86.ActiveCfg = Release|Any CPU
		{8F591432-CC5D-4563-9487-F087BAF5A54F}.Release|x86.Build.0 = Release|Any CPU
		{E55E9D45-DF4F-4082-8747-2BB22CF4F01E}.Debug|Any CPU.ActiveCfg = Debug|Any CPU
		{E55E9D45-DF4F-4082-8747-2BB22CF4F01E}.Debug|Any CPU.Build.0 = Debug|Any CPU
		{E55E9D45-DF4F-4082-8747-2BB22CF4F01E}.Debug|x64.ActiveCfg = Debug|Any CPU
		{E55E9D45-DF4F-4082-8747-2BB22CF4F01E}.Debug|x64.Build.0 = Debug|Any CPU
		{E55E9D45-DF4F-4082-8747-2BB22CF4F01E}.Debug|x86.ActiveCfg = Debug|Any CPU
		{E55E9D45-DF4F-4082-8747-2BB22CF4F01E}.Debug|x86.Build.0 = Debug|Any CPU
		{E55E9D45-DF4F-4082-8747-2BB22CF4F01E}.Release|Any CPU.ActiveCfg = Release|Any CPU
		{E55E9D45-DF4F-4082-8747-2BB22CF4F01E}.Release|Any CPU.Build.0 = Release|Any CPU
		{E55E9D45-DF4F-4082-8747-2BB22CF4F01E}.Release|x64.ActiveCfg = Release|Any CPU
		{E55E9D45-DF4F-4082-8747-2BB22CF4F01E}.Release|x64.Build.0 = Release|Any CPU
		{E55E9D45-DF4F-4082-8747-2BB22CF4F01E}.Release|x86.ActiveCfg = Release|Any CPU
		{E55E9D45-DF4F-4082-8747-2BB22CF4F01E}.Release|x86.Build.0 = Release|Any CPU
		{3EEF1A0B-2129-40E2-90D4-0A8AB4B1173C}.Debug|Any CPU.ActiveCfg = Debug|Any CPU
		{3EEF1A0B-2129-40E2-90D4-0A8AB4B1173C}.Debug|Any CPU.Build.0 = Debug|Any CPU
		{3EEF1A0B-2129-40E2-90D4-0A8AB4B1173C}.Debug|x64.ActiveCfg = Debug|Any CPU
		{3EEF1A0B-2129-40E2-90D4-0A8AB4B1173C}.Debug|x64.Build.0 = Debug|Any CPU
		{3EEF1A0B-2129-40E2-90D4-0A8AB4B1173C}.Debug|x86.ActiveCfg = Debug|Any CPU
		{3EEF1A0B-2129-40E2-90D4-0A8AB4B1173C}.Debug|x86.Build.0 = Debug|Any CPU
		{3EEF1A0B-2129-40E2-90D4-0A8AB4B1173C}.Release|Any CPU.ActiveCfg = Release|Any CPU
		{3EEF1A0B-2129-40E2-90D4-0A8AB4B1173C}.Release|Any CPU.Build.0 = Release|Any CPU
		{3EEF1A0B-2129-40E2-90D4-0A8AB4B1173C}.Release|x64.ActiveCfg = Release|Any CPU
		{3EEF1A0B-2129-40E2-90D4-0A8AB4B1173C}.Release|x64.Build.0 = Release|Any CPU
		{3EEF1A0B-2129-40E2-90D4-0A8AB4B1173C}.Release|x86.ActiveCfg = Release|Any CPU
		{3EEF1A0B-2129-40E2-90D4-0A8AB4B1173C}.Release|x86.Build.0 = Release|Any CPU
		{C015E22A-DFC5-476F-9383-531DBC904F3A}.Debug|Any CPU.ActiveCfg = Debug|Any CPU
		{C015E22A-DFC5-476F-9383-531DBC904F3A}.Debug|Any CPU.Build.0 = Debug|Any CPU
		{C015E22A-DFC5-476F-9383-531DBC904F3A}.Debug|x64.ActiveCfg = Debug|Any CPU
		{C015E22A-DFC5-476F-9383-531DBC904F3A}.Debug|x64.Build.0 = Debug|Any CPU
		{C015E22A-DFC5-476F-9383-531DBC904F3A}.Debug|x86.ActiveCfg = Debug|Any CPU
		{C015E22A-DFC5-476F-9383-531DBC904F3A}.Debug|x86.Build.0 = Debug|Any CPU
		{C015E22A-DFC5-476F-9383-531DBC904F3A}.Release|Any CPU.ActiveCfg = Release|Any CPU
		{C015E22A-DFC5-476F-9383-531DBC904F3A}.Release|Any CPU.Build.0 = Release|Any CPU
		{C015E22A-DFC5-476F-9383-531DBC904F3A}.Release|x64.ActiveCfg = Release|Any CPU
		{C015E22A-DFC5-476F-9383-531DBC904F3A}.Release|x64.Build.0 = Release|Any CPU
		{C015E22A-DFC5-476F-9383-531DBC904F3A}.Release|x86.ActiveCfg = Release|Any CPU
		{C015E22A-DFC5-476F-9383-531DBC904F3A}.Release|x86.Build.0 = Release|Any CPU
		{C15D8D67-4F70-4C99-9B48-902EBC0F6F9C}.Debug|Any CPU.ActiveCfg = Debug|Any CPU
		{C15D8D67-4F70-4C99-9B48-902EBC0F6F9C}.Debug|Any CPU.Build.0 = Debug|Any CPU
		{C15D8D67-4F70-4C99-9B48-902EBC0F6F9C}.Debug|x64.ActiveCfg = Debug|Any CPU
		{C15D8D67-4F70-4C99-9B48-902EBC0F6F9C}.Debug|x64.Build.0 = Debug|Any CPU
		{C15D8D67-4F70-4C99-9B48-902EBC0F6F9C}.Debug|x86.ActiveCfg = Debug|Any CPU
		{C15D8D67-4F70-4C99-9B48-902EBC0F6F9C}.Debug|x86.Build.0 = Debug|Any CPU
		{C15D8D67-4F70-4C99-9B48-902EBC0F6F9C}.Release|Any CPU.ActiveCfg = Release|Any CPU
		{C15D8D67-4F70-4C99-9B48-902EBC0F6F9C}.Release|Any CPU.Build.0 = Release|Any CPU
		{C15D8D67-4F70-4C99-9B48-902EBC0F6F9C}.Release|x64.ActiveCfg = Release|Any CPU
		{C15D8D67-4F70-4C99-9B48-902EBC0F6F9C}.Release|x64.Build.0 = Release|Any CPU
		{C15D8D67-4F70-4C99-9B48-902EBC0F6F9C}.Release|x86.ActiveCfg = Release|Any CPU
		{C15D8D67-4F70-4C99-9B48-902EBC0F6F9C}.Release|x86.Build.0 = Release|Any CPU
		{AE3B79D0-AEA6-4D4C-96F0-B6CA918AFF23}.Debug|Any CPU.ActiveCfg = Debug|Any CPU
		{AE3B79D0-AEA6-4D4C-96F0-B6CA918AFF23}.Debug|Any CPU.Build.0 = Debug|Any CPU
		{AE3B79D0-AEA6-4D4C-96F0-B6CA918AFF23}.Debug|x64.ActiveCfg = Debug|Any CPU
		{AE3B79D0-AEA6-4D4C-96F0-B6CA918AFF23}.Debug|x64.Build.0 = Debug|Any CPU
		{AE3B79D0-AEA6-4D4C-96F0-B6CA918AFF23}.Debug|x86.ActiveCfg = Debug|Any CPU
		{AE3B79D0-AEA6-4D4C-96F0-B6CA918AFF23}.Debug|x86.Build.0 = Debug|Any CPU
		{AE3B79D0-AEA6-4D4C-96F0-B6CA918AFF23}.Release|Any CPU.ActiveCfg = Release|Any CPU
		{AE3B79D0-AEA6-4D4C-96F0-B6CA918AFF23}.Release|Any CPU.Build.0 = Release|Any CPU
		{AE3B79D0-AEA6-4D4C-96F0-B6CA918AFF23}.Release|x64.ActiveCfg = Release|Any CPU
		{AE3B79D0-AEA6-4D4C-96F0-B6CA918AFF23}.Release|x64.Build.0 = Release|Any CPU
		{AE3B79D0-AEA6-4D4C-96F0-B6CA918AFF23}.Release|x86.ActiveCfg = Release|Any CPU
		{AE3B79D0-AEA6-4D4C-96F0-B6CA918AFF23}.Release|x86.Build.0 = Release|Any CPU
		{BDB0AEC7-0841-427F-8CE1-6D1C3898A3A4}.Debug|Any CPU.ActiveCfg = Debug|Any CPU
		{BDB0AEC7-0841-427F-8CE1-6D1C3898A3A4}.Debug|Any CPU.Build.0 = Debug|Any CPU
		{BDB0AEC7-0841-427F-8CE1-6D1C3898A3A4}.Debug|x64.ActiveCfg = Debug|Any CPU
		{BDB0AEC7-0841-427F-8CE1-6D1C3898A3A4}.Debug|x64.Build.0 = Debug|Any CPU
		{BDB0AEC7-0841-427F-8CE1-6D1C3898A3A4}.Debug|x86.ActiveCfg = Debug|Any CPU
		{BDB0AEC7-0841-427F-8CE1-6D1C3898A3A4}.Debug|x86.Build.0 = Debug|Any CPU
		{BDB0AEC7-0841-427F-8CE1-6D1C3898A3A4}.Release|Any CPU.ActiveCfg = Release|Any CPU
		{BDB0AEC7-0841-427F-8CE1-6D1C3898A3A4}.Release|Any CPU.Build.0 = Release|Any CPU
		{BDB0AEC7-0841-427F-8CE1-6D1C3898A3A4}.Release|x64.ActiveCfg = Release|Any CPU
		{BDB0AEC7-0841-427F-8CE1-6D1C3898A3A4}.Release|x64.Build.0 = Release|Any CPU
		{BDB0AEC7-0841-427F-8CE1-6D1C3898A3A4}.Release|x86.ActiveCfg = Release|Any CPU
		{BDB0AEC7-0841-427F-8CE1-6D1C3898A3A4}.Release|x86.Build.0 = Release|Any CPU
		{C13909D8-3925-458E-A630-0270BD7B474E}.Debug|Any CPU.ActiveCfg = Debug|Any CPU
		{C13909D8-3925-458E-A630-0270BD7B474E}.Debug|Any CPU.Build.0 = Debug|Any CPU
		{C13909D8-3925-458E-A630-0270BD7B474E}.Debug|x64.ActiveCfg = Debug|Any CPU
		{C13909D8-3925-458E-A630-0270BD7B474E}.Debug|x64.Build.0 = Debug|Any CPU
		{C13909D8-3925-458E-A630-0270BD7B474E}.Debug|x86.ActiveCfg = Debug|Any CPU
		{C13909D8-3925-458E-A630-0270BD7B474E}.Debug|x86.Build.0 = Debug|Any CPU
		{C13909D8-3925-458E-A630-0270BD7B474E}.Release|Any CPU.ActiveCfg = Release|Any CPU
		{C13909D8-3925-458E-A630-0270BD7B474E}.Release|Any CPU.Build.0 = Release|Any CPU
		{C13909D8-3925-458E-A630-0270BD7B474E}.Release|x64.ActiveCfg = Release|Any CPU
		{C13909D8-3925-458E-A630-0270BD7B474E}.Release|x64.Build.0 = Release|Any CPU
		{C13909D8-3925-458E-A630-0270BD7B474E}.Release|x86.ActiveCfg = Release|Any CPU
		{C13909D8-3925-458E-A630-0270BD7B474E}.Release|x86.Build.0 = Release|Any CPU
		{5F047371-E095-4D3C-A226-FA0041E9612E}.Debug|Any CPU.ActiveCfg = Debug|Any CPU
		{5F047371-E095-4D3C-A226-FA0041E9612E}.Debug|Any CPU.Build.0 = Debug|Any CPU
		{5F047371-E095-4D3C-A226-FA0041E9612E}.Debug|x64.ActiveCfg = Debug|Any CPU
		{5F047371-E095-4D3C-A226-FA0041E9612E}.Debug|x64.Build.0 = Debug|Any CPU
		{5F047371-E095-4D3C-A226-FA0041E9612E}.Debug|x86.ActiveCfg = Debug|Any CPU
		{5F047371-E095-4D3C-A226-FA0041E9612E}.Debug|x86.Build.0 = Debug|Any CPU
		{5F047371-E095-4D3C-A226-FA0041E9612E}.Release|Any CPU.ActiveCfg = Release|Any CPU
		{5F047371-E095-4D3C-A226-FA0041E9612E}.Release|Any CPU.Build.0 = Release|Any CPU
		{5F047371-E095-4D3C-A226-FA0041E9612E}.Release|x64.ActiveCfg = Release|Any CPU
		{5F047371-E095-4D3C-A226-FA0041E9612E}.Release|x64.Build.0 = Release|Any CPU
		{5F047371-E095-4D3C-A226-FA0041E9612E}.Release|x86.ActiveCfg = Release|Any CPU
		{5F047371-E095-4D3C-A226-FA0041E9612E}.Release|x86.Build.0 = Release|Any CPU
		{D0E079DB-8BEF-451D-AF69-A567B4873CEA}.Debug|Any CPU.ActiveCfg = Debug|Any CPU
		{D0E079DB-8BEF-451D-AF69-A567B4873CEA}.Debug|Any CPU.Build.0 = Debug|Any CPU
		{D0E079DB-8BEF-451D-AF69-A567B4873CEA}.Debug|x64.ActiveCfg = Debug|Any CPU
		{D0E079DB-8BEF-451D-AF69-A567B4873CEA}.Debug|x64.Build.0 = Debug|Any CPU
		{D0E079DB-8BEF-451D-AF69-A567B4873CEA}.Debug|x86.ActiveCfg = Debug|Any CPU
		{D0E079DB-8BEF-451D-AF69-A567B4873CEA}.Debug|x86.Build.0 = Debug|Any CPU
		{D0E079DB-8BEF-451D-AF69-A567B4873CEA}.Release|Any CPU.ActiveCfg = Release|Any CPU
		{D0E079DB-8BEF-451D-AF69-A567B4873CEA}.Release|Any CPU.Build.0 = Release|Any CPU
		{D0E079DB-8BEF-451D-AF69-A567B4873CEA}.Release|x64.ActiveCfg = Release|Any CPU
		{D0E079DB-8BEF-451D-AF69-A567B4873CEA}.Release|x64.Build.0 = Release|Any CPU
		{D0E079DB-8BEF-451D-AF69-A567B4873CEA}.Release|x86.ActiveCfg = Release|Any CPU
		{D0E079DB-8BEF-451D-AF69-A567B4873CEA}.Release|x86.Build.0 = Release|Any CPU
		{079E8C72-5044-4DBF-9A91-7C5B238A68F7}.Debug|Any CPU.ActiveCfg = Debug|Any CPU
		{079E8C72-5044-4DBF-9A91-7C5B238A68F7}.Debug|Any CPU.Build.0 = Debug|Any CPU
		{079E8C72-5044-4DBF-9A91-7C5B238A68F7}.Debug|x64.ActiveCfg = Debug|Any CPU
		{079E8C72-5044-4DBF-9A91-7C5B238A68F7}.Debug|x64.Build.0 = Debug|Any CPU
		{079E8C72-5044-4DBF-9A91-7C5B238A68F7}.Debug|x86.ActiveCfg = Debug|Any CPU
		{079E8C72-5044-4DBF-9A91-7C5B238A68F7}.Debug|x86.Build.0 = Debug|Any CPU
		{079E8C72-5044-4DBF-9A91-7C5B238A68F7}.Release|Any CPU.ActiveCfg = Release|Any CPU
		{079E8C72-5044-4DBF-9A91-7C5B238A68F7}.Release|Any CPU.Build.0 = Release|Any CPU
		{079E8C72-5044-4DBF-9A91-7C5B238A68F7}.Release|x64.ActiveCfg = Release|Any CPU
		{079E8C72-5044-4DBF-9A91-7C5B238A68F7}.Release|x64.Build.0 = Release|Any CPU
		{079E8C72-5044-4DBF-9A91-7C5B238A68F7}.Release|x86.ActiveCfg = Release|Any CPU
		{079E8C72-5044-4DBF-9A91-7C5B238A68F7}.Release|x86.Build.0 = Release|Any CPU
		{CD1305B7-76F9-4B4B-A84C-15E7ADFC377B}.Debug|Any CPU.ActiveCfg = Debug|Any CPU
		{CD1305B7-76F9-4B4B-A84C-15E7ADFC377B}.Debug|Any CPU.Build.0 = Debug|Any CPU
		{CD1305B7-76F9-4B4B-A84C-15E7ADFC377B}.Debug|x64.ActiveCfg = Debug|Any CPU
		{CD1305B7-76F9-4B4B-A84C-15E7ADFC377B}.Debug|x64.Build.0 = Debug|Any CPU
		{CD1305B7-76F9-4B4B-A84C-15E7ADFC377B}.Debug|x86.ActiveCfg = Debug|Any CPU
		{CD1305B7-76F9-4B4B-A84C-15E7ADFC377B}.Debug|x86.Build.0 = Debug|Any CPU
		{CD1305B7-76F9-4B4B-A84C-15E7ADFC377B}.Release|Any CPU.ActiveCfg = Release|Any CPU
		{CD1305B7-76F9-4B4B-A84C-15E7ADFC377B}.Release|Any CPU.Build.0 = Release|Any CPU
		{CD1305B7-76F9-4B4B-A84C-15E7ADFC377B}.Release|x64.ActiveCfg = Release|Any CPU
		{CD1305B7-76F9-4B4B-A84C-15E7ADFC377B}.Release|x64.Build.0 = Release|Any CPU
		{CD1305B7-76F9-4B4B-A84C-15E7ADFC377B}.Release|x86.ActiveCfg = Release|Any CPU
		{CD1305B7-76F9-4B4B-A84C-15E7ADFC377B}.Release|x86.Build.0 = Release|Any CPU
		{652DE846-AA5B-4B33-9966-7AB4FC151943}.Debug|Any CPU.ActiveCfg = Debug|Any CPU
		{652DE846-AA5B-4B33-9966-7AB4FC151943}.Debug|Any CPU.Build.0 = Debug|Any CPU
		{652DE846-AA5B-4B33-9966-7AB4FC151943}.Debug|x64.ActiveCfg = Debug|Any CPU
		{652DE846-AA5B-4B33-9966-7AB4FC151943}.Debug|x64.Build.0 = Debug|Any CPU
		{652DE846-AA5B-4B33-9966-7AB4FC151943}.Debug|x86.ActiveCfg = Debug|Any CPU
		{652DE846-AA5B-4B33-9966-7AB4FC151943}.Debug|x86.Build.0 = Debug|Any CPU
		{652DE846-AA5B-4B33-9966-7AB4FC151943}.Release|Any CPU.ActiveCfg = Release|Any CPU
		{652DE846-AA5B-4B33-9966-7AB4FC151943}.Release|Any CPU.Build.0 = Release|Any CPU
		{652DE846-AA5B-4B33-9966-7AB4FC151943}.Release|x64.ActiveCfg = Release|Any CPU
		{652DE846-AA5B-4B33-9966-7AB4FC151943}.Release|x64.Build.0 = Release|Any CPU
		{652DE846-AA5B-4B33-9966-7AB4FC151943}.Release|x86.ActiveCfg = Release|Any CPU
		{652DE846-AA5B-4B33-9966-7AB4FC151943}.Release|x86.Build.0 = Release|Any CPU
		{C4A0F0AD-E967-4088-8E89-7B9494CEE197}.Debug|Any CPU.ActiveCfg = Debug|Any CPU
		{C4A0F0AD-E967-4088-8E89-7B9494CEE197}.Debug|Any CPU.Build.0 = Debug|Any CPU
		{C4A0F0AD-E967-4088-8E89-7B9494CEE197}.Debug|x64.ActiveCfg = Debug|Any CPU
		{C4A0F0AD-E967-4088-8E89-7B9494CEE197}.Debug|x64.Build.0 = Debug|Any CPU
		{C4A0F0AD-E967-4088-8E89-7B9494CEE197}.Debug|x86.ActiveCfg = Debug|Any CPU
		{C4A0F0AD-E967-4088-8E89-7B9494CEE197}.Debug|x86.Build.0 = Debug|Any CPU
		{C4A0F0AD-E967-4088-8E89-7B9494CEE197}.Release|Any CPU.ActiveCfg = Release|Any CPU
		{C4A0F0AD-E967-4088-8E89-7B9494CEE197}.Release|Any CPU.Build.0 = Release|Any CPU
		{C4A0F0AD-E967-4088-8E89-7B9494CEE197}.Release|x64.ActiveCfg = Release|Any CPU
		{C4A0F0AD-E967-4088-8E89-7B9494CEE197}.Release|x64.Build.0 = Release|Any CPU
		{C4A0F0AD-E967-4088-8E89-7B9494CEE197}.Release|x86.ActiveCfg = Release|Any CPU
		{C4A0F0AD-E967-4088-8E89-7B9494CEE197}.Release|x86.Build.0 = Release|Any CPU
		{07C7A104-459A-486F-BBF6-9ADFCD35AE9B}.Debug|Any CPU.ActiveCfg = Debug|Any CPU
		{07C7A104-459A-486F-BBF6-9ADFCD35AE9B}.Debug|Any CPU.Build.0 = Debug|Any CPU
		{07C7A104-459A-486F-BBF6-9ADFCD35AE9B}.Debug|x64.ActiveCfg = Debug|Any CPU
		{07C7A104-459A-486F-BBF6-9ADFCD35AE9B}.Debug|x64.Build.0 = Debug|Any CPU
		{07C7A104-459A-486F-BBF6-9ADFCD35AE9B}.Debug|x86.ActiveCfg = Debug|Any CPU
		{07C7A104-459A-486F-BBF6-9ADFCD35AE9B}.Debug|x86.Build.0 = Debug|Any CPU
		{07C7A104-459A-486F-BBF6-9ADFCD35AE9B}.Release|Any CPU.ActiveCfg = Release|Any CPU
		{07C7A104-459A-486F-BBF6-9ADFCD35AE9B}.Release|Any CPU.Build.0 = Release|Any CPU
		{07C7A104-459A-486F-BBF6-9ADFCD35AE9B}.Release|x64.ActiveCfg = Release|Any CPU
		{07C7A104-459A-486F-BBF6-9ADFCD35AE9B}.Release|x64.Build.0 = Release|Any CPU
		{07C7A104-459A-486F-BBF6-9ADFCD35AE9B}.Release|x86.ActiveCfg = Release|Any CPU
		{07C7A104-459A-486F-BBF6-9ADFCD35AE9B}.Release|x86.Build.0 = Release|Any CPU
		{D195149D-5651-49CC-A95E-06CEE311FB52}.Debug|Any CPU.ActiveCfg = Debug|Any CPU
		{D195149D-5651-49CC-A95E-06CEE311FB52}.Debug|Any CPU.Build.0 = Debug|Any CPU
		{D195149D-5651-49CC-A95E-06CEE311FB52}.Debug|x64.ActiveCfg = Debug|Any CPU
		{D195149D-5651-49CC-A95E-06CEE311FB52}.Debug|x64.Build.0 = Debug|Any CPU
		{D195149D-5651-49CC-A95E-06CEE311FB52}.Debug|x86.ActiveCfg = Debug|Any CPU
		{D195149D-5651-49CC-A95E-06CEE311FB52}.Debug|x86.Build.0 = Debug|Any CPU
		{D195149D-5651-49CC-A95E-06CEE311FB52}.Release|Any CPU.ActiveCfg = Release|Any CPU
		{D195149D-5651-49CC-A95E-06CEE311FB52}.Release|Any CPU.Build.0 = Release|Any CPU
		{D195149D-5651-49CC-A95E-06CEE311FB52}.Release|x64.ActiveCfg = Release|Any CPU
		{D195149D-5651-49CC-A95E-06CEE311FB52}.Release|x64.Build.0 = Release|Any CPU
		{D195149D-5651-49CC-A95E-06CEE311FB52}.Release|x86.ActiveCfg = Release|Any CPU
		{D195149D-5651-49CC-A95E-06CEE311FB52}.Release|x86.Build.0 = Release|Any CPU
		{DF970124-103D-4E24-A895-3F91FBD8E39C}.Debug|Any CPU.ActiveCfg = Debug|Any CPU
		{DF970124-103D-4E24-A895-3F91FBD8E39C}.Debug|Any CPU.Build.0 = Debug|Any CPU
		{DF970124-103D-4E24-A895-3F91FBD8E39C}.Debug|x64.ActiveCfg = Debug|Any CPU
		{DF970124-103D-4E24-A895-3F91FBD8E39C}.Debug|x64.Build.0 = Debug|Any CPU
		{DF970124-103D-4E24-A895-3F91FBD8E39C}.Debug|x86.ActiveCfg = Debug|Any CPU
		{DF970124-103D-4E24-A895-3F91FBD8E39C}.Debug|x86.Build.0 = Debug|Any CPU
		{DF970124-103D-4E24-A895-3F91FBD8E39C}.Release|Any CPU.ActiveCfg = Release|Any CPU
		{DF970124-103D-4E24-A895-3F91FBD8E39C}.Release|Any CPU.Build.0 = Release|Any CPU
		{DF970124-103D-4E24-A895-3F91FBD8E39C}.Release|x64.ActiveCfg = Release|Any CPU
		{DF970124-103D-4E24-A895-3F91FBD8E39C}.Release|x64.Build.0 = Release|Any CPU
		{DF970124-103D-4E24-A895-3F91FBD8E39C}.Release|x86.ActiveCfg = Release|Any CPU
		{DF970124-103D-4E24-A895-3F91FBD8E39C}.Release|x86.Build.0 = Release|Any CPU
		{286C5E07-BE74-4469-A24F-0C8BF39E8D68}.Debug|Any CPU.ActiveCfg = Debug|Any CPU
		{286C5E07-BE74-4469-A24F-0C8BF39E8D68}.Debug|Any CPU.Build.0 = Debug|Any CPU
		{286C5E07-BE74-4469-A24F-0C8BF39E8D68}.Debug|x64.ActiveCfg = Debug|Any CPU
		{286C5E07-BE74-4469-A24F-0C8BF39E8D68}.Debug|x64.Build.0 = Debug|Any CPU
		{286C5E07-BE74-4469-A24F-0C8BF39E8D68}.Debug|x86.ActiveCfg = Debug|Any CPU
		{286C5E07-BE74-4469-A24F-0C8BF39E8D68}.Debug|x86.Build.0 = Debug|Any CPU
		{286C5E07-BE74-4469-A24F-0C8BF39E8D68}.Release|Any CPU.ActiveCfg = Release|Any CPU
		{286C5E07-BE74-4469-A24F-0C8BF39E8D68}.Release|Any CPU.Build.0 = Release|Any CPU
		{286C5E07-BE74-4469-A24F-0C8BF39E8D68}.Release|x64.ActiveCfg = Release|Any CPU
		{286C5E07-BE74-4469-A24F-0C8BF39E8D68}.Release|x64.Build.0 = Release|Any CPU
		{286C5E07-BE74-4469-A24F-0C8BF39E8D68}.Release|x86.ActiveCfg = Release|Any CPU
		{286C5E07-BE74-4469-A24F-0C8BF39E8D68}.Release|x86.Build.0 = Release|Any CPU
		{3808F673-3319-46FC-BB93-700D2CEEDF34}.Debug|Any CPU.ActiveCfg = Debug|Any CPU
		{3808F673-3319-46FC-BB93-700D2CEEDF34}.Debug|Any CPU.Build.0 = Debug|Any CPU
		{3808F673-3319-46FC-BB93-700D2CEEDF34}.Debug|x64.ActiveCfg = Debug|Any CPU
		{3808F673-3319-46FC-BB93-700D2CEEDF34}.Debug|x64.Build.0 = Debug|Any CPU
		{3808F673-3319-46FC-BB93-700D2CEEDF34}.Debug|x86.ActiveCfg = Debug|Any CPU
		{3808F673-3319-46FC-BB93-700D2CEEDF34}.Debug|x86.Build.0 = Debug|Any CPU
		{3808F673-3319-46FC-BB93-700D2CEEDF34}.Release|Any CPU.ActiveCfg = Release|Any CPU
		{3808F673-3319-46FC-BB93-700D2CEEDF34}.Release|Any CPU.Build.0 = Release|Any CPU
		{3808F673-3319-46FC-BB93-700D2CEEDF34}.Release|x64.ActiveCfg = Release|Any CPU
		{3808F673-3319-46FC-BB93-700D2CEEDF34}.Release|x64.Build.0 = Release|Any CPU
		{3808F673-3319-46FC-BB93-700D2CEEDF34}.Release|x86.ActiveCfg = Release|Any CPU
		{3808F673-3319-46FC-BB93-700D2CEEDF34}.Release|x86.Build.0 = Release|Any CPU
		{58FD43B6-BA4F-404C-A6AA-A611AEF60995}.Debug|Any CPU.ActiveCfg = Debug|Any CPU
		{58FD43B6-BA4F-404C-A6AA-A611AEF60995}.Debug|Any CPU.Build.0 = Debug|Any CPU
		{58FD43B6-BA4F-404C-A6AA-A611AEF60995}.Debug|x64.ActiveCfg = Debug|Any CPU
		{58FD43B6-BA4F-404C-A6AA-A611AEF60995}.Debug|x64.Build.0 = Debug|Any CPU
		{58FD43B6-BA4F-404C-A6AA-A611AEF60995}.Debug|x86.ActiveCfg = Debug|Any CPU
		{58FD43B6-BA4F-404C-A6AA-A611AEF60995}.Debug|x86.Build.0 = Debug|Any CPU
		{58FD43B6-BA4F-404C-A6AA-A611AEF60995}.Release|Any CPU.ActiveCfg = Release|Any CPU
		{58FD43B6-BA4F-404C-A6AA-A611AEF60995}.Release|Any CPU.Build.0 = Release|Any CPU
		{58FD43B6-BA4F-404C-A6AA-A611AEF60995}.Release|x64.ActiveCfg = Release|Any CPU
		{58FD43B6-BA4F-404C-A6AA-A611AEF60995}.Release|x64.Build.0 = Release|Any CPU
		{58FD43B6-BA4F-404C-A6AA-A611AEF60995}.Release|x86.ActiveCfg = Release|Any CPU
		{58FD43B6-BA4F-404C-A6AA-A611AEF60995}.Release|x86.Build.0 = Release|Any CPU
		{F1391759-8E10-47EB-A897-7279CE4B4203}.Debug|Any CPU.ActiveCfg = Debug|Any CPU
		{F1391759-8E10-47EB-A897-7279CE4B4203}.Debug|Any CPU.Build.0 = Debug|Any CPU
		{F1391759-8E10-47EB-A897-7279CE4B4203}.Debug|x64.ActiveCfg = Debug|Any CPU
		{F1391759-8E10-47EB-A897-7279CE4B4203}.Debug|x64.Build.0 = Debug|Any CPU
		{F1391759-8E10-47EB-A897-7279CE4B4203}.Debug|x86.ActiveCfg = Debug|Any CPU
		{F1391759-8E10-47EB-A897-7279CE4B4203}.Debug|x86.Build.0 = Debug|Any CPU
		{F1391759-8E10-47EB-A897-7279CE4B4203}.Release|Any CPU.ActiveCfg = Release|Any CPU
		{F1391759-8E10-47EB-A897-7279CE4B4203}.Release|Any CPU.Build.0 = Release|Any CPU
		{F1391759-8E10-47EB-A897-7279CE4B4203}.Release|x64.ActiveCfg = Release|Any CPU
		{F1391759-8E10-47EB-A897-7279CE4B4203}.Release|x64.Build.0 = Release|Any CPU
		{F1391759-8E10-47EB-A897-7279CE4B4203}.Release|x86.ActiveCfg = Release|Any CPU
		{F1391759-8E10-47EB-A897-7279CE4B4203}.Release|x86.Build.0 = Release|Any CPU
		{D16E295A-5F21-4F2B-9B23-8B5FBC318B92}.Debug|Any CPU.ActiveCfg = Debug|Any CPU
		{D16E295A-5F21-4F2B-9B23-8B5FBC318B92}.Debug|Any CPU.Build.0 = Debug|Any CPU
		{D16E295A-5F21-4F2B-9B23-8B5FBC318B92}.Debug|x64.ActiveCfg = Debug|Any CPU
		{D16E295A-5F21-4F2B-9B23-8B5FBC318B92}.Debug|x64.Build.0 = Debug|Any CPU
		{D16E295A-5F21-4F2B-9B23-8B5FBC318B92}.Debug|x86.ActiveCfg = Debug|Any CPU
		{D16E295A-5F21-4F2B-9B23-8B5FBC318B92}.Debug|x86.Build.0 = Debug|Any CPU
		{D16E295A-5F21-4F2B-9B23-8B5FBC318B92}.Release|Any CPU.ActiveCfg = Release|Any CPU
		{D16E295A-5F21-4F2B-9B23-8B5FBC318B92}.Release|Any CPU.Build.0 = Release|Any CPU
		{D16E295A-5F21-4F2B-9B23-8B5FBC318B92}.Release|x64.ActiveCfg = Release|Any CPU
		{D16E295A-5F21-4F2B-9B23-8B5FBC318B92}.Release|x64.Build.0 = Release|Any CPU
		{D16E295A-5F21-4F2B-9B23-8B5FBC318B92}.Release|x86.ActiveCfg = Release|Any CPU
		{D16E295A-5F21-4F2B-9B23-8B5FBC318B92}.Release|x86.Build.0 = Release|Any CPU
	EndGlobalSection
	GlobalSection(SolutionProperties) = preSolution
		HideSolutionNode = FALSE
	EndGlobalSection
	GlobalSection(NestedProjects) = preSolution
		{F177EDE6-C5F9-4D92-B904-F7DE4A2156B9} = {4F52FD11-658E-A102-6CD3-7D7C16FFA15B}
		{C4A0F0AD-E967-4088-8E89-7B9494CEE197} = {C1E8875C-D70B-9A5C-543D-852EF2502BBD}
		{07C7A104-459A-486F-BBF6-9ADFCD35AE9B} = {F2892F7D-49D2-0969-2635-C4CE9CCFB03E}
		{D195149D-5651-49CC-A95E-06CEE311FB52} = {59E94403-2D99-750A-1EA4-0C1FA3AC95B2}
		{DF970124-103D-4E24-A895-3F91FBD8E39C} = {C30EA34C-96E3-EEAB-A84E-085AED71DD06}
		{286C5E07-BE74-4469-A24F-0C8BF39E8D68} = {E05196B5-551D-5AD7-3BC0-DC228B104E4D}
	EndGlobalSection
EndGlobal
