
Microsoft Visual Studio Solution File, Format Version 12.00
# Visual Studio Version 17
VisualStudioVersion = 17.3.32825.248
MinimumVisualStudioVersion = 10.0.40219.1
Project("{2150E333-8FDC-42A3-9474-1A3956D46DE8}") = "Solution Items", "Solution Items", "{9F891C50-7099-49FE-8DB8-B4934268BE18}"
	ProjectSection(SolutionItems) = preProject
		README.md = README.md
	EndProjectSection
EndProject
Project("{9A19103F-16F7-4668-BE54-9A1E7A4F7556}") = "Benzene.Examples.App", "..\App\Benzene.Examples.App\Benzene.Examples.App.csproj", "{022C438A-40B2-40BE-823C-119B82C51EFC}"
EndProject
Project("{9A19103F-16F7-4668-BE54-9A1E7A4F7556}") = "Benzene.FluentValidation", "..\..\src\Benzene.FluentValidation\Benzene.FluentValidation.csproj", "{80AD4DE0-1868-479C-86D1-694645765480}"
EndProject
Project("{9A19103F-16F7-4668-BE54-9A1E7A4F7556}") = "Benzene.Diagnostics", "..\..\src\Benzene.Diagnostics\Benzene.Diagnostics.csproj", "{A887B126-542E-4C66-9059-5BF5DAE06106}"
EndProject
Project("{9A19103F-16F7-4668-BE54-9A1E7A4F7556}") = "Benzene.Core", "..\..\src\Benzene.Core\Benzene.Core.csproj", "{A89ABEB3-5586-4B4B-B0E7-C6A583A40E23}"
EndProject
Project("{9A19103F-16F7-4668-BE54-9A1E7A4F7556}") = "Benzene.Abstractions.Pipelines", "..\..\src\Benzene.Abstractions.Pipelines\Benzene.Abstractions.Pipelines.csproj", "{871B79EF-CA9E-45A5-8D27-96B922CF7A79}"
EndProject
Project("{9A19103F-16F7-4668-BE54-9A1E7A4F7556}") = "Benzene.Examples.Kafka", "Benzene.Examples.Kafka\Benzene.Examples.Kafka.csproj", "{6D5A8F71-163B-4DDC-82D3-8AEF09755C56}"
EndProject
Project("{9A19103F-16F7-4668-BE54-9A1E7A4F7556}") = "Benzene.Examples.Kafka.Producer", "Benzene.Examples.Kafka.Producer\Benzene.Examples.Kafka.Producer.csproj", "{6F22E46D-8239-4840-9AAE-04A9AB152153}"
EndProject
Project("{9A19103F-16F7-4668-BE54-9A1E7A4F7556}") = "Benzene.Kafka.Core", "..\..\src\Benzene.Kafka.Core\Benzene.Kafka.Core.csproj", "{6BFD2E29-95AA-416E-BF23-0E1DC608A740}"
EndProject
Project("{9A19103F-16F7-4668-BE54-9A1E7A4F7556}") = "Benzene.HostedService", "..\..\src\Benzene.HostedService\Benzene.HostedService.csproj", "{B6FADBBB-5E99-49D7-94E8-244D35C8DEB9}"
EndProject
Project("{9A19103F-16F7-4668-BE54-9A1E7A4F7556}") = "Benzene.Xml", "..\..\src\Benzene.Xml\Benzene.Xml.csproj", "{49616880-70ED-4498-8DF4-0C6E6C2A2A92}"
EndProject
Project("{9A19103F-16F7-4668-BE54-9A1E7A4F7556}") = "Benzene.Http", "..\..\src\Benzene.Http\Benzene.Http.csproj", "{2532F6F2-EB91-4260-AA04-8B001CE56307}"
EndProject
Project("{9A19103F-16F7-4668-BE54-9A1E7A4F7556}") = "Benzene.Schema.OpenApi", "..\..\src\Benzene.Schema.OpenApi\Benzene.Schema.OpenApi.csproj", "{25432704-EDD1-4FF6-97B2-11119FF8C677}"
EndProject
Project("{9A19103F-16F7-4668-BE54-9A1E7A4F7556}") = "Benzene.Core.Middleware", "..\..\src\Benzene.Core.Middleware\Benzene.Core.Middleware.csproj", "{86238AB6-1BC9-42FD-BFE9-7C49607F0284}"
EndProject
Project("{9A19103F-16F7-4668-BE54-9A1E7A4F7556}") = "Benzene.Abstractions", "..\..\src\Benzene.Abstractions\Benzene.Abstractions.csproj", "{463AD449-5B8F-475A-9373-1D8DFF3B3917}"
EndProject
Project("{9A19103F-16F7-4668-BE54-9A1E7A4F7556}") = "Benzene.Abstractions.Middleware", "..\..\src\Benzene.Abstractions.Middleware\Benzene.Abstractions.Middleware.csproj", "{CAC0B5C7-0A6B-46FD-951C-30CE5558D748}"
EndProject
Project("{9A19103F-16F7-4668-BE54-9A1E7A4F7556}") = "Benzene.Microsoft.Dependencies", "..\..\src\Benzene.Microsoft.Dependencies\Benzene.Microsoft.Dependencies.csproj", "{3A8846D4-65E3-47FF-A9EC-C5E8C117BAAD}"
EndProject
Global
	GlobalSection(SolutionConfigurationPlatforms) = preSolution
		Debug|Any CPU = Debug|Any CPU
		Release|Any CPU = Release|Any CPU
	EndGlobalSection
	GlobalSection(ProjectConfigurationPlatforms) = postSolution
		{022C438A-40B2-40BE-823C-119B82C51EFC}.Debug|Any CPU.ActiveCfg = Debug|Any CPU
		{022C438A-40B2-40BE-823C-119B82C51EFC}.Debug|Any CPU.Build.0 = Debug|Any CPU
		{022C438A-40B2-40BE-823C-119B82C51EFC}.Release|Any CPU.ActiveCfg = Release|Any CPU
		{022C438A-40B2-40BE-823C-119B82C51EFC}.Release|Any CPU.Build.0 = Release|Any CPU
		{80AD4DE0-1868-479C-86D1-694645765480}.Debug|Any CPU.ActiveCfg = Debug|Any CPU
		{80AD4DE0-1868-479C-86D1-694645765480}.Debug|Any CPU.Build.0 = Debug|Any CPU
		{80AD4DE0-1868-479C-86D1-694645765480}.Release|Any CPU.ActiveCfg = Release|Any CPU
		{80AD4DE0-1868-479C-86D1-694645765480}.Release|Any CPU.Build.0 = Release|Any CPU
		{A887B126-542E-4C66-9059-5BF5DAE06106}.Debug|Any CPU.ActiveCfg = Debug|Any CPU
		{A887B126-542E-4C66-9059-5BF5DAE06106}.Debug|Any CPU.Build.0 = Debug|Any CPU
		{A887B126-542E-4C66-9059-5BF5DAE06106}.Release|Any CPU.ActiveCfg = Release|Any CPU
		{A887B126-542E-4C66-9059-5BF5DAE06106}.Release|Any CPU.Build.0 = Release|Any CPU
		{A89ABEB3-5586-4B4B-B0E7-C6A583A40E23}.Debug|Any CPU.ActiveCfg = Debug|Any CPU
		{A89ABEB3-5586-4B4B-B0E7-C6A583A40E23}.Debug|Any CPU.Build.0 = Debug|Any CPU
		{A89ABEB3-5586-4B4B-B0E7-C6A583A40E23}.Release|Any CPU.ActiveCfg = Release|Any CPU
		{A89ABEB3-5586-4B4B-B0E7-C6A583A40E23}.Release|Any CPU.Build.0 = Release|Any CPU
		{871B79EF-CA9E-45A5-8D27-96B922CF7A79}.Debug|Any CPU.ActiveCfg = Debug|Any CPU
		{871B79EF-CA9E-45A5-8D27-96B922CF7A79}.Debug|Any CPU.Build.0 = Debug|Any CPU
		{871B79EF-CA9E-45A5-8D27-96B922CF7A79}.Release|Any CPU.ActiveCfg = Release|Any CPU
		{871B79EF-CA9E-45A5-8D27-96B922CF7A79}.Release|Any CPU.Build.0 = Release|Any CPU
		{6D5A8F71-163B-4DDC-82D3-8AEF09755C56}.Debug|Any CPU.ActiveCfg = Debug|Any CPU
		{6D5A8F71-163B-4DDC-82D3-8AEF09755C56}.Debug|Any CPU.Build.0 = Debug|Any CPU
		{6D5A8F71-163B-4DDC-82D3-8AEF09755C56}.Release|Any CPU.ActiveCfg = Release|Any CPU
		{6D5A8F71-163B-4DDC-82D3-8AEF09755C56}.Release|Any CPU.Build.0 = Release|Any CPU
		{6F22E46D-8239-4840-9AAE-04A9AB152153}.Debug|Any CPU.ActiveCfg = Debug|Any CPU
		{6F22E46D-8239-4840-9AAE-04A9AB152153}.Debug|Any CPU.Build.0 = Debug|Any CPU
		{6F22E46D-8239-4840-9AAE-04A9AB152153}.Release|Any CPU.ActiveCfg = Release|Any CPU
		{6F22E46D-8239-4840-9AAE-04A9AB152153}.Release|Any CPU.Build.0 = Release|Any CPU
		{6BFD2E29-95AA-416E-BF23-0E1DC608A740}.Debug|Any CPU.ActiveCfg = Debug|Any CPU
		{6BFD2E29-95AA-416E-BF23-0E1DC608A740}.Debug|Any CPU.Build.0 = Debug|Any CPU
		{6BFD2E29-95AA-416E-BF23-0E1DC608A740}.Release|Any CPU.ActiveCfg = Release|Any CPU
		{6BFD2E29-95AA-416E-BF23-0E1DC608A740}.Release|Any CPU.Build.0 = Release|Any CPU
		{B6FADBBB-5E99-49D7-94E8-244D35C8DEB9}.Debug|Any CPU.ActiveCfg = Debug|Any CPU
		{B6FADBBB-5E99-49D7-94E8-244D35C8DEB9}.Debug|Any CPU.Build.0 = Debug|Any CPU
		{B6FADBBB-5E99-49D7-94E8-244D35C8DEB9}.Release|Any CPU.ActiveCfg = Release|Any CPU
		{B6FADBBB-5E99-49D7-94E8-244D35C8DEB9}.Release|Any CPU.Build.0 = Release|Any CPU
		{49616880-70ED-4498-8DF4-0C6E6C2A2A92}.Debug|Any CPU.ActiveCfg = Debug|Any CPU
		{49616880-70ED-4498-8DF4-0C6E6C2A2A92}.Debug|Any CPU.Build.0 = Debug|Any CPU
		{49616880-70ED-4498-8DF4-0C6E6C2A2A92}.Release|Any CPU.ActiveCfg = Release|Any CPU
		{49616880-70ED-4498-8DF4-0C6E6C2A2A92}.Release|Any CPU.Build.0 = Release|Any CPU
		{2532F6F2-EB91-4260-AA04-8B001CE56307}.Debug|Any CPU.ActiveCfg = Debug|Any CPU
		{2532F6F2-EB91-4260-AA04-8B001CE56307}.Debug|Any CPU.Build.0 = Debug|Any CPU
		{2532F6F2-EB91-4260-AA04-8B001CE56307}.Release|Any CPU.ActiveCfg = Release|Any CPU
		{2532F6F2-EB91-4260-AA04-8B001CE56307}.Release|Any CPU.Build.0 = Release|Any CPU
		{25432704-EDD1-4FF6-97B2-11119FF8C677}.Debug|Any CPU.ActiveCfg = Debug|Any CPU
		{25432704-EDD1-4FF6-97B2-11119FF8C677}.Debug|Any CPU.Build.0 = Debug|Any CPU
		{25432704-EDD1-4FF6-97B2-11119FF8C677}.Release|Any CPU.ActiveCfg = Release|Any CPU
		{25432704-EDD1-4FF6-97B2-11119FF8C677}.Release|Any CPU.Build.0 = Release|Any CPU
		{86238AB6-1BC9-42FD-BFE9-7C49607F0284}.Debug|Any CPU.ActiveCfg = Debug|Any CPU
		{86238AB6-1BC9-42FD-BFE9-7C49607F0284}.Debug|Any CPU.Build.0 = Debug|Any CPU
		{86238AB6-1BC9-42FD-BFE9-7C49607F0284}.Release|Any CPU.ActiveCfg = Release|Any CPU
		{86238AB6-1BC9-42FD-BFE9-7C49607F0284}.Release|Any CPU.Build.0 = Release|Any CPU
		{463AD449-5B8F-475A-9373-1D8DFF3B3917}.Debug|Any CPU.ActiveCfg = Debug|Any CPU
		{463AD449-5B8F-475A-9373-1D8DFF3B3917}.Debug|Any CPU.Build.0 = Debug|Any CPU
		{463AD449-5B8F-475A-9373-1D8DFF3B3917}.Release|Any CPU.ActiveCfg = Release|Any CPU
		{463AD449-5B8F-475A-9373-1D8DFF3B3917}.Release|Any CPU.Build.0 = Release|Any CPU
		{CAC0B5C7-0A6B-46FD-951C-30CE5558D748}.Debug|Any CPU.ActiveCfg = Debug|Any CPU
		{CAC0B5C7-0A6B-46FD-951C-30CE5558D748}.Debug|Any CPU.Build.0 = Debug|Any CPU
		{CAC0B5C7-0A6B-46FD-951C-30CE5558D748}.Release|Any CPU.ActiveCfg = Release|Any CPU
		{CAC0B5C7-0A6B-46FD-951C-30CE5558D748}.Release|Any CPU.Build.0 = Release|Any CPU
		{3A8846D4-65E3-47FF-A9EC-C5E8C117BAAD}.Debug|Any CPU.ActiveCfg = Debug|Any CPU
		{3A8846D4-65E3-47FF-A9EC-C5E8C117BAAD}.Debug|Any CPU.Build.0 = Debug|Any CPU
		{3A8846D4-65E3-47FF-A9EC-C5E8C117BAAD}.Release|Any CPU.ActiveCfg = Release|Any CPU
		{3A8846D4-65E3-47FF-A9EC-C5E8C117BAAD}.Release|Any CPU.Build.0 = Release|Any CPU
	EndGlobalSection
	GlobalSection(SolutionProperties) = preSolution
		HideSolutionNode = FALSE
	EndGlobalSection
	GlobalSection(ExtensibilityGlobals) = postSolution
		SolutionGuid = {5AAAC659-867C-482B-A5D2-BCE69DDB9853}
	EndGlobalSection
EndGlobal
