
Microsoft Visual Studio Solution File, Format Version 12.00
# Visual Studio Version 17
VisualStudioVersion = 17.0.31903.59
MinimumVisualStudioVersion = 10.0.40219.1
Project("{FAE04EC0-301F-11D3-BF4B-00C04F79EFBC}") = "Benzene.Examples.Versioning", "Benzene.Examples.Versioning\Benzene.Examples.Versioning.csproj", "{14850B81-AEFE-4680-80F8-9073DC827FC5}"
EndProject
Project("{FAE04EC0-301F-11D3-BF4B-00C04F79EFBC}") = "Benzene.CodeGen.SourceGenerators", "..\..\src\Benzene.CodeGen.SourceGenerators\Benzene.CodeGen.SourceGenerators.csproj", "{FF6EF205-0C0E-43F4-8119-1ACDAEE01306}"
EndProject
Project("{FAE04EC0-301F-11D3-BF4B-00C04F79EFBC}") = "Benzene.Aws.Lambda.ApiGateway", "..\..\src\Benzene.Aws.Lambda.ApiGateway\Benzene.Aws.Lambda.ApiGateway.csproj", "{54BFCFC9-B46E-4CA1-9FDD-00A165D80B72}"
EndProject
Project("{FAE04EC0-301F-11D3-BF4B-00C04F79EFBC}") = "Benzene.Aws.Lambda.Core", "..\..\src\Benzene.Aws.Lambda.Core\Benzene.Aws.Lambda.Core.csproj", "{BCDC44A1-5619-4ED5-9D86-9E7C32A542D3}"
EndProject
Project("{FAE04EC0-301F-11D3-BF4B-00C04F79EFBC}") = "Benzene.Abstractions.Pipelines", "..\..\src\Benzene.Abstractions.Pipelines\Benzene.Abstractions.Pipelines.csproj", "{AF6733C8-0DB6-4A32-937D-B81CBAC80D46}"
EndProject
Project("{FAE04EC0-301F-11D3-BF4B-00C04F79EFBC}") = "Benzene.Abstractions.MessageHandlers", "..\..\src\Benzene.Abstractions.MessageHandlers\Benzene.Abstractions.MessageHandlers.csproj", "{13FF5C35-51BF-405E-B805-C6C44DE1258C}"
EndProject
Project("{FAE04EC0-301F-11D3-BF4B-00C04F79EFBC}") = "Benzene.Abstractions.Messages", "..\..\src\Benzene.Abstractions.Messages\Benzene.Abstractions.Messages.csproj", "{09B07B5B-EBDF-46C0-9847-055E16B8E2AE}"
EndProject
Project("{FAE04EC0-301F-11D3-BF4B-00C04F79EFBC}") = "Benzene.Abstractions.Middleware", "..\..\src\Benzene.Abstractions.Middleware\Benzene.Abstractions.Middleware.csproj", "{B5AB85DE-1C8E-4780-ADE9-6E256B5FDFC0}"
EndProject
Project("{FAE04EC0-301F-11D3-BF4B-00C04F79EFBC}") = "Benzene.Abstractions", "..\..\src\Benzene.Abstractions\Benzene.Abstractions.csproj", "{CE4354A1-E8D8-4424-BFE4-C7546058C414}"
EndProject
Project("{FAE04EC0-301F-11D3-BF4B-00C04F79EFBC}") = "Benzene.Results", "..\..\src\Benzene.Results\Benzene.Results.csproj", "{933E57A7-65CF-418E-8822-81672D21B5D5}"
EndProject
Project("{FAE04EC0-301F-11D3-BF4B-00C04F79EFBC}") = "Benzene.Core.MessageHandlers", "..\..\src\Benzene.Core.MessageHandlers\Benzene.Core.MessageHandlers.csproj", "{6532B740-EE42-4B9B-B349-B39405E7F7C1}"
EndProject
Project("{FAE04EC0-301F-11D3-BF4B-00C04F79EFBC}") = "Benzene.Core.Messages", "..\..\src\Benzene.Core.Messages\Benzene.Core.Messages.csproj", "{2666333F-54F9-4890-AFF4-96CEE04CD52A}"
EndProject
Project("{FAE04EC0-301F-11D3-BF4B-00C04F79EFBC}") = "Benzene.Core.Middleware", "..\..\src\Benzene.Core.Middleware\Benzene.Core.Middleware.csproj", "{3434FBBA-EA1D-4484-85EF-B744F71C2AA2}"
EndProject
Project("{FAE04EC0-301F-11D3-BF4B-00C04F79EFBC}") = "Benzene.Core", "..\..\src\Benzene.Core\Benzene.Core.csproj", "{7661C618-8E27-44DE-8B42-A90660C5D830}"
EndProject
Project("{FAE04EC0-301F-11D3-BF4B-00C04F79EFBC}") = "Benzene.Microsoft.Dependencies", "..\..\src\Benzene.Microsoft.Dependencies\Benzene.Microsoft.Dependencies.csproj", "{D37D8FE3-34D5-4BBF-B656-E6FFF5A5CBA2}"
EndProject
Project("{FAE04EC0-301F-11D3-BF4B-00C04F79EFBC}") = "Benzene.Diagnostics", "..\..\src\Benzene.Diagnostics\Benzene.Diagnostics.csproj", "{1137DE0B-C4D4-42B2-8CB9-BF118BAE514B}"
EndProject
Project("{FAE04EC0-301F-11D3-BF4B-00C04F79EFBC}") = "Benzene.HealthChecks", "..\..\src\Benzene.HealthChecks\Benzene.HealthChecks.csproj", "{B5A74459-B7A1-4EF3-A323-3731F0217DE2}"
EndProject
Project("{FAE04EC0-301F-11D3-BF4B-00C04F79EFBC}") = "Benzene.HealthChecks.Core", "..\..\src\Benzene.HealthChecks.Core\Benzene.HealthChecks.Core.csproj", "{761C2C6D-788B-456D-89D5-63A78A38CBC6}"
EndProject
Project("{FAE04EC0-301F-11D3-BF4B-00C04F79EFBC}") = "Benzene.Http", "..\..\src\Benzene.Http\Benzene.Http.csproj", "{E9EAD307-347F-48E8-9A59-7D1B046A3D45}"
EndProject
Project("{FAE04EC0-301F-11D3-BF4B-00C04F79EFBC}") = "Benzene.Aws.Lambda.Sns", "..\..\src\Benzene.Aws.Lambda.Sns\Benzene.Aws.Lambda.Sns.csproj", "{C16B5D6F-5DFE-4423-B641-36E41557B722}"
EndProject
Project("{FAE04EC0-301F-11D3-BF4B-00C04F79EFBC}") = "Benzene.Aws.Lambda.Sqs", "..\..\src\Benzene.Aws.Lambda.Sqs\Benzene.Aws.Lambda.Sqs.csproj", "{288EDCDC-2F81-4C50-BAE6-19C720A817B2}"
EndProject
Project("{FAE04EC0-301F-11D3-BF4B-00C04F79EFBC}") = "Benzene.Core.Versioning", "..\..\src\Benzene.Core.Versioning\Benzene.Core.Versioning.csproj", "{A4C8949D-5A1A-4C73-89E8-6874111351DE}"
EndProject
Project("{FAE04EC0-301F-11D3-BF4B-00C04F79EFBC}") = "Benzene.Examples.Versioning.Tests", "Benzene.Examples.Versioning.Tests\Benzene.Examples.Versioning.Tests.csproj", "{D396EC39-042A-4419-90F4-381887CB2004}"
EndProject
Project("{FAE04EC0-301F-11D3-BF4B-00C04F79EFBC}") = "Benzene.Aws.Lambda.Core.TestHelpers", "..\..\src\Benzene.Aws.Lambda.Core.TestHelpers\Benzene.Aws.Lambda.Core.TestHelpers.csproj", "{15EFB06A-9F6F-45F2-BA7E-74CB1FC6D019}"
EndProject
Project("{FAE04EC0-301F-11D3-BF4B-00C04F79EFBC}") = "Benzene.Testing", "..\..\src\Benzene.Testing\Benzene.Testing.csproj", "{C94313B9-AC83-486D-818A-A74BFAAF31A7}"
EndProject
Global
	GlobalSection(SolutionConfigurationPlatforms) = preSolution
		Debug|Any CPU = Debug|Any CPU
		Debug|x64 = Debug|x64
		Debug|x86 = Debug|x86
		Release|Any CPU = Release|Any CPU
		Release|x64 = Release|x64
		Release|x86 = Release|x86
	EndGlobalSection
	GlobalSection(ProjectConfigurationPlatforms) = postSolution
		{14850B81-AEFE-4680-80F8-9073DC827FC5}.Debug|Any CPU.ActiveCfg = Debug|Any CPU
		{14850B81-AEFE-4680-80F8-9073DC827FC5}.Debug|Any CPU.Build.0 = Debug|Any CPU
		{14850B81-AEFE-4680-80F8-9073DC827FC5}.Debug|x64.ActiveCfg = Debug|Any CPU
		{14850B81-AEFE-4680-80F8-9073DC827FC5}.Debug|x64.Build.0 = Debug|Any CPU
		{14850B81-AEFE-4680-80F8-9073DC827FC5}.Debug|x86.ActiveCfg = Debug|Any CPU
		{14850B81-AEFE-4680-80F8-9073DC827FC5}.Debug|x86.Build.0 = Debug|Any CPU
		{14850B81-AEFE-4680-80F8-9073DC827FC5}.Release|Any CPU.ActiveCfg = Release|Any CPU
		{14850B81-AEFE-4680-80F8-9073DC827FC5}.Release|Any CPU.Build.0 = Release|Any CPU
		{14850B81-AEFE-4680-80F8-9073DC827FC5}.Release|x64.ActiveCfg = Release|Any CPU
		{14850B81-AEFE-4680-80F8-9073DC827FC5}.Release|x64.Build.0 = Release|Any CPU
		{14850B81-AEFE-4680-80F8-9073DC827FC5}.Release|x86.ActiveCfg = Release|Any CPU
		{14850B81-AEFE-4680-80F8-9073DC827FC5}.Release|x86.Build.0 = Release|Any CPU
		{FF6EF205-0C0E-43F4-8119-1ACDAEE01306}.Debug|Any CPU.ActiveCfg = Debug|Any CPU
		{FF6EF205-0C0E-43F4-8119-1ACDAEE01306}.Debug|Any CPU.Build.0 = Debug|Any CPU
		{FF6EF205-0C0E-43F4-8119-1ACDAEE01306}.Debug|x64.ActiveCfg = Debug|Any CPU
		{FF6EF205-0C0E-43F4-8119-1ACDAEE01306}.Debug|x64.Build.0 = Debug|Any CPU
		{FF6EF205-0C0E-43F4-8119-1ACDAEE01306}.Debug|x86.ActiveCfg = Debug|Any CPU
		{FF6EF205-0C0E-43F4-8119-1ACDAEE01306}.Debug|x86.Build.0 = Debug|Any CPU
		{FF6EF205-0C0E-43F4-8119-1ACDAEE01306}.Release|Any CPU.ActiveCfg = Release|Any CPU
		{FF6EF205-0C0E-43F4-8119-1ACDAEE01306}.Release|Any CPU.Build.0 = Release|Any CPU
		{FF6EF205-0C0E-43F4-8119-1ACDAEE01306}.Release|x64.ActiveCfg = Release|Any CPU
		{FF6EF205-0C0E-43F4-8119-1ACDAEE01306}.Release|x64.Build.0 = Release|Any CPU
		{FF6EF205-0C0E-43F4-8119-1ACDAEE01306}.Release|x86.ActiveCfg = Release|Any CPU
		{FF6EF205-0C0E-43F4-8119-1ACDAEE01306}.Release|x86.Build.0 = Release|Any CPU
		{54BFCFC9-B46E-4CA1-9FDD-00A165D80B72}.Debug|Any CPU.ActiveCfg = Debug|Any CPU
		{54BFCFC9-B46E-4CA1-9FDD-00A165D80B72}.Debug|Any CPU.Build.0 = Debug|Any CPU
		{54BFCFC9-B46E-4CA1-9FDD-00A165D80B72}.Debug|x64.ActiveCfg = Debug|Any CPU
		{54BFCFC9-B46E-4CA1-9FDD-00A165D80B72}.Debug|x64.Build.0 = Debug|Any CPU
		{54BFCFC9-B46E-4CA1-9FDD-00A165D80B72}.Debug|x86.ActiveCfg = Debug|Any CPU
		{54BFCFC9-B46E-4CA1-9FDD-00A165D80B72}.Debug|x86.Build.0 = Debug|Any CPU
		{54BFCFC9-B46E-4CA1-9FDD-00A165D80B72}.Release|Any CPU.ActiveCfg = Release|Any CPU
		{54BFCFC9-B46E-4CA1-9FDD-00A165D80B72}.Release|Any CPU.Build.0 = Release|Any CPU
		{54BFCFC9-B46E-4CA1-9FDD-00A165D80B72}.Release|x64.ActiveCfg = Release|Any CPU
		{54BFCFC9-B46E-4CA1-9FDD-00A165D80B72}.Release|x64.Build.0 = Release|Any CPU
		{54BFCFC9-B46E-4CA1-9FDD-00A165D80B72}.Release|x86.ActiveCfg = Release|Any CPU
		{54BFCFC9-B46E-4CA1-9FDD-00A165D80B72}.Release|x86.Build.0 = Release|Any CPU
		{BCDC44A1-5619-4ED5-9D86-9E7C32A542D3}.Debug|Any CPU.ActiveCfg = Debug|Any CPU
		{BCDC44A1-5619-4ED5-9D86-9E7C32A542D3}.Debug|Any CPU.Build.0 = Debug|Any CPU
		{BCDC44A1-5619-4ED5-9D86-9E7C32A542D3}.Debug|x64.ActiveCfg = Debug|Any CPU
		{BCDC44A1-5619-4ED5-9D86-9E7C32A542D3}.Debug|x64.Build.0 = Debug|Any CPU
		{BCDC44A1-5619-4ED5-9D86-9E7C32A542D3}.Debug|x86.ActiveCfg = Debug|Any CPU
		{BCDC44A1-5619-4ED5-9D86-9E7C32A542D3}.Debug|x86.Build.0 = Debug|Any CPU
		{BCDC44A1-5619-4ED5-9D86-9E7C32A542D3}.Release|Any CPU.ActiveCfg = Release|Any CPU
		{BCDC44A1-5619-4ED5-9D86-9E7C32A542D3}.Release|Any CPU.Build.0 = Release|Any CPU
		{BCDC44A1-5619-4ED5-9D86-9E7C32A542D3}.Release|x64.ActiveCfg = Release|Any CPU
		{BCDC44A1-5619-4ED5-9D86-9E7C32A542D3}.Release|x64.Build.0 = Release|Any CPU
		{BCDC44A1-5619-4ED5-9D86-9E7C32A542D3}.Release|x86.ActiveCfg = Release|Any CPU
		{BCDC44A1-5619-4ED5-9D86-9E7C32A542D3}.Release|x86.Build.0 = Release|Any CPU
		{AF6733C8-0DB6-4A32-937D-B81CBAC80D46}.Debug|Any CPU.ActiveCfg = Debug|Any CPU
		{AF6733C8-0DB6-4A32-937D-B81CBAC80D46}.Debug|Any CPU.Build.0 = Debug|Any CPU
		{AF6733C8-0DB6-4A32-937D-B81CBAC80D46}.Debug|x64.ActiveCfg = Debug|Any CPU
		{AF6733C8-0DB6-4A32-937D-B81CBAC80D46}.Debug|x64.Build.0 = Debug|Any CPU
		{AF6733C8-0DB6-4A32-937D-B81CBAC80D46}.Debug|x86.ActiveCfg = Debug|Any CPU
		{AF6733C8-0DB6-4A32-937D-B81CBAC80D46}.Debug|x86.Build.0 = Debug|Any CPU
		{AF6733C8-0DB6-4A32-937D-B81CBAC80D46}.Release|Any CPU.ActiveCfg = Release|Any CPU
		{AF6733C8-0DB6-4A32-937D-B81CBAC80D46}.Release|Any CPU.Build.0 = Release|Any CPU
		{AF6733C8-0DB6-4A32-937D-B81CBAC80D46}.Release|x64.ActiveCfg = Release|Any CPU
		{AF6733C8-0DB6-4A32-937D-B81CBAC80D46}.Release|x64.Build.0 = Release|Any CPU
		{AF6733C8-0DB6-4A32-937D-B81CBAC80D46}.Release|x86.ActiveCfg = Release|Any CPU
		{AF6733C8-0DB6-4A32-937D-B81CBAC80D46}.Release|x86.Build.0 = Release|Any CPU
		{13FF5C35-51BF-405E-B805-C6C44DE1258C}.Debug|Any CPU.ActiveCfg = Debug|Any CPU
		{13FF5C35-51BF-405E-B805-C6C44DE1258C}.Debug|Any CPU.Build.0 = Debug|Any CPU
		{13FF5C35-51BF-405E-B805-C6C44DE1258C}.Debug|x64.ActiveCfg = Debug|Any CPU
		{13FF5C35-51BF-405E-B805-C6C44DE1258C}.Debug|x64.Build.0 = Debug|Any CPU
		{13FF5C35-51BF-405E-B805-C6C44DE1258C}.Debug|x86.ActiveCfg = Debug|Any CPU
		{13FF5C35-51BF-405E-B805-C6C44DE1258C}.Debug|x86.Build.0 = Debug|Any CPU
		{13FF5C35-51BF-405E-B805-C6C44DE1258C}.Release|Any CPU.ActiveCfg = Release|Any CPU
		{13FF5C35-51BF-405E-B805-C6C44DE1258C}.Release|Any CPU.Build.0 = Release|Any CPU
		{13FF5C35-51BF-405E-B805-C6C44DE1258C}.Release|x64.ActiveCfg = Release|Any CPU
		{13FF5C35-51BF-405E-B805-C6C44DE1258C}.Release|x64.Build.0 = Release|Any CPU
		{13FF5C35-51BF-405E-B805-C6C44DE1258C}.Release|x86.ActiveCfg = Release|Any CPU
		{13FF5C35-51BF-405E-B805-C6C44DE1258C}.Release|x86.Build.0 = Release|Any CPU
		{09B07B5B-EBDF-46C0-9847-055E16B8E2AE}.Debug|Any CPU.ActiveCfg = Debug|Any CPU
		{09B07B5B-EBDF-46C0-9847-055E16B8E2AE}.Debug|Any CPU.Build.0 = Debug|Any CPU
		{09B07B5B-EBDF-46C0-9847-055E16B8E2AE}.Debug|x64.ActiveCfg = Debug|Any CPU
		{09B07B5B-EBDF-46C0-9847-055E16B8E2AE}.Debug|x64.Build.0 = Debug|Any CPU
		{09B07B5B-EBDF-46C0-9847-055E16B8E2AE}.Debug|x86.ActiveCfg = Debug|Any CPU
		{09B07B5B-EBDF-46C0-9847-055E16B8E2AE}.Debug|x86.Build.0 = Debug|Any CPU
		{09B07B5B-EBDF-46C0-9847-055E16B8E2AE}.Release|Any CPU.ActiveCfg = Release|Any CPU
		{09B07B5B-EBDF-46C0-9847-055E16B8E2AE}.Release|Any CPU.Build.0 = Release|Any CPU
		{09B07B5B-EBDF-46C0-9847-055E16B8E2AE}.Release|x64.ActiveCfg = Release|Any CPU
		{09B07B5B-EBDF-46C0-9847-055E16B8E2AE}.Release|x64.Build.0 = Release|Any CPU
		{09B07B5B-EBDF-46C0-9847-055E16B8E2AE}.Release|x86.ActiveCfg = Release|Any CPU
		{09B07B5B-EBDF-46C0-9847-055E16B8E2AE}.Release|x86.Build.0 = Release|Any CPU
		{B5AB85DE-1C8E-4780-ADE9-6E256B5FDFC0}.Debug|Any CPU.ActiveCfg = Debug|Any CPU
		{B5AB85DE-1C8E-4780-ADE9-6E256B5FDFC0}.Debug|Any CPU.Build.0 = Debug|Any CPU
		{B5AB85DE-1C8E-4780-ADE9-6E256B5FDFC0}.Debug|x64.ActiveCfg = Debug|Any CPU
		{B5AB85DE-1C8E-4780-ADE9-6E256B5FDFC0}.Debug|x64.Build.0 = Debug|Any CPU
		{B5AB85DE-1C8E-4780-ADE9-6E256B5FDFC0}.Debug|x86.ActiveCfg = Debug|Any CPU
		{B5AB85DE-1C8E-4780-ADE9-6E256B5FDFC0}.Debug|x86.Build.0 = Debug|Any CPU
		{B5AB85DE-1C8E-4780-ADE9-6E256B5FDFC0}.Release|Any CPU.ActiveCfg = Release|Any CPU
		{B5AB85DE-1C8E-4780-ADE9-6E256B5FDFC0}.Release|Any CPU.Build.0 = Release|Any CPU
		{B5AB85DE-1C8E-4780-ADE9-6E256B5FDFC0}.Release|x64.ActiveCfg = Release|Any CPU
		{B5AB85DE-1C8E-4780-ADE9-6E256B5FDFC0}.Release|x64.Build.0 = Release|Any CPU
		{B5AB85DE-1C8E-4780-ADE9-6E256B5FDFC0}.Release|x86.ActiveCfg = Release|Any CPU
		{B5AB85DE-1C8E-4780-ADE9-6E256B5FDFC0}.Release|x86.Build.0 = Release|Any CPU
		{CE4354A1-E8D8-4424-BFE4-C7546058C414}.Debug|Any CPU.ActiveCfg = Debug|Any CPU
		{CE4354A1-E8D8-4424-BFE4-C7546058C414}.Debug|Any CPU.Build.0 = Debug|Any CPU
		{CE4354A1-E8D8-4424-BFE4-C7546058C414}.Debug|x64.ActiveCfg = Debug|Any CPU
		{CE4354A1-E8D8-4424-BFE4-C7546058C414}.Debug|x64.Build.0 = Debug|Any CPU
		{CE4354A1-E8D8-4424-BFE4-C7546058C414}.Debug|x86.ActiveCfg = Debug|Any CPU
		{CE4354A1-E8D8-4424-BFE4-C7546058C414}.Debug|x86.Build.0 = Debug|Any CPU
		{CE4354A1-E8D8-4424-BFE4-C7546058C414}.Release|Any CPU.ActiveCfg = Release|Any CPU
		{CE4354A1-E8D8-4424-BFE4-C7546058C414}.Release|Any CPU.Build.0 = Release|Any CPU
		{CE4354A1-E8D8-4424-BFE4-C7546058C414}.Release|x64.ActiveCfg = Release|Any CPU
		{CE4354A1-E8D8-4424-BFE4-C7546058C414}.Release|x64.Build.0 = Release|Any CPU
		{CE4354A1-E8D8-4424-BFE4-C7546058C414}.Release|x86.ActiveCfg = Release|Any CPU
		{CE4354A1-E8D8-4424-BFE4-C7546058C414}.Release|x86.Build.0 = Release|Any CPU
		{933E57A7-65CF-418E-8822-81672D21B5D5}.Debug|Any CPU.ActiveCfg = Debug|Any CPU
		{933E57A7-65CF-418E-8822-81672D21B5D5}.Debug|Any CPU.Build.0 = Debug|Any CPU
		{933E57A7-65CF-418E-8822-81672D21B5D5}.Debug|x64.ActiveCfg = Debug|Any CPU
		{933E57A7-65CF-418E-8822-81672D21B5D5}.Debug|x64.Build.0 = Debug|Any CPU
		{933E57A7-65CF-418E-8822-81672D21B5D5}.Debug|x86.ActiveCfg = Debug|Any CPU
		{933E57A7-65CF-418E-8822-81672D21B5D5}.Debug|x86.Build.0 = Debug|Any CPU
		{933E57A7-65CF-418E-8822-81672D21B5D5}.Release|Any CPU.ActiveCfg = Release|Any CPU
		{933E57A7-65CF-418E-8822-81672D21B5D5}.Release|Any CPU.Build.0 = Release|Any CPU
		{933E57A7-65CF-418E-8822-81672D21B5D5}.Release|x64.ActiveCfg = Release|Any CPU
		{933E57A7-65CF-418E-8822-81672D21B5D5}.Release|x64.Build.0 = Release|Any CPU
		{933E57A7-65CF-418E-8822-81672D21B5D5}.Release|x86.ActiveCfg = Release|Any CPU
		{933E57A7-65CF-418E-8822-81672D21B5D5}.Release|x86.Build.0 = Release|Any CPU
		{6532B740-EE42-4B9B-B349-B39405E7F7C1}.Debug|Any CPU.ActiveCfg = Debug|Any CPU
		{6532B740-EE42-4B9B-B349-B39405E7F7C1}.Debug|Any CPU.Build.0 = Debug|Any CPU
		{6532B740-EE42-4B9B-B349-B39405E7F7C1}.Debug|x64.ActiveCfg = Debug|Any CPU
		{6532B740-EE42-4B9B-B349-B39405E7F7C1}.Debug|x64.Build.0 = Debug|Any CPU
		{6532B740-EE42-4B9B-B349-B39405E7F7C1}.Debug|x86.ActiveCfg = Debug|Any CPU
		{6532B740-EE42-4B9B-B349-B39405E7F7C1}.Debug|x86.Build.0 = Debug|Any CPU
		{6532B740-EE42-4B9B-B349-B39405E7F7C1}.Release|Any CPU.ActiveCfg = Release|Any CPU
		{6532B740-EE42-4B9B-B349-B39405E7F7C1}.Release|Any CPU.Build.0 = Release|Any CPU
		{6532B740-EE42-4B9B-B349-B39405E7F7C1}.Release|x64.ActiveCfg = Release|Any CPU
		{6532B740-EE42-4B9B-B349-B39405E7F7C1}.Release|x64.Build.0 = Release|Any CPU
		{6532B740-EE42-4B9B-B349-B39405E7F7C1}.Release|x86.ActiveCfg = Release|Any CPU
		{6532B740-EE42-4B9B-B349-B39405E7F7C1}.Release|x86.Build.0 = Release|Any CPU
		{2666333F-54F9-4890-AFF4-96CEE04CD52A}.Debug|Any CPU.ActiveCfg = Debug|Any CPU
		{2666333F-54F9-4890-AFF4-96CEE04CD52A}.Debug|Any CPU.Build.0 = Debug|Any CPU
		{2666333F-54F9-4890-AFF4-96CEE04CD52A}.Debug|x64.ActiveCfg = Debug|Any CPU
		{2666333F-54F9-4890-AFF4-96CEE04CD52A}.Debug|x64.Build.0 = Debug|Any CPU
		{2666333F-54F9-4890-AFF4-96CEE04CD52A}.Debug|x86.ActiveCfg = Debug|Any CPU
		{2666333F-54F9-4890-AFF4-96CEE04CD52A}.Debug|x86.Build.0 = Debug|Any CPU
		{2666333F-54F9-4890-AFF4-96CEE04CD52A}.Release|Any CPU.ActiveCfg = Release|Any CPU
		{2666333F-54F9-4890-AFF4-96CEE04CD52A}.Release|Any CPU.Build.0 = Release|Any CPU
		{2666333F-54F9-4890-AFF4-96CEE04CD52A}.Release|x64.ActiveCfg = Release|Any CPU
		{2666333F-54F9-4890-AFF4-96CEE04CD52A}.Release|x64.Build.0 = Release|Any CPU
		{2666333F-54F9-4890-AFF4-96CEE04CD52A}.Release|x86.ActiveCfg = Release|Any CPU
		{2666333F-54F9-4890-AFF4-96CEE04CD52A}.Release|x86.Build.0 = Release|Any CPU
		{3434FBBA-EA1D-4484-85EF-B744F71C2AA2}.Debug|Any CPU.ActiveCfg = Debug|Any CPU
		{3434FBBA-EA1D-4484-85EF-B744F71C2AA2}.Debug|Any CPU.Build.0 = Debug|Any CPU
		{3434FBBA-EA1D-4484-85EF-B744F71C2AA2}.Debug|x64.ActiveCfg = Debug|Any CPU
		{3434FBBA-EA1D-4484-85EF-B744F71C2AA2}.Debug|x64.Build.0 = Debug|Any CPU
		{3434FBBA-EA1D-4484-85EF-B744F71C2AA2}.Debug|x86.ActiveCfg = Debug|Any CPU
		{3434FBBA-EA1D-4484-85EF-B744F71C2AA2}.Debug|x86.Build.0 = Debug|Any CPU
		{3434FBBA-EA1D-4484-85EF-B744F71C2AA2}.Release|Any CPU.ActiveCfg = Release|Any CPU
		{3434FBBA-EA1D-4484-85EF-B744F71C2AA2}.Release|Any CPU.Build.0 = Release|Any CPU
		{3434FBBA-EA1D-4484-85EF-B744F71C2AA2}.Release|x64.ActiveCfg = Release|Any CPU
		{3434FBBA-EA1D-4484-85EF-B744F71C2AA2}.Release|x64.Build.0 = Release|Any CPU
		{3434FBBA-EA1D-4484-85EF-B744F71C2AA2}.Release|x86.ActiveCfg = Release|Any CPU
		{3434FBBA-EA1D-4484-85EF-B744F71C2AA2}.Release|x86.Build.0 = Release|Any CPU
		{7661C618-8E27-44DE-8B42-A90660C5D830}.Debug|Any CPU.ActiveCfg = Debug|Any CPU
		{7661C618-8E27-44DE-8B42-A90660C5D830}.Debug|Any CPU.Build.0 = Debug|Any CPU
		{7661C618-8E27-44DE-8B42-A90660C5D830}.Debug|x64.ActiveCfg = Debug|Any CPU
		{7661C618-8E27-44DE-8B42-A90660C5D830}.Debug|x64.Build.0 = Debug|Any CPU
		{7661C618-8E27-44DE-8B42-A90660C5D830}.Debug|x86.ActiveCfg = Debug|Any CPU
		{7661C618-8E27-44DE-8B42-A90660C5D830}.Debug|x86.Build.0 = Debug|Any CPU
		{7661C618-8E27-44DE-8B42-A90660C5D830}.Release|Any CPU.ActiveCfg = Release|Any CPU
		{7661C618-8E27-44DE-8B42-A90660C5D830}.Release|Any CPU.Build.0 = Release|Any CPU
		{7661C618-8E27-44DE-8B42-A90660C5D830}.Release|x64.ActiveCfg = Release|Any CPU
		{7661C618-8E27-44DE-8B42-A90660C5D830}.Release|x64.Build.0 = Release|Any CPU
		{7661C618-8E27-44DE-8B42-A90660C5D830}.Release|x86.ActiveCfg = Release|Any CPU
		{7661C618-8E27-44DE-8B42-A90660C5D830}.Release|x86.Build.0 = Release|Any CPU
		{D37D8FE3-34D5-4BBF-B656-E6FFF5A5CBA2}.Debug|Any CPU.ActiveCfg = Debug|Any CPU
		{D37D8FE3-34D5-4BBF-B656-E6FFF5A5CBA2}.Debug|Any CPU.Build.0 = Debug|Any CPU
		{D37D8FE3-34D5-4BBF-B656-E6FFF5A5CBA2}.Debug|x64.ActiveCfg = Debug|Any CPU
		{D37D8FE3-34D5-4BBF-B656-E6FFF5A5CBA2}.Debug|x64.Build.0 = Debug|Any CPU
		{D37D8FE3-34D5-4BBF-B656-E6FFF5A5CBA2}.Debug|x86.ActiveCfg = Debug|Any CPU
		{D37D8FE3-34D5-4BBF-B656-E6FFF5A5CBA2}.Debug|x86.Build.0 = Debug|Any CPU
		{D37D8FE3-34D5-4BBF-B656-E6FFF5A5CBA2}.Release|Any CPU.ActiveCfg = Release|Any CPU
		{D37D8FE3-34D5-4BBF-B656-E6FFF5A5CBA2}.Release|Any CPU.Build.0 = Release|Any CPU
		{D37D8FE3-34D5-4BBF-B656-E6FFF5A5CBA2}.Release|x64.ActiveCfg = Release|Any CPU
		{D37D8FE3-34D5-4BBF-B656-E6FFF5A5CBA2}.Release|x64.Build.0 = Release|Any CPU
		{D37D8FE3-34D5-4BBF-B656-E6FFF5A5CBA2}.Release|x86.ActiveCfg = Release|Any CPU
		{D37D8FE3-34D5-4BBF-B656-E6FFF5A5CBA2}.Release|x86.Build.0 = Release|Any CPU
		{1137DE0B-C4D4-42B2-8CB9-BF118BAE514B}.Debug|Any CPU.ActiveCfg = Debug|Any CPU
		{1137DE0B-C4D4-42B2-8CB9-BF118BAE514B}.Debug|Any CPU.Build.0 = Debug|Any CPU
		{1137DE0B-C4D4-42B2-8CB9-BF118BAE514B}.Debug|x64.ActiveCfg = Debug|Any CPU
		{1137DE0B-C4D4-42B2-8CB9-BF118BAE514B}.Debug|x64.Build.0 = Debug|Any CPU
		{1137DE0B-C4D4-42B2-8CB9-BF118BAE514B}.Debug|x86.ActiveCfg = Debug|Any CPU
		{1137DE0B-C4D4-42B2-8CB9-BF118BAE514B}.Debug|x86.Build.0 = Debug|Any CPU
		{1137DE0B-C4D4-42B2-8CB9-BF118BAE514B}.Release|Any CPU.ActiveCfg = Release|Any CPU
		{1137DE0B-C4D4-42B2-8CB9-BF118BAE514B}.Release|Any CPU.Build.0 = Release|Any CPU
		{1137DE0B-C4D4-42B2-8CB9-BF118BAE514B}.Release|x64.ActiveCfg = Release|Any CPU
		{1137DE0B-C4D4-42B2-8CB9-BF118BAE514B}.Release|x64.Build.0 = Release|Any CPU
		{1137DE0B-C4D4-42B2-8CB9-BF118BAE514B}.Release|x86.ActiveCfg = Release|Any CPU
		{1137DE0B-C4D4-42B2-8CB9-BF118BAE514B}.Release|x86.Build.0 = Release|Any CPU
		{B5A74459-B7A1-4EF3-A323-3731F0217DE2}.Debug|Any CPU.ActiveCfg = Debug|Any CPU
		{B5A74459-B7A1-4EF3-A323-3731F0217DE2}.Debug|Any CPU.Build.0 = Debug|Any CPU
		{B5A74459-B7A1-4EF3-A323-3731F0217DE2}.Debug|x64.ActiveCfg = Debug|Any CPU
		{B5A74459-B7A1-4EF3-A323-3731F0217DE2}.Debug|x64.Build.0 = Debug|Any CPU
		{B5A74459-B7A1-4EF3-A323-3731F0217DE2}.Debug|x86.ActiveCfg = Debug|Any CPU
		{B5A74459-B7A1-4EF3-A323-3731F0217DE2}.Debug|x86.Build.0 = Debug|Any CPU
		{B5A74459-B7A1-4EF3-A323-3731F0217DE2}.Release|Any CPU.ActiveCfg = Release|Any CPU
		{B5A74459-B7A1-4EF3-A323-3731F0217DE2}.Release|Any CPU.Build.0 = Release|Any CPU
		{B5A74459-B7A1-4EF3-A323-3731F0217DE2}.Release|x64.ActiveCfg = Release|Any CPU
		{B5A74459-B7A1-4EF3-A323-3731F0217DE2}.Release|x64.Build.0 = Release|Any CPU
		{B5A74459-B7A1-4EF3-A323-3731F0217DE2}.Release|x86.ActiveCfg = Release|Any CPU
		{B5A74459-B7A1-4EF3-A323-3731F0217DE2}.Release|x86.Build.0 = Release|Any CPU
		{761C2C6D-788B-456D-89D5-63A78A38CBC6}.Debug|Any CPU.ActiveCfg = Debug|Any CPU
		{761C2C6D-788B-456D-89D5-63A78A38CBC6}.Debug|Any CPU.Build.0 = Debug|Any CPU
		{761C2C6D-788B-456D-89D5-63A78A38CBC6}.Debug|x64.ActiveCfg = Debug|Any CPU
		{761C2C6D-788B-456D-89D5-63A78A38CBC6}.Debug|x64.Build.0 = Debug|Any CPU
		{761C2C6D-788B-456D-89D5-63A78A38CBC6}.Debug|x86.ActiveCfg = Debug|Any CPU
		{761C2C6D-788B-456D-89D5-63A78A38CBC6}.Debug|x86.Build.0 = Debug|Any CPU
		{761C2C6D-788B-456D-89D5-63A78A38CBC6}.Release|Any CPU.ActiveCfg = Release|Any CPU
		{761C2C6D-788B-456D-89D5-63A78A38CBC6}.Release|Any CPU.Build.0 = Release|Any CPU
		{761C2C6D-788B-456D-89D5-63A78A38CBC6}.Release|x64.ActiveCfg = Release|Any CPU
		{761C2C6D-788B-456D-89D5-63A78A38CBC6}.Release|x64.Build.0 = Release|Any CPU
		{761C2C6D-788B-456D-89D5-63A78A38CBC6}.Release|x86.ActiveCfg = Release|Any CPU
		{761C2C6D-788B-456D-89D5-63A78A38CBC6}.Release|x86.Build.0 = Release|Any CPU
		{E9EAD307-347F-48E8-9A59-7D1B046A3D45}.Debug|Any CPU.ActiveCfg = Debug|Any CPU
		{E9EAD307-347F-48E8-9A59-7D1B046A3D45}.Debug|Any CPU.Build.0 = Debug|Any CPU
		{E9EAD307-347F-48E8-9A59-7D1B046A3D45}.Debug|x64.ActiveCfg = Debug|Any CPU
		{E9EAD307-347F-48E8-9A59-7D1B046A3D45}.Debug|x64.Build.0 = Debug|Any CPU
		{E9EAD307-347F-48E8-9A59-7D1B046A3D45}.Debug|x86.ActiveCfg = Debug|Any CPU
		{E9EAD307-347F-48E8-9A59-7D1B046A3D45}.Debug|x86.Build.0 = Debug|Any CPU
		{E9EAD307-347F-48E8-9A59-7D1B046A3D45}.Release|Any CPU.ActiveCfg = Release|Any CPU
		{E9EAD307-347F-48E8-9A59-7D1B046A3D45}.Release|Any CPU.Build.0 = Release|Any CPU
		{E9EAD307-347F-48E8-9A59-7D1B046A3D45}.Release|x64.ActiveCfg = Release|Any CPU
		{E9EAD307-347F-48E8-9A59-7D1B046A3D45}.Release|x64.Build.0 = Release|Any CPU
		{E9EAD307-347F-48E8-9A59-7D1B046A3D45}.Release|x86.ActiveCfg = Release|Any CPU
		{E9EAD307-347F-48E8-9A59-7D1B046A3D45}.Release|x86.Build.0 = Release|Any CPU
		{C16B5D6F-5DFE-4423-B641-36E41557B722}.Debug|Any CPU.ActiveCfg = Debug|Any CPU
		{C16B5D6F-5DFE-4423-B641-36E41557B722}.Debug|Any CPU.Build.0 = Debug|Any CPU
		{C16B5D6F-5DFE-4423-B641-36E41557B722}.Debug|x64.ActiveCfg = Debug|Any CPU
		{C16B5D6F-5DFE-4423-B641-36E41557B722}.Debug|x64.Build.0 = Debug|Any CPU
		{C16B5D6F-5DFE-4423-B641-36E41557B722}.Debug|x86.ActiveCfg = Debug|Any CPU
		{C16B5D6F-5DFE-4423-B641-36E41557B722}.Debug|x86.Build.0 = Debug|Any CPU
		{C16B5D6F-5DFE-4423-B641-36E41557B722}.Release|Any CPU.ActiveCfg = Release|Any CPU
		{C16B5D6F-5DFE-4423-B641-36E41557B722}.Release|Any CPU.Build.0 = Release|Any CPU
		{C16B5D6F-5DFE-4423-B641-36E41557B722}.Release|x64.ActiveCfg = Release|Any CPU
		{C16B5D6F-5DFE-4423-B641-36E41557B722}.Release|x64.Build.0 = Release|Any CPU
		{C16B5D6F-5DFE-4423-B641-36E41557B722}.Release|x86.ActiveCfg = Release|Any CPU
		{C16B5D6F-5DFE-4423-B641-36E41557B722}.Release|x86.Build.0 = Release|Any CPU
		{288EDCDC-2F81-4C50-BAE6-19C720A817B2}.Debug|Any CPU.ActiveCfg = Debug|Any CPU
		{288EDCDC-2F81-4C50-BAE6-19C720A817B2}.Debug|Any CPU.Build.0 = Debug|Any CPU
		{288EDCDC-2F81-4C50-BAE6-19C720A817B2}.Debug|x64.ActiveCfg = Debug|Any CPU
		{288EDCDC-2F81-4C50-BAE6-19C720A817B2}.Debug|x64.Build.0 = Debug|Any CPU
		{288EDCDC-2F81-4C50-BAE6-19C720A817B2}.Debug|x86.ActiveCfg = Debug|Any CPU
		{288EDCDC-2F81-4C50-BAE6-19C720A817B2}.Debug|x86.Build.0 = Debug|Any CPU
		{288EDCDC-2F81-4C50-BAE6-19C720A817B2}.Release|Any CPU.ActiveCfg = Release|Any CPU
		{288EDCDC-2F81-4C50-BAE6-19C720A817B2}.Release|Any CPU.Build.0 = Release|Any CPU
		{288EDCDC-2F81-4C50-BAE6-19C720A817B2}.Release|x64.ActiveCfg = Release|Any CPU
		{288EDCDC-2F81-4C50-BAE6-19C720A817B2}.Release|x64.Build.0 = Release|Any CPU
		{288EDCDC-2F81-4C50-BAE6-19C720A817B2}.Release|x86.ActiveCfg = Release|Any CPU
		{288EDCDC-2F81-4C50-BAE6-19C720A817B2}.Release|x86.Build.0 = Release|Any CPU
		{A4C8949D-5A1A-4C73-89E8-6874111351DE}.Debug|Any CPU.ActiveCfg = Debug|Any CPU
		{A4C8949D-5A1A-4C73-89E8-6874111351DE}.Debug|Any CPU.Build.0 = Debug|Any CPU
		{A4C8949D-5A1A-4C73-89E8-6874111351DE}.Debug|x64.ActiveCfg = Debug|Any CPU
		{A4C8949D-5A1A-4C73-89E8-6874111351DE}.Debug|x64.Build.0 = Debug|Any CPU
		{A4C8949D-5A1A-4C73-89E8-6874111351DE}.Debug|x86.ActiveCfg = Debug|Any CPU
		{A4C8949D-5A1A-4C73-89E8-6874111351DE}.Debug|x86.Build.0 = Debug|Any CPU
		{A4C8949D-5A1A-4C73-89E8-6874111351DE}.Release|Any CPU.ActiveCfg = Release|Any CPU
		{A4C8949D-5A1A-4C73-89E8-6874111351DE}.Release|Any CPU.Build.0 = Release|Any CPU
		{A4C8949D-5A1A-4C73-89E8-6874111351DE}.Release|x64.ActiveCfg = Release|Any CPU
		{A4C8949D-5A1A-4C73-89E8-6874111351DE}.Release|x64.Build.0 = Release|Any CPU
		{A4C8949D-5A1A-4C73-89E8-6874111351DE}.Release|x86.ActiveCfg = Release|Any CPU
		{A4C8949D-5A1A-4C73-89E8-6874111351DE}.Release|x86.Build.0 = Release|Any CPU
		{D396EC39-042A-4419-90F4-381887CB2004}.Debug|Any CPU.ActiveCfg = Debug|Any CPU
		{D396EC39-042A-4419-90F4-381887CB2004}.Debug|Any CPU.Build.0 = Debug|Any CPU
		{D396EC39-042A-4419-90F4-381887CB2004}.Debug|x64.ActiveCfg = Debug|Any CPU
		{D396EC39-042A-4419-90F4-381887CB2004}.Debug|x64.Build.0 = Debug|Any CPU
		{D396EC39-042A-4419-90F4-381887CB2004}.Debug|x86.ActiveCfg = Debug|Any CPU
		{D396EC39-042A-4419-90F4-381887CB2004}.Debug|x86.Build.0 = Debug|Any CPU
		{D396EC39-042A-4419-90F4-381887CB2004}.Release|Any CPU.ActiveCfg = Release|Any CPU
		{D396EC39-042A-4419-90F4-381887CB2004}.Release|Any CPU.Build.0 = Release|Any CPU
		{D396EC39-042A-4419-90F4-381887CB2004}.Release|x64.ActiveCfg = Release|Any CPU
		{D396EC39-042A-4419-90F4-381887CB2004}.Release|x64.Build.0 = Release|Any CPU
		{D396EC39-042A-4419-90F4-381887CB2004}.Release|x86.ActiveCfg = Release|Any CPU
		{D396EC39-042A-4419-90F4-381887CB2004}.Release|x86.Build.0 = Release|Any CPU
		{15EFB06A-9F6F-45F2-BA7E-74CB1FC6D019}.Debug|Any CPU.ActiveCfg = Debug|Any CPU
		{15EFB06A-9F6F-45F2-BA7E-74CB1FC6D019}.Debug|Any CPU.Build.0 = Debug|Any CPU
		{15EFB06A-9F6F-45F2-BA7E-74CB1FC6D019}.Debug|x64.ActiveCfg = Debug|Any CPU
		{15EFB06A-9F6F-45F2-BA7E-74CB1FC6D019}.Debug|x64.Build.0 = Debug|Any CPU
		{15EFB06A-9F6F-45F2-BA7E-74CB1FC6D019}.Debug|x86.ActiveCfg = Debug|Any CPU
		{15EFB06A-9F6F-45F2-BA7E-74CB1FC6D019}.Debug|x86.Build.0 = Debug|Any CPU
		{15EFB06A-9F6F-45F2-BA7E-74CB1FC6D019}.Release|Any CPU.ActiveCfg = Release|Any CPU
		{15EFB06A-9F6F-45F2-BA7E-74CB1FC6D019}.Release|Any CPU.Build.0 = Release|Any CPU
		{15EFB06A-9F6F-45F2-BA7E-74CB1FC6D019}.Release|x64.ActiveCfg = Release|Any CPU
		{15EFB06A-9F6F-45F2-BA7E-74CB1FC6D019}.Release|x64.Build.0 = Release|Any CPU
		{15EFB06A-9F6F-45F2-BA7E-74CB1FC6D019}.Release|x86.ActiveCfg = Release|Any CPU
		{15EFB06A-9F6F-45F2-BA7E-74CB1FC6D019}.Release|x86.Build.0 = Release|Any CPU
		{C94313B9-AC83-486D-818A-A74BFAAF31A7}.Debug|Any CPU.ActiveCfg = Debug|Any CPU
		{C94313B9-AC83-486D-818A-A74BFAAF31A7}.Debug|Any CPU.Build.0 = Debug|Any CPU
		{C94313B9-AC83-486D-818A-A74BFAAF31A7}.Debug|x64.ActiveCfg = Debug|Any CPU
		{C94313B9-AC83-486D-818A-A74BFAAF31A7}.Debug|x64.Build.0 = Debug|Any CPU
		{C94313B9-AC83-486D-818A-A74BFAAF31A7}.Debug|x86.ActiveCfg = Debug|Any CPU
		{C94313B9-AC83-486D-818A-A74BFAAF31A7}.Debug|x86.Build.0 = Debug|Any CPU
		{C94313B9-AC83-486D-818A-A74BFAAF31A7}.Release|Any CPU.ActiveCfg = Release|Any CPU
		{C94313B9-AC83-486D-818A-A74BFAAF31A7}.Release|Any CPU.Build.0 = Release|Any CPU
		{C94313B9-AC83-486D-818A-A74BFAAF31A7}.Release|x64.ActiveCfg = Release|Any CPU
		{C94313B9-AC83-486D-818A-A74BFAAF31A7}.Release|x64.Build.0 = Release|Any CPU
		{C94313B9-AC83-486D-818A-A74BFAAF31A7}.Release|x86.ActiveCfg = Release|Any CPU
		{C94313B9-AC83-486D-818A-A74BFAAF31A7}.Release|x86.Build.0 = Release|Any CPU
	EndGlobalSection
	GlobalSection(SolutionProperties) = preSolution
		HideSolutionNode = FALSE
	EndGlobalSection
EndGlobal
